// !$*UTF8*$!
{
	archiveVersion = 1;
	classes = {
	};
	objectVersion = 56;
	objects = {

/* Begin PBXBuildFile section */
		A81F21F42BDC1DB700A8A301 /* Course_AppApp.swift in Sources */ = {isa = PBXBuildFile; fileRef = A81F21F32BDC1DB700A8A301 /* Course_AppApp.swift */; };
		A81F21F82BDC1DB900A8A301 /* Images.xcassets in Resources */ = {isa = PBXBuildFile; fileRef = A81F21F72BDC1DB900A8A301 /* Images.xcassets */; };
		A81F21FB2BDC1DB900A8A301 /* Preview Assets.xcassets in Resources */ = {isa = PBXBuildFile; fileRef = A81F21FA2BDC1DB900A8A301 /* Preview Assets.xcassets */; };
		A845D9462BF365A60039AA1D /* HomeViewController.swift in Sources */ = {isa = PBXBuildFile; fileRef = A845D9442BF365A60039AA1D /* HomeViewController.swift */; };
		A845D94A2BF36F780039AA1D /* Colors.xcassets in Resources */ = {isa = PBXBuildFile; fileRef = A845D9492BF36F780039AA1D /* Colors.xcassets */; };
		A845D94C2BF3711D0039AA1D /* MockDataProvider.swift in Sources */ = {isa = PBXBuildFile; fileRef = A845D94B2BF3711D0039AA1D /* MockDataProvider.swift */; };
		A845D9532BF377250039AA1D /* ReusableIdentifier.swift in Sources */ = {isa = PBXBuildFile; fileRef = A845D9522BF377250039AA1D /* ReusableIdentifier.swift */; };
		A845D9552BF377A70039AA1D /* UICollectionView+ReusableIdentifier.swift in Sources */ = {isa = PBXBuildFile; fileRef = A845D9542BF377A70039AA1D /* UICollectionView+ReusableIdentifier.swift */; };
		A8830C1E2BED0315005CAFEA /* Course_App_UnitTests.swift in Sources */ = {isa = PBXBuildFile; fileRef = A8830C1D2BED0315005CAFEA /* Course_App_UnitTests.swift */; };
		A8830C2B2BED03BB005CAFEA /* Course_App_UITests.swift in Sources */ = {isa = PBXBuildFile; fileRef = A8830C2A2BED03BB005CAFEA /* Course_App_UITests.swift */; };
		A8830C2D2BED03BB005CAFEA /* Course_App_UITestsLaunchTests.swift in Sources */ = {isa = PBXBuildFile; fileRef = A8830C2C2BED03BB005CAFEA /* Course_App_UITestsLaunchTests.swift */; };
		A8830C402BED0EE0005CAFEA /* BuildConfiguration.swift in Sources */ = {isa = PBXBuildFile; fileRef = A8830C3F2BED0EE0005CAFEA /* BuildConfiguration.swift */; };
		A8830C482BEF80FA005CAFEA /* Poppins-Regular.ttf in Resources */ = {isa = PBXBuildFile; fileRef = A8830C452BEF80FA005CAFEA /* Poppins-Regular.ttf */; };
		A8830C492BEF80FA005CAFEA /* Poppins-Bold.ttf in Resources */ = {isa = PBXBuildFile; fileRef = A8830C462BEF80FA005CAFEA /* Poppins-Bold.ttf */; };
		A8830C4A2BEF80FA005CAFEA /* Poppins-MediumItalic.ttf in Resources */ = {isa = PBXBuildFile; fileRef = A8830C472BEF80FA005CAFEA /* Poppins-MediumItalic.ttf */; };
		A8830C4C2BEF84BC005CAFEA /* GoogleService-Info.plist in Resources */ = {isa = PBXBuildFile; fileRef = A8830C4B2BEF84BC005CAFEA /* GoogleService-Info.plist */; };
		A8830C4F2BEF8565005CAFEA /* FirebaseAuth in Frameworks */ = {isa = PBXBuildFile; productRef = A8830C4E2BEF8565005CAFEA /* FirebaseAuth */; };
		A8830C512BEF8565005CAFEA /* FirebaseFirestore in Frameworks */ = {isa = PBXBuildFile; productRef = A8830C502BEF8565005CAFEA /* FirebaseFirestore */; };
		F1076B532C00FE1000653A6E /* TextStyle.swift in Sources */ = {isa = PBXBuildFile; fileRef = F1076B522C00FE1000653A6E /* TextStyle.swift */; };
		F1076B562C00FE4A00653A6E /* TextType.swift in Sources */ = {isa = PBXBuildFile; fileRef = F1076B552C00FE4A00653A6E /* TextType.swift */; };
		F1076B582C00FF2400653A6E /* FontSize.swift in Sources */ = {isa = PBXBuildFile; fileRef = F1076B572C00FF2400653A6E /* FontSize.swift */; };
		F1076B5A2C00FF2F00653A6E /* FontType.swift in Sources */ = {isa = PBXBuildFile; fileRef = F1076B592C00FF2F00653A6E /* FontType.swift */; };
		F1076B5C2C00FF4100653A6E /* PaddingSize.swift in Sources */ = {isa = PBXBuildFile; fileRef = F1076B5B2C00FF4100653A6E /* PaddingSize.swift */; };
		F1076B5E2C00FF5200653A6E /* CornerRadiusSize.swift in Sources */ = {isa = PBXBuildFile; fileRef = F1076B5D2C00FF5200653A6E /* CornerRadiusSize.swift */; };
		F1076B612C00FF7500653A6E /* Font+AppFonts.swift in Sources */ = {isa = PBXBuildFile; fileRef = F1076B602C00FF7500653A6E /* Font+AppFonts.swift */; };
		F1076B632C00FF8500653A6E /* UIFont+AppFonts.swift in Sources */ = {isa = PBXBuildFile; fileRef = F1076B622C00FF8500653A6E /* UIFont+AppFonts.swift */; };
		F1076B652C01016B00653A6E /* UINavigationController+NavBarUI.swift in Sources */ = {isa = PBXBuildFile; fileRef = F1076B642C01016B00653A6E /* UINavigationController+NavBarUI.swift */; };
		F1076B672C0101A700653A6E /* CustomNavigationController.swift in Sources */ = {isa = PBXBuildFile; fileRef = F1076B662C0101A700653A6E /* CustomNavigationController.swift */; };
		F1076BB02C08FB5500653A6E /* Coordinator.swift in Sources */ = {isa = PBXBuildFile; fileRef = F1076BAF2C08FB5500653A6E /* Coordinator.swift */; };
		F1076BB22C08FC4700653A6E /* ViewControllerCoordinator.swift in Sources */ = {isa = PBXBuildFile; fileRef = F1076BB12C08FC4700653A6E /* ViewControllerCoordinator.swift */; };
		F1076BB42C08FC9800653A6E /* TabBarControllerCoordinator.swift in Sources */ = {isa = PBXBuildFile; fileRef = F1076BB32C08FC9800653A6E /* TabBarControllerCoordinator.swift */; };
		F1076BB62C08FCFE00653A6E /* NavigationControllerCoordinator.swift in Sources */ = {isa = PBXBuildFile; fileRef = F1076BB52C08FCFE00653A6E /* NavigationControllerCoordinator.swift */; };
		F190AB292BFDDBA5001AF32D /* SelectableButtonStyle.swift in Sources */ = {isa = PBXBuildFile; fileRef = F190AB282BFDDBA5001AF32D /* SelectableButtonStyle.swift */; };
		F190AB2E2BFDDDA1001AF32D /* BorderedModifier.swift in Sources */ = {isa = PBXBuildFile; fileRef = F190AB2D2BFDDDA1001AF32D /* BorderedModifier.swift */; };
		F190AB302BFDDEB7001AF32D /* Image+ResizableBordered.swift in Sources */ = {isa = PBXBuildFile; fileRef = F190AB2F2BFDDEB7001AF32D /* Image+ResizableBordered.swift */; };
		F190AB322BFDE22F001AF32D /* MainTabBarController.swift in Sources */ = {isa = PBXBuildFile; fileRef = F190AB312BFDE22F001AF32D /* MainTabBarController.swift */; };
		F190AB342BFDE2D0001AF32D /* SwipingView.swift in Sources */ = {isa = PBXBuildFile; fileRef = F190AB332BFDE2D0001AF32D /* SwipingView.swift */; };
		F190AB362BFDE300001AF32D /* SwipingCard.swift in Sources */ = {isa = PBXBuildFile; fileRef = F190AB352BFDE300001AF32D /* SwipingCard.swift */; };
		F190AB382BFDE372001AF32D /* ScratchView.swift in Sources */ = {isa = PBXBuildFile; fileRef = F190AB372BFDE372001AF32D /* ScratchView.swift */; };
/* End PBXBuildFile section */

/* Begin PBXContainerItemProxy section */
		A8830C1F2BED0315005CAFEA /* PBXContainerItemProxy */ = {
			isa = PBXContainerItemProxy;
			containerPortal = A81F21E82BDC1DB700A8A301 /* Project object */;
			proxyType = 1;
			remoteGlobalIDString = A81F21EF2BDC1DB700A8A301;
			remoteInfo = "Course App";
		};
		A8830C2E2BED03BB005CAFEA /* PBXContainerItemProxy */ = {
			isa = PBXContainerItemProxy;
			containerPortal = A81F21E82BDC1DB700A8A301 /* Project object */;
			proxyType = 1;
			remoteGlobalIDString = A81F21EF2BDC1DB700A8A301;
			remoteInfo = "Course App";
		};
/* End PBXContainerItemProxy section */

/* Begin PBXFileReference section */
		A81F21F02BDC1DB700A8A301 /* App Course Dev.app */ = {isa = PBXFileReference; explicitFileType = wrapper.application; includeInIndex = 0; path = "App Course Dev.app"; sourceTree = BUILT_PRODUCTS_DIR; };
		A81F21F32BDC1DB700A8A301 /* Course_AppApp.swift */ = {isa = PBXFileReference; lastKnownFileType = sourcecode.swift; path = Course_AppApp.swift; sourceTree = "<group>"; };
		A81F21F72BDC1DB900A8A301 /* Images.xcassets */ = {isa = PBXFileReference; lastKnownFileType = folder.assetcatalog; path = Images.xcassets; sourceTree = "<group>"; };
		A81F21FA2BDC1DB900A8A301 /* Preview Assets.xcassets */ = {isa = PBXFileReference; lastKnownFileType = folder.assetcatalog; path = "Preview Assets.xcassets"; sourceTree = "<group>"; };
		A845D9442BF365A60039AA1D /* HomeViewController.swift */ = {isa = PBXFileReference; lastKnownFileType = sourcecode.swift; path = HomeViewController.swift; sourceTree = "<group>"; };
		A845D9492BF36F780039AA1D /* Colors.xcassets */ = {isa = PBXFileReference; lastKnownFileType = folder.assetcatalog; path = Colors.xcassets; sourceTree = "<group>"; };
		A845D94B2BF3711D0039AA1D /* MockDataProvider.swift */ = {isa = PBXFileReference; lastKnownFileType = sourcecode.swift; path = MockDataProvider.swift; sourceTree = "<group>"; };
		A845D9522BF377250039AA1D /* ReusableIdentifier.swift */ = {isa = PBXFileReference; lastKnownFileType = sourcecode.swift; path = ReusableIdentifier.swift; sourceTree = "<group>"; };
		A845D9542BF377A70039AA1D /* UICollectionView+ReusableIdentifier.swift */ = {isa = PBXFileReference; lastKnownFileType = sourcecode.swift; path = "UICollectionView+ReusableIdentifier.swift"; sourceTree = "<group>"; };
		A8830C1B2BED0315005CAFEA /* Course App UnitTests.xctest */ = {isa = PBXFileReference; explicitFileType = wrapper.cfbundle; includeInIndex = 0; path = "Course App UnitTests.xctest"; sourceTree = BUILT_PRODUCTS_DIR; };
		A8830C1D2BED0315005CAFEA /* Course_App_UnitTests.swift */ = {isa = PBXFileReference; lastKnownFileType = sourcecode.swift; path = Course_App_UnitTests.swift; sourceTree = "<group>"; };
		A8830C282BED03BB005CAFEA /* Course App UITests.xctest */ = {isa = PBXFileReference; explicitFileType = wrapper.cfbundle; includeInIndex = 0; path = "Course App UITests.xctest"; sourceTree = BUILT_PRODUCTS_DIR; };
		A8830C2A2BED03BB005CAFEA /* Course_App_UITests.swift */ = {isa = PBXFileReference; lastKnownFileType = sourcecode.swift; path = Course_App_UITests.swift; sourceTree = "<group>"; };
		A8830C2C2BED03BB005CAFEA /* Course_App_UITestsLaunchTests.swift */ = {isa = PBXFileReference; lastKnownFileType = sourcecode.swift; path = Course_App_UITestsLaunchTests.swift; sourceTree = "<group>"; };
		A8830C332BED05F4005CAFEA /* Development.xcconfig */ = {isa = PBXFileReference; lastKnownFileType = text.xcconfig; path = Development.xcconfig; sourceTree = "<group>"; };
		A8830C352BED07EF005CAFEA /* Production.xcconfig */ = {isa = PBXFileReference; lastKnownFileType = text.xcconfig; path = Production.xcconfig; sourceTree = "<group>"; };
		A8830C3E2BED0E80005CAFEA /* Course-App-Info.plist */ = {isa = PBXFileReference; lastKnownFileType = text.plist; path = "Course-App-Info.plist"; sourceTree = SOURCE_ROOT; };
		A8830C3F2BED0EE0005CAFEA /* BuildConfiguration.swift */ = {isa = PBXFileReference; lastKnownFileType = sourcecode.swift; path = BuildConfiguration.swift; sourceTree = "<group>"; };
		A8830C452BEF80FA005CAFEA /* Poppins-Regular.ttf */ = {isa = PBXFileReference; lastKnownFileType = file; path = "Poppins-Regular.ttf"; sourceTree = "<group>"; };
		A8830C462BEF80FA005CAFEA /* Poppins-Bold.ttf */ = {isa = PBXFileReference; lastKnownFileType = file; path = "Poppins-Bold.ttf"; sourceTree = "<group>"; };
		A8830C472BEF80FA005CAFEA /* Poppins-MediumItalic.ttf */ = {isa = PBXFileReference; lastKnownFileType = file; path = "Poppins-MediumItalic.ttf"; sourceTree = "<group>"; };
		A8830C4B2BEF84BC005CAFEA /* GoogleService-Info.plist */ = {isa = PBXFileReference; fileEncoding = 4; lastKnownFileType = text.plist.xml; path = "GoogleService-Info.plist"; sourceTree = "<group>"; };
		F1076B522C00FE1000653A6E /* TextStyle.swift */ = {isa = PBXFileReference; lastKnownFileType = sourcecode.swift; path = TextStyle.swift; sourceTree = "<group>"; };
		F1076B552C00FE4A00653A6E /* TextType.swift */ = {isa = PBXFileReference; lastKnownFileType = sourcecode.swift; path = TextType.swift; sourceTree = "<group>"; };
		F1076B572C00FF2400653A6E /* FontSize.swift */ = {isa = PBXFileReference; lastKnownFileType = sourcecode.swift; path = FontSize.swift; sourceTree = "<group>"; };
		F1076B592C00FF2F00653A6E /* FontType.swift */ = {isa = PBXFileReference; lastKnownFileType = sourcecode.swift; path = FontType.swift; sourceTree = "<group>"; };
		F1076B5B2C00FF4100653A6E /* PaddingSize.swift */ = {isa = PBXFileReference; lastKnownFileType = sourcecode.swift; path = PaddingSize.swift; sourceTree = "<group>"; };
		F1076B5D2C00FF5200653A6E /* CornerRadiusSize.swift */ = {isa = PBXFileReference; lastKnownFileType = sourcecode.swift; path = CornerRadiusSize.swift; sourceTree = "<group>"; };
		F1076B602C00FF7500653A6E /* Font+AppFonts.swift */ = {isa = PBXFileReference; lastKnownFileType = sourcecode.swift; path = "Font+AppFonts.swift"; sourceTree = "<group>"; };
		F1076B622C00FF8500653A6E /* UIFont+AppFonts.swift */ = {isa = PBXFileReference; lastKnownFileType = sourcecode.swift; path = "UIFont+AppFonts.swift"; sourceTree = "<group>"; };
		F1076B642C01016B00653A6E /* UINavigationController+NavBarUI.swift */ = {isa = PBXFileReference; lastKnownFileType = sourcecode.swift; path = "UINavigationController+NavBarUI.swift"; sourceTree = "<group>"; };
		F1076B662C0101A700653A6E /* CustomNavigationController.swift */ = {isa = PBXFileReference; lastKnownFileType = sourcecode.swift; path = CustomNavigationController.swift; sourceTree = "<group>"; };
		F1076BAF2C08FB5500653A6E /* Coordinator.swift */ = {isa = PBXFileReference; lastKnownFileType = sourcecode.swift; path = Coordinator.swift; sourceTree = "<group>"; };
		F1076BB12C08FC4700653A6E /* ViewControllerCoordinator.swift */ = {isa = PBXFileReference; lastKnownFileType = sourcecode.swift; path = ViewControllerCoordinator.swift; sourceTree = "<group>"; };
		F1076BB32C08FC9800653A6E /* TabBarControllerCoordinator.swift */ = {isa = PBXFileReference; lastKnownFileType = sourcecode.swift; path = TabBarControllerCoordinator.swift; sourceTree = "<group>"; };
		F1076BB52C08FCFE00653A6E /* NavigationControllerCoordinator.swift */ = {isa = PBXFileReference; lastKnownFileType = sourcecode.swift; path = NavigationControllerCoordinator.swift; sourceTree = "<group>"; };
		F190AB282BFDDBA5001AF32D /* SelectableButtonStyle.swift */ = {isa = PBXFileReference; lastKnownFileType = sourcecode.swift; path = SelectableButtonStyle.swift; sourceTree = "<group>"; };
		F190AB2D2BFDDDA1001AF32D /* BorderedModifier.swift */ = {isa = PBXFileReference; lastKnownFileType = sourcecode.swift; path = BorderedModifier.swift; sourceTree = "<group>"; };
		F190AB2F2BFDDEB7001AF32D /* Image+ResizableBordered.swift */ = {isa = PBXFileReference; lastKnownFileType = sourcecode.swift; path = "Image+ResizableBordered.swift"; sourceTree = "<group>"; };
		F190AB312BFDE22F001AF32D /* MainTabBarController.swift */ = {isa = PBXFileReference; lastKnownFileType = sourcecode.swift; path = MainTabBarController.swift; sourceTree = "<group>"; };
		F190AB332BFDE2D0001AF32D /* SwipingView.swift */ = {isa = PBXFileReference; lastKnownFileType = sourcecode.swift; path = SwipingView.swift; sourceTree = "<group>"; };
		F190AB352BFDE300001AF32D /* SwipingCard.swift */ = {isa = PBXFileReference; lastKnownFileType = sourcecode.swift; path = SwipingCard.swift; sourceTree = "<group>"; };
		F190AB372BFDE372001AF32D /* ScratchView.swift */ = {isa = PBXFileReference; lastKnownFileType = sourcecode.swift; path = ScratchView.swift; sourceTree = "<group>"; };
/* End PBXFileReference section */

/* Begin PBXFrameworksBuildPhase section */
		A81F21ED2BDC1DB700A8A301 /* Frameworks */ = {
			isa = PBXFrameworksBuildPhase;
			buildActionMask = 2147483647;
			files = (
				A8830C4F2BEF8565005CAFEA /* FirebaseAuth in Frameworks */,
				A8830C512BEF8565005CAFEA /* FirebaseFirestore in Frameworks */,
			);
			runOnlyForDeploymentPostprocessing = 0;
		};
		A8830C182BED0315005CAFEA /* Frameworks */ = {
			isa = PBXFrameworksBuildPhase;
			buildActionMask = 2147483647;
			files = (
			);
			runOnlyForDeploymentPostprocessing = 0;
		};
		A8830C252BED03BB005CAFEA /* Frameworks */ = {
			isa = PBXFrameworksBuildPhase;
			buildActionMask = 2147483647;
			files = (
			);
			runOnlyForDeploymentPostprocessing = 0;
		};
/* End PBXFrameworksBuildPhase section */

/* Begin PBXGroup section */
		A81F21E72BDC1DB700A8A301 = {
			isa = PBXGroup;
			children = (
				A8830C342BED05FC005CAFEA /* Configurations */,
				A81F21F22BDC1DB700A8A301 /* Course App */,
				A8830C1C2BED0315005CAFEA /* Course App UnitTests */,
				A8830C292BED03BB005CAFEA /* Course App UITests */,
				A81F21F12BDC1DB700A8A301 /* Products */,
			);
			sourceTree = "<group>";
		};
		A81F21F12BDC1DB700A8A301 /* Products */ = {
			isa = PBXGroup;
			children = (
				A81F21F02BDC1DB700A8A301 /* App Course Dev.app */,
				A8830C1B2BED0315005CAFEA /* Course App UnitTests.xctest */,
				A8830C282BED03BB005CAFEA /* Course App UITests.xctest */,
			);
			name = Products;
			sourceTree = "<group>";
		};
		A81F21F22BDC1DB700A8A301 /* Course App */ = {
			isa = PBXGroup;
			children = (
				A8830C3E2BED0E80005CAFEA /* Course-App-Info.plist */,
				F1076B682C0101C300653A6E /* App */,
				A845D9502BF376860039AA1D /* Common */,
				A845D9482BF36F070039AA1D /* DataAPI */,
				A81F21F92BDC1DB900A8A301 /* Preview Content */,
				F1076B692C01023700653A6E /* Scenes */,
				F190AB262BFDDB68001AF32D /* SharedUI */,
			);
			path = "Course App";
			sourceTree = "<group>";
		};
		A81F21F92BDC1DB900A8A301 /* Preview Content */ = {
			isa = PBXGroup;
			children = (
				A81F21FA2BDC1DB900A8A301 /* Preview Assets.xcassets */,
			);
			path = "Preview Content";
			sourceTree = "<group>";
		};
		A845D9402BF364410039AA1D /* Resources */ = {
			isa = PBXGroup;
			children = (
				A845D9492BF36F780039AA1D /* Colors.xcassets */,
				A81F21F72BDC1DB900A8A301 /* Images.xcassets */,
				A8830C592BEF8AF2005CAFEA /* Fonts */,
			);
			path = Resources;
			sourceTree = "<group>";
		};
		A845D9412BF364450039AA1D /* Views */ = {
			isa = PBXGroup;
			children = (
				A845D9432BF3644B0039AA1D /* SwiftUI */,
				A845D9422BF364480039AA1D /* UIKit */,
			);
			path = Views;
			sourceTree = "<group>";
		};
		A845D9422BF364480039AA1D /* UIKit */ = {
			isa = PBXGroup;
			children = (
				F1076B662C0101A700653A6E /* CustomNavigationController.swift */,
			);
			path = UIKit;
			sourceTree = "<group>";
		};
		A845D9432BF3644B0039AA1D /* SwiftUI */ = {
			isa = PBXGroup;
			children = (
				F190AB352BFDE300001AF32D /* SwipingCard.swift */,
				F190AB372BFDE372001AF32D /* ScratchView.swift */,
			);
			path = SwiftUI;
			sourceTree = "<group>";
		};
		A845D9482BF36F070039AA1D /* DataAPI */ = {
			isa = PBXGroup;
			children = (
				A845D94B2BF3711D0039AA1D /* MockDataProvider.swift */,
			);
			path = DataAPI;
			sourceTree = "<group>";
		};
		A845D9502BF376860039AA1D /* Common */ = {
			isa = PBXGroup;
			children = (
				F1076BAE2C08FB4B00653A6E /* Navigation */,
				F1076B6E2C0102B000653A6E /* Extensions */,
				F1076B6D2C0102A700653A6E /* Protocols */,
			);
			path = Common;
			sourceTree = "<group>";
		};
		A8830C1C2BED0315005CAFEA /* Course App UnitTests */ = {
			isa = PBXGroup;
			children = (
				A8830C1D2BED0315005CAFEA /* Course_App_UnitTests.swift */,
			);
			path = "Course App UnitTests";
			sourceTree = "<group>";
		};
		A8830C292BED03BB005CAFEA /* Course App UITests */ = {
			isa = PBXGroup;
			children = (
				A8830C2A2BED03BB005CAFEA /* Course_App_UITests.swift */,
				A8830C2C2BED03BB005CAFEA /* Course_App_UITestsLaunchTests.swift */,
			);
			path = "Course App UITests";
			sourceTree = "<group>";
		};
		A8830C342BED05FC005CAFEA /* Configurations */ = {
			isa = PBXGroup;
			children = (
				A8830C332BED05F4005CAFEA /* Development.xcconfig */,
				A8830C352BED07EF005CAFEA /* Production.xcconfig */,
			);
			path = Configurations;
			sourceTree = "<group>";
		};
		A8830C592BEF8AF2005CAFEA /* Fonts */ = {
			isa = PBXGroup;
			children = (
				A8830C462BEF80FA005CAFEA /* Poppins-Bold.ttf */,
				A8830C472BEF80FA005CAFEA /* Poppins-MediumItalic.ttf */,
				A8830C452BEF80FA005CAFEA /* Poppins-Regular.ttf */,
			);
			path = Fonts;
			sourceTree = "<group>";
		};
		F1076B542C00FE4000653A6E /* DesignSystem */ = {
			isa = PBXGroup;
			children = (
				F1076B5D2C00FF5200653A6E /* CornerRadiusSize.swift */,
				F1076B572C00FF2400653A6E /* FontSize.swift */,
				F1076B592C00FF2F00653A6E /* FontType.swift */,
				F1076B5B2C00FF4100653A6E /* PaddingSize.swift */,
				F1076B552C00FE4A00653A6E /* TextType.swift */,
			);
			path = DesignSystem;
			sourceTree = "<group>";
		};
		F1076B5F2C00FF6600653A6E /* Extensions */ = {
			isa = PBXGroup;
			children = (
				F1076B602C00FF7500653A6E /* Font+AppFonts.swift */,
				F1076B622C00FF8500653A6E /* UIFont+AppFonts.swift */,
				F1076B642C01016B00653A6E /* UINavigationController+NavBarUI.swift */,
			);
			path = Extensions;
			sourceTree = "<group>";
		};
		F1076B682C0101C300653A6E /* App */ = {
			isa = PBXGroup;
			children = (
				A8830C3F2BED0EE0005CAFEA /* BuildConfiguration.swift */,
				A81F21F32BDC1DB700A8A301 /* Course_AppApp.swift */,
				A8830C4B2BEF84BC005CAFEA /* GoogleService-Info.plist */,
				A845D9402BF364410039AA1D /* Resources */,
			);
			path = App;
			sourceTree = "<group>";
		};
		F1076B692C01023700653A6E /* Scenes */ = {
			isa = PBXGroup;
			children = (
				F1076B6A2C01023D00653A6E /* Categories */,
				F1076B6C2C01024900653A6E /* MainTabBarController */,
				F1076B6B2C01024200653A6E /* SwipingView */,
			);
			path = Scenes;
			sourceTree = "<group>";
		};
		F1076B6A2C01023D00653A6E /* Categories */ = {
			isa = PBXGroup;
			children = (
				A845D9442BF365A60039AA1D /* HomeViewController.swift */,
			);
			path = Categories;
			sourceTree = "<group>";
		};
		F1076B6B2C01024200653A6E /* SwipingView */ = {
			isa = PBXGroup;
			children = (
				F190AB332BFDE2D0001AF32D /* SwipingView.swift */,
			);
			path = SwipingView;
			sourceTree = "<group>";
		};
		F1076B6C2C01024900653A6E /* MainTabBarController */ = {
			isa = PBXGroup;
			children = (
				F190AB312BFDE22F001AF32D /* MainTabBarController.swift */,
			);
			path = MainTabBarController;
			sourceTree = "<group>";
		};
		F1076B6D2C0102A700653A6E /* Protocols */ = {
			isa = PBXGroup;
			children = (
				A845D9522BF377250039AA1D /* ReusableIdentifier.swift */,
			);
			path = Protocols;
			sourceTree = "<group>";
		};
		F1076B6E2C0102B000653A6E /* Extensions */ = {
			isa = PBXGroup;
			children = (
				A845D9542BF377A70039AA1D /* UICollectionView+ReusableIdentifier.swift */,
			);
			path = Extensions;
			sourceTree = "<group>";
		};
		F1076BAE2C08FB4B00653A6E /* Navigation */ = {
			isa = PBXGroup;
			children = (
				F1076BAF2C08FB5500653A6E /* Coordinator.swift */,
				F1076BB12C08FC4700653A6E /* ViewControllerCoordinator.swift */,
				F1076BB32C08FC9800653A6E /* TabBarControllerCoordinator.swift */,
				F1076BB52C08FCFE00653A6E /* NavigationControllerCoordinator.swift */,
			);
			path = Navigation;
			sourceTree = "<group>";
		};
		F190AB262BFDDB68001AF32D /* SharedUI */ = {
			isa = PBXGroup;
			children = (
				F1076B542C00FE4000653A6E /* DesignSystem */,
				F1076B5F2C00FF6600653A6E /* Extensions */,
				F190AB272BFDDB89001AF32D /* Styles */,
				F190AB2C2BFDDD87001AF32D /* ViewModifiers */,
				A845D9412BF364450039AA1D /* Views */,
			);
			path = SharedUI;
			sourceTree = "<group>";
		};
		F190AB272BFDDB89001AF32D /* Styles */ = {
			isa = PBXGroup;
			children = (
				F190AB282BFDDBA5001AF32D /* SelectableButtonStyle.swift */,
			);
			path = Styles;
			sourceTree = "<group>";
		};
		F190AB2C2BFDDD87001AF32D /* ViewModifiers */ = {
			isa = PBXGroup;
			children = (
				F190AB2D2BFDDDA1001AF32D /* BorderedModifier.swift */,
				F190AB2F2BFDDEB7001AF32D /* Image+ResizableBordered.swift */,
				F1076B522C00FE1000653A6E /* TextStyle.swift */,
			);
			path = ViewModifiers;
			sourceTree = "<group>";
		};
/* End PBXGroup section */

/* Begin PBXNativeTarget section */
		A81F21EF2BDC1DB700A8A301 /* Course App */ = {
			isa = PBXNativeTarget;
			buildConfigurationList = A81F21FE2BDC1DB900A8A301 /* Build configuration list for PBXNativeTarget "Course App" */;
			buildPhases = (
				A81F21EC2BDC1DB700A8A301 /* Sources */,
				A81F21ED2BDC1DB700A8A301 /* Frameworks */,
				A81F21EE2BDC1DB700A8A301 /* Resources */,
			);
			buildRules = (
			);
			dependencies = (
				A8830C442BEF7B7E005CAFEA /* PBXTargetDependency */,
			);
			name = "Course App";
			packageProductDependencies = (
				A8830C4E2BEF8565005CAFEA /* FirebaseAuth */,
				A8830C502BEF8565005CAFEA /* FirebaseFirestore */,
			);
			productName = "Course App";
			productReference = A81F21F02BDC1DB700A8A301 /* App Course Dev.app */;
			productType = "com.apple.product-type.application";
		};
		A8830C1A2BED0315005CAFEA /* Course App UnitTests */ = {
			isa = PBXNativeTarget;
			buildConfigurationList = A8830C212BED0315005CAFEA /* Build configuration list for PBXNativeTarget "Course App UnitTests" */;
			buildPhases = (
				A8830C172BED0315005CAFEA /* Sources */,
				A8830C182BED0315005CAFEA /* Frameworks */,
				A8830C192BED0315005CAFEA /* Resources */,
			);
			buildRules = (
			);
			dependencies = (
				A8830C202BED0315005CAFEA /* PBXTargetDependency */,
			);
			name = "Course App UnitTests";
			productName = "Course App UnitTests";
			productReference = A8830C1B2BED0315005CAFEA /* Course App UnitTests.xctest */;
			productType = "com.apple.product-type.bundle.unit-test";
		};
		A8830C272BED03BB005CAFEA /* Course App UITests */ = {
			isa = PBXNativeTarget;
			buildConfigurationList = A8830C302BED03BB005CAFEA /* Build configuration list for PBXNativeTarget "Course App UITests" */;
			buildPhases = (
				A8830C242BED03BB005CAFEA /* Sources */,
				A8830C252BED03BB005CAFEA /* Frameworks */,
				A8830C262BED03BB005CAFEA /* Resources */,
			);
			buildRules = (
			);
			dependencies = (
				A8830C2F2BED03BB005CAFEA /* PBXTargetDependency */,
			);
			name = "Course App UITests";
			productName = "Course App UITests";
			productReference = A8830C282BED03BB005CAFEA /* Course App UITests.xctest */;
			productType = "com.apple.product-type.bundle.ui-testing";
		};
/* End PBXNativeTarget section */

/* Begin PBXProject section */
		A81F21E82BDC1DB700A8A301 /* Project object */ = {
			isa = PBXProject;
			attributes = {
				BuildIndependentTargetsInParallel = 1;
				LastSwiftUpdateCheck = 1530;
				LastUpgradeCheck = 1540;
				TargetAttributes = {
					A81F21EF2BDC1DB700A8A301 = {
						CreatedOnToolsVersion = 15.3;
					};
					A8830C1A2BED0315005CAFEA = {
						CreatedOnToolsVersion = 15.3;
						TestTargetID = A81F21EF2BDC1DB700A8A301;
					};
					A8830C272BED03BB005CAFEA = {
						CreatedOnToolsVersion = 15.3;
						TestTargetID = A81F21EF2BDC1DB700A8A301;
					};
				};
			};
			buildConfigurationList = A81F21EB2BDC1DB700A8A301 /* Build configuration list for PBXProject "Course App" */;
			compatibilityVersion = "Xcode 14.0";
			developmentRegion = en;
			hasScannedForEncodings = 0;
			knownRegions = (
				en,
				Base,
			);
			mainGroup = A81F21E72BDC1DB700A8A301;
			packageReferences = (
				A8830C422BEF7B17005CAFEA /* XCRemoteSwiftPackageReference "SwiftLint" */,
				A8830C4D2BEF8565005CAFEA /* XCRemoteSwiftPackageReference "firebase-ios-sdk" */,
			);
			productRefGroup = A81F21F12BDC1DB700A8A301 /* Products */;
			projectDirPath = "";
			projectRoot = "";
			targets = (
				A81F21EF2BDC1DB700A8A301 /* Course App */,
				A8830C1A2BED0315005CAFEA /* Course App UnitTests */,
				A8830C272BED03BB005CAFEA /* Course App UITests */,
			);
		};
/* End PBXProject section */

/* Begin PBXResourcesBuildPhase section */
		A81F21EE2BDC1DB700A8A301 /* Resources */ = {
			isa = PBXResourcesBuildPhase;
			buildActionMask = 2147483647;
			files = (
				A8830C482BEF80FA005CAFEA /* Poppins-Regular.ttf in Resources */,
				A81F21FB2BDC1DB900A8A301 /* Preview Assets.xcassets in Resources */,
				A81F21F82BDC1DB900A8A301 /* Images.xcassets in Resources */,
				A8830C492BEF80FA005CAFEA /* Poppins-Bold.ttf in Resources */,
				A8830C4A2BEF80FA005CAFEA /* Poppins-MediumItalic.ttf in Resources */,
				A845D94A2BF36F780039AA1D /* Colors.xcassets in Resources */,
				A8830C4C2BEF84BC005CAFEA /* GoogleService-Info.plist in Resources */,
			);
			runOnlyForDeploymentPostprocessing = 0;
		};
		A8830C192BED0315005CAFEA /* Resources */ = {
			isa = PBXResourcesBuildPhase;
			buildActionMask = 2147483647;
			files = (
			);
			runOnlyForDeploymentPostprocessing = 0;
		};
		A8830C262BED03BB005CAFEA /* Resources */ = {
			isa = PBXResourcesBuildPhase;
			buildActionMask = 2147483647;
			files = (
			);
			runOnlyForDeploymentPostprocessing = 0;
		};
/* End PBXResourcesBuildPhase section */

/* Begin PBXSourcesBuildPhase section */
		A81F21EC2BDC1DB700A8A301 /* Sources */ = {
			isa = PBXSourcesBuildPhase;
			buildActionMask = 2147483647;
			files = (
				F1076BB42C08FC9800653A6E /* TabBarControllerCoordinator.swift in Sources */,
				F190AB362BFDE300001AF32D /* SwipingCard.swift in Sources */,
				F1076B582C00FF2400653A6E /* FontSize.swift in Sources */,
				F1076B532C00FE1000653A6E /* TextStyle.swift in Sources */,
				F1076B632C00FF8500653A6E /* UIFont+AppFonts.swift in Sources */,
				A845D9532BF377250039AA1D /* ReusableIdentifier.swift in Sources */,
				F1076BB22C08FC4700653A6E /* ViewControllerCoordinator.swift in Sources */,
				F1076B562C00FE4A00653A6E /* TextType.swift in Sources */,
				F190AB322BFDE22F001AF32D /* MainTabBarController.swift in Sources */,
				F1076B5C2C00FF4100653A6E /* PaddingSize.swift in Sources */,
				F1076BB02C08FB5500653A6E /* Coordinator.swift in Sources */,
				F1076B5E2C00FF5200653A6E /* CornerRadiusSize.swift in Sources */,
				A8830C402BED0EE0005CAFEA /* BuildConfiguration.swift in Sources */,
				A845D9552BF377A70039AA1D /* UICollectionView+ReusableIdentifier.swift in Sources */,
				F190AB292BFDDBA5001AF32D /* SelectableButtonStyle.swift in Sources */,
				F1076B612C00FF7500653A6E /* Font+AppFonts.swift in Sources */,
				A845D94C2BF3711D0039AA1D /* MockDataProvider.swift in Sources */,
				F190AB342BFDE2D0001AF32D /* SwipingView.swift in Sources */,
				F1076BB62C08FCFE00653A6E /* NavigationControllerCoordinator.swift in Sources */,
				F1076B672C0101A700653A6E /* CustomNavigationController.swift in Sources */,
				F190AB2E2BFDDDA1001AF32D /* BorderedModifier.swift in Sources */,
				F1076B5A2C00FF2F00653A6E /* FontType.swift in Sources */,
				F190AB382BFDE372001AF32D /* ScratchView.swift in Sources */,
				F190AB302BFDDEB7001AF32D /* Image+ResizableBordered.swift in Sources */,
				F1076B652C01016B00653A6E /* UINavigationController+NavBarUI.swift in Sources */,
				A81F21F42BDC1DB700A8A301 /* Course_AppApp.swift in Sources */,
				A845D9462BF365A60039AA1D /* HomeViewController.swift in Sources */,
			);
			runOnlyForDeploymentPostprocessing = 0;
		};
		A8830C172BED0315005CAFEA /* Sources */ = {
			isa = PBXSourcesBuildPhase;
			buildActionMask = 2147483647;
			files = (
				A8830C1E2BED0315005CAFEA /* Course_App_UnitTests.swift in Sources */,
			);
			runOnlyForDeploymentPostprocessing = 0;
		};
		A8830C242BED03BB005CAFEA /* Sources */ = {
			isa = PBXSourcesBuildPhase;
			buildActionMask = 2147483647;
			files = (
				A8830C2B2BED03BB005CAFEA /* Course_App_UITests.swift in Sources */,
				A8830C2D2BED03BB005CAFEA /* Course_App_UITestsLaunchTests.swift in Sources */,
			);
			runOnlyForDeploymentPostprocessing = 0;
		};
/* End PBXSourcesBuildPhase section */

/* Begin PBXTargetDependency section */
		A8830C202BED0315005CAFEA /* PBXTargetDependency */ = {
			isa = PBXTargetDependency;
			target = A81F21EF2BDC1DB700A8A301 /* Course App */;
			targetProxy = A8830C1F2BED0315005CAFEA /* PBXContainerItemProxy */;
		};
		A8830C2F2BED03BB005CAFEA /* PBXTargetDependency */ = {
			isa = PBXTargetDependency;
			target = A81F21EF2BDC1DB700A8A301 /* Course App */;
			targetProxy = A8830C2E2BED03BB005CAFEA /* PBXContainerItemProxy */;
		};
		A8830C442BEF7B7E005CAFEA /* PBXTargetDependency */ = {
			isa = PBXTargetDependency;
			productRef = A8830C432BEF7B7E005CAFEA /* SwiftLintPlugin */;
		};
/* End PBXTargetDependency section */

/* Begin XCBuildConfiguration section */
		A81F21FC2BDC1DB900A8A301 /* Development - Debug */ = {
			isa = XCBuildConfiguration;
			baseConfigurationReference = A8830C332BED05F4005CAFEA /* Development.xcconfig */;
			buildSettings = {
				ALWAYS_SEARCH_USER_PATHS = NO;
				ASSETCATALOG_COMPILER_GENERATE_SWIFT_ASSET_SYMBOL_EXTENSIONS = YES;
				CLANG_ANALYZER_NONNULL = YES;
				CLANG_ANALYZER_NUMBER_OBJECT_CONVERSION = YES_AGGRESSIVE;
				CLANG_CXX_LANGUAGE_STANDARD = "gnu++20";
				CLANG_ENABLE_MODULES = YES;
				CLANG_ENABLE_OBJC_ARC = YES;
				CLANG_ENABLE_OBJC_WEAK = YES;
				CLANG_WARN_BLOCK_CAPTURE_AUTORELEASING = YES;
				CLANG_WARN_BOOL_CONVERSION = YES;
				CLANG_WARN_COMMA = YES;
				CLANG_WARN_CONSTANT_CONVERSION = YES;
				CLANG_WARN_DEPRECATED_OBJC_IMPLEMENTATIONS = YES;
				CLANG_WARN_DIRECT_OBJC_ISA_USAGE = YES_ERROR;
				CLANG_WARN_DOCUMENTATION_COMMENTS = YES;
				CLANG_WARN_EMPTY_BODY = YES;
				CLANG_WARN_ENUM_CONVERSION = YES;
				CLANG_WARN_INFINITE_RECURSION = YES;
				CLANG_WARN_INT_CONVERSION = YES;
				CLANG_WARN_NON_LITERAL_NULL_CONVERSION = YES;
				CLANG_WARN_OBJC_IMPLICIT_RETAIN_SELF = YES;
				CLANG_WARN_OBJC_LITERAL_CONVERSION = YES;
				CLANG_WARN_OBJC_ROOT_CLASS = YES_ERROR;
				CLANG_WARN_QUOTED_INCLUDE_IN_FRAMEWORK_HEADER = YES;
				CLANG_WARN_RANGE_LOOP_ANALYSIS = YES;
				CLANG_WARN_STRICT_PROTOTYPES = YES;
				CLANG_WARN_SUSPICIOUS_MOVE = YES;
				CLANG_WARN_UNGUARDED_AVAILABILITY = YES_AGGRESSIVE;
				CLANG_WARN_UNREACHABLE_CODE = YES;
				CLANG_WARN__DUPLICATE_METHOD_MATCH = YES;
				COPY_PHASE_STRIP = NO;
				DEBUG_INFORMATION_FORMAT = dwarf;
				ENABLE_STRICT_OBJC_MSGSEND = YES;
				ENABLE_TESTABILITY = YES;
				ENABLE_USER_SCRIPT_SANDBOXING = YES;
				GCC_C_LANGUAGE_STANDARD = gnu17;
				GCC_DYNAMIC_NO_PIC = NO;
				GCC_NO_COMMON_BLOCKS = YES;
				GCC_OPTIMIZATION_LEVEL = 0;
				GCC_PREPROCESSOR_DEFINITIONS = (
					"DEBUG=1",
					"$(inherited)",
				);
				GCC_WARN_64_TO_32_BIT_CONVERSION = YES;
				GCC_WARN_ABOUT_RETURN_TYPE = YES_ERROR;
				GCC_WARN_UNDECLARED_SELECTOR = YES;
				GCC_WARN_UNINITIALIZED_AUTOS = YES_AGGRESSIVE;
				GCC_WARN_UNUSED_FUNCTION = YES;
				GCC_WARN_UNUSED_VARIABLE = YES;
				IPHONEOS_DEPLOYMENT_TARGET = 17.4;
				LOCALIZATION_PREFERS_STRING_CATALOGS = YES;
				MTL_ENABLE_DEBUG_INFO = INCLUDE_SOURCE;
				MTL_FAST_MATH = YES;
				ONLY_ACTIVE_ARCH = YES;
				SDKROOT = iphoneos;
				SWIFT_ACTIVE_COMPILATION_CONDITIONS = "DEBUG $(inherited)";
				SWIFT_OPTIMIZATION_LEVEL = "-Onone";
			};
			name = "Development - Debug";
		};
		A81F21FD2BDC1DB900A8A301 /* Development - Release */ = {
			isa = XCBuildConfiguration;
			baseConfigurationReference = A8830C332BED05F4005CAFEA /* Development.xcconfig */;
			buildSettings = {
				ALWAYS_SEARCH_USER_PATHS = NO;
				ASSETCATALOG_COMPILER_GENERATE_SWIFT_ASSET_SYMBOL_EXTENSIONS = YES;
				CLANG_ANALYZER_NONNULL = YES;
				CLANG_ANALYZER_NUMBER_OBJECT_CONVERSION = YES_AGGRESSIVE;
				CLANG_CXX_LANGUAGE_STANDARD = "gnu++20";
				CLANG_ENABLE_MODULES = YES;
				CLANG_ENABLE_OBJC_ARC = YES;
				CLANG_ENABLE_OBJC_WEAK = YES;
				CLANG_WARN_BLOCK_CAPTURE_AUTORELEASING = YES;
				CLANG_WARN_BOOL_CONVERSION = YES;
				CLANG_WARN_COMMA = YES;
				CLANG_WARN_CONSTANT_CONVERSION = YES;
				CLANG_WARN_DEPRECATED_OBJC_IMPLEMENTATIONS = YES;
				CLANG_WARN_DIRECT_OBJC_ISA_USAGE = YES_ERROR;
				CLANG_WARN_DOCUMENTATION_COMMENTS = YES;
				CLANG_WARN_EMPTY_BODY = YES;
				CLANG_WARN_ENUM_CONVERSION = YES;
				CLANG_WARN_INFINITE_RECURSION = YES;
				CLANG_WARN_INT_CONVERSION = YES;
				CLANG_WARN_NON_LITERAL_NULL_CONVERSION = YES;
				CLANG_WARN_OBJC_IMPLICIT_RETAIN_SELF = YES;
				CLANG_WARN_OBJC_LITERAL_CONVERSION = YES;
				CLANG_WARN_OBJC_ROOT_CLASS = YES_ERROR;
				CLANG_WARN_QUOTED_INCLUDE_IN_FRAMEWORK_HEADER = YES;
				CLANG_WARN_RANGE_LOOP_ANALYSIS = YES;
				CLANG_WARN_STRICT_PROTOTYPES = YES;
				CLANG_WARN_SUSPICIOUS_MOVE = YES;
				CLANG_WARN_UNGUARDED_AVAILABILITY = YES_AGGRESSIVE;
				CLANG_WARN_UNREACHABLE_CODE = YES;
				CLANG_WARN__DUPLICATE_METHOD_MATCH = YES;
				COPY_PHASE_STRIP = NO;
				DEBUG_INFORMATION_FORMAT = "dwarf-with-dsym";
				ENABLE_NS_ASSERTIONS = NO;
				ENABLE_STRICT_OBJC_MSGSEND = YES;
				ENABLE_TESTABILITY = YES;
				ENABLE_USER_SCRIPT_SANDBOXING = YES;
				GCC_C_LANGUAGE_STANDARD = gnu17;
				GCC_NO_COMMON_BLOCKS = YES;
				GCC_WARN_64_TO_32_BIT_CONVERSION = YES;
				GCC_WARN_ABOUT_RETURN_TYPE = YES_ERROR;
				GCC_WARN_UNDECLARED_SELECTOR = YES;
				GCC_WARN_UNINITIALIZED_AUTOS = YES_AGGRESSIVE;
				GCC_WARN_UNUSED_FUNCTION = YES;
				GCC_WARN_UNUSED_VARIABLE = YES;
				IPHONEOS_DEPLOYMENT_TARGET = 17.4;
				LOCALIZATION_PREFERS_STRING_CATALOGS = YES;
				MTL_ENABLE_DEBUG_INFO = NO;
				MTL_FAST_MATH = YES;
				ONLY_ACTIVE_ARCH = YES;
				SDKROOT = iphoneos;
				SWIFT_COMPILATION_MODE = wholemodule;
				VALIDATE_PRODUCT = YES;
			};
			name = "Development - Release";
		};
		A81F21FF2BDC1DB900A8A301 /* Development - Debug */ = {
			isa = XCBuildConfiguration;
			buildSettings = {
				ASSETCATALOG_COMPILER_APPICON_NAME = AppIcon;
				ASSETCATALOG_COMPILER_GLOBAL_ACCENT_COLOR_NAME = AccentColor;
				CODE_SIGN_STYLE = Automatic;
				CURRENT_PROJECT_VERSION = 1;
				DEVELOPMENT_ASSET_PATHS = "\"Course App/Preview Content\"";
				DEVELOPMENT_TEAM = 6A744UV7PU;
				ENABLE_PREVIEWS = YES;
				GENERATE_INFOPLIST_FILE = YES;
				INFOPLIST_FILE = "Course-App-Info.plist";
				INFOPLIST_KEY_UIApplicationSceneManifest_Generation = YES;
				INFOPLIST_KEY_UIApplicationSupportsIndirectInputEvents = YES;
				INFOPLIST_KEY_UILaunchScreen_Generation = YES;
				INFOPLIST_KEY_UISupportedInterfaceOrientations = UIInterfaceOrientationPortrait;
				LD_RUNPATH_SEARCH_PATHS = (
					"$(inherited)",
					"@executable_path/Frameworks",
				);
				MARKETING_VERSION = 1.0;
				PRODUCT_BUNDLE_IDENTIFIER = "$(APP_BUNDLE_IDENTIFIER)";
				PRODUCT_NAME = "$(APP_BUNDLE_NAME)";
				SUPPORTED_PLATFORMS = "iphoneos iphonesimulator";
				SUPPORTS_MACCATALYST = NO;
				SUPPORTS_MAC_DESIGNED_FOR_IPHONE_IPAD = NO;
				SUPPORTS_XR_DESIGNED_FOR_IPHONE_IPAD = NO;
				SWIFT_EMIT_LOC_STRINGS = YES;
				SWIFT_VERSION = 5.0;
				TARGETED_DEVICE_FAMILY = "1,2";
			};
			name = "Development - Debug";
		};
		A81F22002BDC1DB900A8A301 /* Development - Release */ = {
			isa = XCBuildConfiguration;
			buildSettings = {
				ASSETCATALOG_COMPILER_APPICON_NAME = AppIcon;
				ASSETCATALOG_COMPILER_GLOBAL_ACCENT_COLOR_NAME = AccentColor;
				CODE_SIGN_STYLE = Automatic;
				CURRENT_PROJECT_VERSION = 1;
				DEVELOPMENT_ASSET_PATHS = "\"Course App/Preview Content\"";
				DEVELOPMENT_TEAM = 6A744UV7PU;
				ENABLE_PREVIEWS = YES;
				GENERATE_INFOPLIST_FILE = YES;
				INFOPLIST_FILE = "Course-App-Info.plist";
				INFOPLIST_KEY_UIApplicationSceneManifest_Generation = YES;
				INFOPLIST_KEY_UIApplicationSupportsIndirectInputEvents = YES;
				INFOPLIST_KEY_UILaunchScreen_Generation = YES;
				INFOPLIST_KEY_UISupportedInterfaceOrientations = UIInterfaceOrientationPortrait;
				LD_RUNPATH_SEARCH_PATHS = (
					"$(inherited)",
					"@executable_path/Frameworks",
				);
				MARKETING_VERSION = 1.0;
				PRODUCT_BUNDLE_IDENTIFIER = "$(APP_BUNDLE_IDENTIFIER)";
				PRODUCT_NAME = "$(APP_BUNDLE_NAME)";
				SUPPORTED_PLATFORMS = "iphoneos iphonesimulator";
				SUPPORTS_MACCATALYST = NO;
				SUPPORTS_MAC_DESIGNED_FOR_IPHONE_IPAD = NO;
				SUPPORTS_XR_DESIGNED_FOR_IPHONE_IPAD = NO;
				SWIFT_EMIT_LOC_STRINGS = YES;
				SWIFT_VERSION = 5.0;
				TARGETED_DEVICE_FAMILY = "1,2";
			};
			name = "Development - Release";
		};
		A8830C222BED0315005CAFEA /* Development - Debug */ = {
			isa = XCBuildConfiguration;
			buildSettings = {
				BUNDLE_LOADER = "$(TEST_HOST)";
				CODE_SIGN_STYLE = Automatic;
				CURRENT_PROJECT_VERSION = 1;
				DEVELOPMENT_TEAM = 6A744UV7PU;
				GENERATE_INFOPLIST_FILE = YES;
				MARKETING_VERSION = 1.0;
				PRODUCT_BUNDLE_IDENTIFIER = "com.tomasduchoslav.Course-App-UnitTests";
				PRODUCT_NAME = "$(TARGET_NAME)";
				SUPPORTED_PLATFORMS = "iphoneos iphonesimulator";
				SUPPORTS_MACCATALYST = NO;
				SUPPORTS_MAC_DESIGNED_FOR_IPHONE_IPAD = NO;
				SUPPORTS_XR_DESIGNED_FOR_IPHONE_IPAD = NO;
				SWIFT_EMIT_LOC_STRINGS = NO;
				SWIFT_VERSION = 5.0;
				TARGETED_DEVICE_FAMILY = "1,2";
				TEST_HOST = "$(BUILT_PRODUCTS_DIR)/App Course Dev.app/$(BUNDLE_EXECUTABLE_FOLDER_PATH)/App Course Dev";
			};
			name = "Development - Debug";
		};
		A8830C232BED0315005CAFEA /* Development - Release */ = {
			isa = XCBuildConfiguration;
			buildSettings = {
				BUNDLE_LOADER = "$(TEST_HOST)";
				CODE_SIGN_STYLE = Automatic;
				CURRENT_PROJECT_VERSION = 1;
				DEVELOPMENT_TEAM = 6A744UV7PU;
				GENERATE_INFOPLIST_FILE = YES;
				MARKETING_VERSION = 1.0;
				PRODUCT_BUNDLE_IDENTIFIER = "com.tomasduchoslav.Course-App-UnitTests";
				PRODUCT_NAME = "$(TARGET_NAME)";
				SUPPORTED_PLATFORMS = "iphoneos iphonesimulator";
				SUPPORTS_MACCATALYST = NO;
				SUPPORTS_MAC_DESIGNED_FOR_IPHONE_IPAD = NO;
				SUPPORTS_XR_DESIGNED_FOR_IPHONE_IPAD = NO;
				SWIFT_EMIT_LOC_STRINGS = NO;
				SWIFT_VERSION = 5.0;
				TARGETED_DEVICE_FAMILY = "1,2";
				TEST_HOST = "$(BUILT_PRODUCTS_DIR)/App Course Dev.app/$(BUNDLE_EXECUTABLE_FOLDER_PATH)/App Course Dev";
			};
			name = "Development - Release";
		};
		A8830C312BED03BB005CAFEA /* Development - Debug */ = {
			isa = XCBuildConfiguration;
			buildSettings = {
				CODE_SIGN_STYLE = Automatic;
				CURRENT_PROJECT_VERSION = 1;
				DEVELOPMENT_TEAM = 6A744UV7PU;
				GENERATE_INFOPLIST_FILE = YES;
				MARKETING_VERSION = 1.0;
				PRODUCT_BUNDLE_IDENTIFIER = "com.tomasduchoslav.Course-App-UITests";
				PRODUCT_NAME = "$(TARGET_NAME)";
				SUPPORTED_PLATFORMS = "iphoneos iphonesimulator";
				SUPPORTS_MACCATALYST = NO;
				SUPPORTS_MAC_DESIGNED_FOR_IPHONE_IPAD = NO;
				SUPPORTS_XR_DESIGNED_FOR_IPHONE_IPAD = NO;
				SWIFT_EMIT_LOC_STRINGS = NO;
				SWIFT_VERSION = 5.0;
				TARGETED_DEVICE_FAMILY = "1,2";
				TEST_TARGET_NAME = "Course App";
			};
			name = "Development - Debug";
		};
		A8830C322BED03BB005CAFEA /* Development - Release */ = {
			isa = XCBuildConfiguration;
			buildSettings = {
				CODE_SIGN_STYLE = Automatic;
				CURRENT_PROJECT_VERSION = 1;
				DEVELOPMENT_TEAM = 6A744UV7PU;
				GENERATE_INFOPLIST_FILE = YES;
				MARKETING_VERSION = 1.0;
				PRODUCT_BUNDLE_IDENTIFIER = "com.tomasduchoslav.Course-App-UITests";
				PRODUCT_NAME = "$(TARGET_NAME)";
				SUPPORTED_PLATFORMS = "iphoneos iphonesimulator";
				SUPPORTS_MACCATALYST = NO;
				SUPPORTS_MAC_DESIGNED_FOR_IPHONE_IPAD = NO;
				SUPPORTS_XR_DESIGNED_FOR_IPHONE_IPAD = NO;
				SWIFT_EMIT_LOC_STRINGS = NO;
				SWIFT_VERSION = 5.0;
				TARGETED_DEVICE_FAMILY = "1,2";
				TEST_TARGET_NAME = "Course App";
			};
			name = "Development - Release";
		};
		A8830C362BED0933005CAFEA /* Production - Debug */ = {
			isa = XCBuildConfiguration;
			baseConfigurationReference = A8830C352BED07EF005CAFEA /* Production.xcconfig */;
			buildSettings = {
				ALWAYS_SEARCH_USER_PATHS = NO;
				ASSETCATALOG_COMPILER_GENERATE_SWIFT_ASSET_SYMBOL_EXTENSIONS = YES;
				CLANG_ANALYZER_NONNULL = YES;
				CLANG_ANALYZER_NUMBER_OBJECT_CONVERSION = YES_AGGRESSIVE;
				CLANG_CXX_LANGUAGE_STANDARD = "gnu++20";
				CLANG_ENABLE_MODULES = YES;
				CLANG_ENABLE_OBJC_ARC = YES;
				CLANG_ENABLE_OBJC_WEAK = YES;
				CLANG_WARN_BLOCK_CAPTURE_AUTORELEASING = YES;
				CLANG_WARN_BOOL_CONVERSION = YES;
				CLANG_WARN_COMMA = YES;
				CLANG_WARN_CONSTANT_CONVERSION = YES;
				CLANG_WARN_DEPRECATED_OBJC_IMPLEMENTATIONS = YES;
				CLANG_WARN_DIRECT_OBJC_ISA_USAGE = YES_ERROR;
				CLANG_WARN_DOCUMENTATION_COMMENTS = YES;
				CLANG_WARN_EMPTY_BODY = YES;
				CLANG_WARN_ENUM_CONVERSION = YES;
				CLANG_WARN_INFINITE_RECURSION = YES;
				CLANG_WARN_INT_CONVERSION = YES;
				CLANG_WARN_NON_LITERAL_NULL_CONVERSION = YES;
				CLANG_WARN_OBJC_IMPLICIT_RETAIN_SELF = YES;
				CLANG_WARN_OBJC_LITERAL_CONVERSION = YES;
				CLANG_WARN_OBJC_ROOT_CLASS = YES_ERROR;
				CLANG_WARN_QUOTED_INCLUDE_IN_FRAMEWORK_HEADER = YES;
				CLANG_WARN_RANGE_LOOP_ANALYSIS = YES;
				CLANG_WARN_STRICT_PROTOTYPES = YES;
				CLANG_WARN_SUSPICIOUS_MOVE = YES;
				CLANG_WARN_UNGUARDED_AVAILABILITY = YES_AGGRESSIVE;
				CLANG_WARN_UNREACHABLE_CODE = YES;
				CLANG_WARN__DUPLICATE_METHOD_MATCH = YES;
				COPY_PHASE_STRIP = NO;
				DEBUG_INFORMATION_FORMAT = dwarf;
				ENABLE_STRICT_OBJC_MSGSEND = YES;
				ENABLE_TESTABILITY = YES;
				ENABLE_USER_SCRIPT_SANDBOXING = YES;
				GCC_C_LANGUAGE_STANDARD = gnu17;
				GCC_DYNAMIC_NO_PIC = NO;
				GCC_NO_COMMON_BLOCKS = YES;
				GCC_OPTIMIZATION_LEVEL = 0;
				GCC_PREPROCESSOR_DEFINITIONS = (
					"DEBUG=1",
					"$(inherited)",
				);
				GCC_WARN_64_TO_32_BIT_CONVERSION = YES;
				GCC_WARN_ABOUT_RETURN_TYPE = YES_ERROR;
				GCC_WARN_UNDECLARED_SELECTOR = YES;
				GCC_WARN_UNINITIALIZED_AUTOS = YES_AGGRESSIVE;
				GCC_WARN_UNUSED_FUNCTION = YES;
				GCC_WARN_UNUSED_VARIABLE = YES;
				IPHONEOS_DEPLOYMENT_TARGET = 17.4;
				LOCALIZATION_PREFERS_STRING_CATALOGS = YES;
				MTL_ENABLE_DEBUG_INFO = INCLUDE_SOURCE;
				MTL_FAST_MATH = YES;
				ONLY_ACTIVE_ARCH = YES;
				SDKROOT = iphoneos;
				SWIFT_ACTIVE_COMPILATION_CONDITIONS = "DEBUG $(inherited)";
				SWIFT_OPTIMIZATION_LEVEL = "-Onone";
			};
			name = "Production - Debug";
		};
		A8830C372BED0933005CAFEA /* Production - Debug */ = {
			isa = XCBuildConfiguration;
			buildSettings = {
				ASSETCATALOG_COMPILER_APPICON_NAME = AppIcon;
				ASSETCATALOG_COMPILER_GLOBAL_ACCENT_COLOR_NAME = AccentColor;
				CODE_SIGN_STYLE = Automatic;
				CURRENT_PROJECT_VERSION = 1;
				DEVELOPMENT_ASSET_PATHS = "\"Course App/Preview Content\"";
				DEVELOPMENT_TEAM = 6A744UV7PU;
				ENABLE_PREVIEWS = YES;
				GENERATE_INFOPLIST_FILE = YES;
				INFOPLIST_FILE = "Course-App-Info.plist";
				INFOPLIST_KEY_UIApplicationSceneManifest_Generation = YES;
				INFOPLIST_KEY_UIApplicationSupportsIndirectInputEvents = YES;
				INFOPLIST_KEY_UILaunchScreen_Generation = YES;
				INFOPLIST_KEY_UISupportedInterfaceOrientations = UIInterfaceOrientationPortrait;
				LD_RUNPATH_SEARCH_PATHS = (
					"$(inherited)",
					"@executable_path/Frameworks",
				);
				MARKETING_VERSION = 1.0;
				PRODUCT_BUNDLE_IDENTIFIER = "$(APP_BUNDLE_IDENTIFIER)";
				PRODUCT_NAME = "$(APP_BUNDLE_NAME)";
				SUPPORTED_PLATFORMS = "iphoneos iphonesimulator";
				SUPPORTS_MACCATALYST = NO;
				SUPPORTS_MAC_DESIGNED_FOR_IPHONE_IPAD = NO;
				SUPPORTS_XR_DESIGNED_FOR_IPHONE_IPAD = NO;
				SWIFT_EMIT_LOC_STRINGS = YES;
				SWIFT_VERSION = 5.0;
				TARGETED_DEVICE_FAMILY = "1,2";
			};
			name = "Production - Debug";
		};
		A8830C382BED0933005CAFEA /* Production - Debug */ = {
			isa = XCBuildConfiguration;
			buildSettings = {
				BUNDLE_LOADER = "$(TEST_HOST)";
				CODE_SIGN_STYLE = Automatic;
				CURRENT_PROJECT_VERSION = 1;
				DEVELOPMENT_TEAM = 6A744UV7PU;
				GENERATE_INFOPLIST_FILE = YES;
				MARKETING_VERSION = 1.0;
				PRODUCT_BUNDLE_IDENTIFIER = "com.tomasduchoslav.Course-App-UnitTests";
				PRODUCT_NAME = "$(TARGET_NAME)";
				SUPPORTED_PLATFORMS = "iphoneos iphonesimulator";
				SUPPORTS_MACCATALYST = NO;
				SUPPORTS_MAC_DESIGNED_FOR_IPHONE_IPAD = NO;
				SUPPORTS_XR_DESIGNED_FOR_IPHONE_IPAD = NO;
				SWIFT_EMIT_LOC_STRINGS = NO;
				SWIFT_VERSION = 5.0;
				TARGETED_DEVICE_FAMILY = "1,2";
				TEST_HOST = "$(BUILT_PRODUCTS_DIR)/App Course Dev.app/$(BUNDLE_EXECUTABLE_FOLDER_PATH)/App Course Dev";
			};
			name = "Production - Debug";
		};
		A8830C392BED0933005CAFEA /* Production - Debug */ = {
			isa = XCBuildConfiguration;
			buildSettings = {
				CODE_SIGN_STYLE = Automatic;
				CURRENT_PROJECT_VERSION = 1;
				DEVELOPMENT_TEAM = 6A744UV7PU;
				GENERATE_INFOPLIST_FILE = YES;
				MARKETING_VERSION = 1.0;
				PRODUCT_BUNDLE_IDENTIFIER = "com.tomasduchoslav.Course-App-UITests";
				PRODUCT_NAME = "$(TARGET_NAME)";
				SUPPORTED_PLATFORMS = "iphoneos iphonesimulator";
				SUPPORTS_MACCATALYST = NO;
				SUPPORTS_MAC_DESIGNED_FOR_IPHONE_IPAD = NO;
				SUPPORTS_XR_DESIGNED_FOR_IPHONE_IPAD = NO;
				SWIFT_EMIT_LOC_STRINGS = NO;
				SWIFT_VERSION = 5.0;
				TARGETED_DEVICE_FAMILY = "1,2";
				TEST_TARGET_NAME = "Course App";
			};
			name = "Production - Debug";
		};
		A8830C3A2BED094A005CAFEA /* Production - Release */ = {
			isa = XCBuildConfiguration;
			baseConfigurationReference = A8830C352BED07EF005CAFEA /* Production.xcconfig */;
			buildSettings = {
				ALWAYS_SEARCH_USER_PATHS = NO;
				ASSETCATALOG_COMPILER_GENERATE_SWIFT_ASSET_SYMBOL_EXTENSIONS = YES;
				CLANG_ANALYZER_NONNULL = YES;
				CLANG_ANALYZER_NUMBER_OBJECT_CONVERSION = YES_AGGRESSIVE;
				CLANG_CXX_LANGUAGE_STANDARD = "gnu++20";
				CLANG_ENABLE_MODULES = YES;
				CLANG_ENABLE_OBJC_ARC = YES;
				CLANG_ENABLE_OBJC_WEAK = YES;
				CLANG_WARN_BLOCK_CAPTURE_AUTORELEASING = YES;
				CLANG_WARN_BOOL_CONVERSION = YES;
				CLANG_WARN_COMMA = YES;
				CLANG_WARN_CONSTANT_CONVERSION = YES;
				CLANG_WARN_DEPRECATED_OBJC_IMPLEMENTATIONS = YES;
				CLANG_WARN_DIRECT_OBJC_ISA_USAGE = YES_ERROR;
				CLANG_WARN_DOCUMENTATION_COMMENTS = YES;
				CLANG_WARN_EMPTY_BODY = YES;
				CLANG_WARN_ENUM_CONVERSION = YES;
				CLANG_WARN_INFINITE_RECURSION = YES;
				CLANG_WARN_INT_CONVERSION = YES;
				CLANG_WARN_NON_LITERAL_NULL_CONVERSION = YES;
				CLANG_WARN_OBJC_IMPLICIT_RETAIN_SELF = YES;
				CLANG_WARN_OBJC_LITERAL_CONVERSION = YES;
				CLANG_WARN_OBJC_ROOT_CLASS = YES_ERROR;
				CLANG_WARN_QUOTED_INCLUDE_IN_FRAMEWORK_HEADER = YES;
				CLANG_WARN_RANGE_LOOP_ANALYSIS = YES;
				CLANG_WARN_STRICT_PROTOTYPES = YES;
				CLANG_WARN_SUSPICIOUS_MOVE = YES;
				CLANG_WARN_UNGUARDED_AVAILABILITY = YES_AGGRESSIVE;
				CLANG_WARN_UNREACHABLE_CODE = YES;
				CLANG_WARN__DUPLICATE_METHOD_MATCH = YES;
				COPY_PHASE_STRIP = NO;
				DEBUG_INFORMATION_FORMAT = "dwarf-with-dsym";
				ENABLE_NS_ASSERTIONS = NO;
				ENABLE_STRICT_OBJC_MSGSEND = YES;
				ENABLE_USER_SCRIPT_SANDBOXING = YES;
				GCC_C_LANGUAGE_STANDARD = gnu17;
				GCC_NO_COMMON_BLOCKS = YES;
				GCC_WARN_64_TO_32_BIT_CONVERSION = YES;
				GCC_WARN_ABOUT_RETURN_TYPE = YES_ERROR;
				GCC_WARN_UNDECLARED_SELECTOR = YES;
				GCC_WARN_UNINITIALIZED_AUTOS = YES_AGGRESSIVE;
				GCC_WARN_UNUSED_FUNCTION = YES;
				GCC_WARN_UNUSED_VARIABLE = YES;
				IPHONEOS_DEPLOYMENT_TARGET = 17.4;
				LOCALIZATION_PREFERS_STRING_CATALOGS = YES;
				MTL_ENABLE_DEBUG_INFO = NO;
				MTL_FAST_MATH = YES;
				SDKROOT = iphoneos;
				SWIFT_COMPILATION_MODE = wholemodule;
				VALIDATE_PRODUCT = YES;
			};
			name = "Production - Release";
		};
		A8830C3B2BED094A005CAFEA /* Production - Release */ = {
			isa = XCBuildConfiguration;
			buildSettings = {
				ASSETCATALOG_COMPILER_APPICON_NAME = AppIcon;
				ASSETCATALOG_COMPILER_GLOBAL_ACCENT_COLOR_NAME = AccentColor;
				CODE_SIGN_STYLE = Automatic;
				CURRENT_PROJECT_VERSION = 1;
				DEVELOPMENT_ASSET_PATHS = "\"Course App/Preview Content\"";
				DEVELOPMENT_TEAM = 6A744UV7PU;
				ENABLE_PREVIEWS = YES;
				GENERATE_INFOPLIST_FILE = YES;
				INFOPLIST_FILE = "Course-App-Info.plist";
				INFOPLIST_KEY_UIApplicationSceneManifest_Generation = YES;
				INFOPLIST_KEY_UIApplicationSupportsIndirectInputEvents = YES;
				INFOPLIST_KEY_UILaunchScreen_Generation = YES;
				INFOPLIST_KEY_UISupportedInterfaceOrientations = UIInterfaceOrientationPortrait;
				LD_RUNPATH_SEARCH_PATHS = (
					"$(inherited)",
					"@executable_path/Frameworks",
				);
				MARKETING_VERSION = 1.0;
				PRODUCT_BUNDLE_IDENTIFIER = "$(APP_BUNDLE_IDENTIFIER)";
				PRODUCT_NAME = "$(APP_BUNDLE_NAME)";
				SUPPORTED_PLATFORMS = "iphoneos iphonesimulator";
				SUPPORTS_MACCATALYST = NO;
				SUPPORTS_MAC_DESIGNED_FOR_IPHONE_IPAD = NO;
				SUPPORTS_XR_DESIGNED_FOR_IPHONE_IPAD = NO;
				SWIFT_EMIT_LOC_STRINGS = YES;
				SWIFT_VERSION = 5.0;
				TARGETED_DEVICE_FAMILY = "1,2";
			};
			name = "Production - Release";
		};
		A8830C3C2BED094A005CAFEA /* Production - Release */ = {
			isa = XCBuildConfiguration;
			buildSettings = {
				BUNDLE_LOADER = "$(TEST_HOST)";
				CODE_SIGN_STYLE = Automatic;
				CURRENT_PROJECT_VERSION = 1;
				DEVELOPMENT_TEAM = 6A744UV7PU;
				GENERATE_INFOPLIST_FILE = YES;
				MARKETING_VERSION = 1.0;
				PRODUCT_BUNDLE_IDENTIFIER = "com.tomasduchoslav.Course-App-UnitTests";
				PRODUCT_NAME = "$(TARGET_NAME)";
				SUPPORTED_PLATFORMS = "iphoneos iphonesimulator";
				SUPPORTS_MACCATALYST = NO;
				SUPPORTS_MAC_DESIGNED_FOR_IPHONE_IPAD = NO;
				SUPPORTS_XR_DESIGNED_FOR_IPHONE_IPAD = NO;
				SWIFT_EMIT_LOC_STRINGS = NO;
				SWIFT_VERSION = 5.0;
				TARGETED_DEVICE_FAMILY = "1,2";
				TEST_HOST = "$(BUILT_PRODUCTS_DIR)/App Course Dev.app/$(BUNDLE_EXECUTABLE_FOLDER_PATH)/App Course Dev";
			};
			name = "Production - Release";
		};
		A8830C3D2BED094A005CAFEA /* Production - Release */ = {
			isa = XCBuildConfiguration;
			buildSettings = {
				CODE_SIGN_STYLE = Automatic;
				CURRENT_PROJECT_VERSION = 1;
				DEVELOPMENT_TEAM = 6A744UV7PU;
				GENERATE_INFOPLIST_FILE = YES;
				MARKETING_VERSION = 1.0;
				PRODUCT_BUNDLE_IDENTIFIER = "com.tomasduchoslav.Course-App-UITests";
				PRODUCT_NAME = "$(TARGET_NAME)";
				SUPPORTED_PLATFORMS = "iphoneos iphonesimulator";
				SUPPORTS_MACCATALYST = NO;
				SUPPORTS_MAC_DESIGNED_FOR_IPHONE_IPAD = NO;
				SUPPORTS_XR_DESIGNED_FOR_IPHONE_IPAD = NO;
				SWIFT_EMIT_LOC_STRINGS = NO;
				SWIFT_VERSION = 5.0;
				TARGETED_DEVICE_FAMILY = "1,2";
				TEST_TARGET_NAME = "Course App";
			};
			name = "Production - Release";
		};
/* End XCBuildConfiguration section */

/* Begin XCConfigurationList section */
		A81F21EB2BDC1DB700A8A301 /* Build configuration list for PBXProject "Course App" */ = {
			isa = XCConfigurationList;
			buildConfigurations = (
				A81F21FC2BDC1DB900A8A301 /* Development - Debug */,
				A8830C362BED0933005CAFEA /* Production - Debug */,
				A81F21FD2BDC1DB900A8A301 /* Development - Release */,
				A8830C3A2BED094A005CAFEA /* Production - Release */,
			);
			defaultConfigurationIsVisible = 0;
			defaultConfigurationName = "Development - Release";
		};
		A81F21FE2BDC1DB900A8A301 /* Build configuration list for PBXNativeTarget "Course App" */ = {
			isa = XCConfigurationList;
			buildConfigurations = (
				A81F21FF2BDC1DB900A8A301 /* Development - Debug */,
				A8830C372BED0933005CAFEA /* Production - Debug */,
				A81F22002BDC1DB900A8A301 /* Development - Release */,
				A8830C3B2BED094A005CAFEA /* Production - Release */,
			);
			defaultConfigurationIsVisible = 0;
			defaultConfigurationName = "Development - Release";
		};
		A8830C212BED0315005CAFEA /* Build configuration list for PBXNativeTarget "Course App UnitTests" */ = {
			isa = XCConfigurationList;
			buildConfigurations = (
				A8830C222BED0315005CAFEA /* Development - Debug */,
				A8830C382BED0933005CAFEA /* Production - Debug */,
				A8830C232BED0315005CAFEA /* Development - Release */,
				A8830C3C2BED094A005CAFEA /* Production - Release */,
			);
			defaultConfigurationIsVisible = 0;
			defaultConfigurationName = "Development - Release";
		};
		A8830C302BED03BB005CAFEA /* Build configuration list for PBXNativeTarget "Course App UITests" */ = {
			isa = XCConfigurationList;
			buildConfigurations = (
				A8830C312BED03BB005CAFEA /* Development - Debug */,
				A8830C392BED0933005CAFEA /* Production - Debug */,
				A8830C322BED03BB005CAFEA /* Development - Release */,
				A8830C3D2BED094A005CAFEA /* Production - Release */,
			);
			defaultConfigurationIsVisible = 0;
			defaultConfigurationName = "Development - Release";
		};
/* End XCConfigurationList section */

/* Begin XCRemoteSwiftPackageReference section */
		A8830C422BEF7B17005CAFEA /* XCRemoteSwiftPackageReference "SwiftLint" */ = {
			isa = XCRemoteSwiftPackageReference;
			repositoryURL = "https://github.com/realm/SwiftLint.git";
			requirement = {
				kind = upToNextMajorVersion;
				minimumVersion = 0.54.0;
			};
		};
		A8830C4D2BEF8565005CAFEA /* XCRemoteSwiftPackageReference "firebase-ios-sdk" */ = {
			isa = XCRemoteSwiftPackageReference;
			repositoryURL = "https://github.com/firebase/firebase-ios-sdk";
			requirement = {
				kind = upToNextMajorVersion;
				minimumVersion = 10.25.0;
			};
		};
/* End XCRemoteSwiftPackageReference section */

/* Begin XCSwiftPackageProductDependency section */
		A8830C432BEF7B7E005CAFEA /* SwiftLintPlugin */ = {
			isa = XCSwiftPackageProductDependency;
			package = A8830C422BEF7B17005CAFEA /* XCRemoteSwiftPackageReference "SwiftLint" */;
			productName = "plugin:SwiftLintPlugin";
		};
		A8830C4E2BEF8565005CAFEA /* FirebaseAuth */ = {
			isa = XCSwiftPackageProductDependency;
			package = A8830C4D2BEF8565005CAFEA /* XCRemoteSwiftPackageReference "firebase-ios-sdk" */;
			productName = FirebaseAuth;
		};
		A8830C502BEF8565005CAFEA /* FirebaseFirestore */ = {
			isa = XCSwiftPackageProductDependency;
			package = A8830C4D2BEF8565005CAFEA /* XCRemoteSwiftPackageReference "firebase-ios-sdk" */;
			productName = FirebaseFirestore;
		};
/* End XCSwiftPackageProductDependency section */
	};
	rootObject = A81F21E82BDC1DB700A8A301 /* Project object */;
}
