// !$*UTF8*$!
{
	archiveVersion = 1;
	classes = {
	};
	objectVersion = 56;
	objects = {

/* Begin PBXBuildFile section */
		A81F21F42BDC1DB700A8A301 /* Course_AppApp.swift in Sources */ = {isa = PBXBuildFile; fileRef = A81F21F32BDC1DB700A8A301 /* Course_AppApp.swift */; };
		A81F21F62BDC1DB700A8A301 /* ContentView.swift in Sources */ = {isa = PBXBuildFile; fileRef = A81F21F52BDC1DB700A8A301 /* ContentView.swift */; };
		A81F21F82BDC1DB900A8A301 /* Assets.xcassets in Resources */ = {isa = PBXBuildFile; fileRef = A81F21F72BDC1DB900A8A301 /* Assets.xcassets */; };
		A81F21FB2BDC1DB900A8A301 /* Preview Assets.xcassets in Resources */ = {isa = PBXBuildFile; fileRef = A81F21FA2BDC1DB900A8A301 /* Preview Assets.xcassets */; };
		A8830C1E2BED0315005CAFEA /* Course_App_UnitTests.swift in Sources */ = {isa = PBXBuildFile; fileRef = A8830C1D2BED0315005CAFEA /* Course_App_UnitTests.swift */; };
		A8830C2B2BED03BB005CAFEA /* Course_App_UITests.swift in Sources */ = {isa = PBXBuildFile; fileRef = A8830C2A2BED03BB005CAFEA /* Course_App_UITests.swift */; };
		A8830C2D2BED03BB005CAFEA /* Course_App_UITestsLaunchTests.swift in Sources */ = {isa = PBXBuildFile; fileRef = A8830C2C2BED03BB005CAFEA /* Course_App_UITestsLaunchTests.swift */; };
/* End PBXBuildFile section */

/* Begin PBXContainerItemProxy section */
		A8830C1F2BED0315005CAFEA /* PBXContainerItemProxy */ = {
			isa = PBXContainerItemProxy;
			containerPortal = A81F21E82BDC1DB700A8A301 /* Project object */;
			proxyType = 1;
			remoteGlobalIDString = A81F21EF2BDC1DB700A8A301;
			remoteInfo = "Course App";
		};
		A8830C2E2BED03BB005CAFEA /* PBXContainerItemProxy */ = {
			isa = PBXContainerItemProxy;
			containerPortal = A81F21E82BDC1DB700A8A301 /* Project object */;
			proxyType = 1;
			remoteGlobalIDString = A81F21EF2BDC1DB700A8A301;
			remoteInfo = "Course App";
		};
/* End PBXContainerItemProxy section */

/* Begin PBXFileReference section */
		A81F21F02BDC1DB700A8A301 /* Course App.app */ = {isa = PBXFileReference; explicitFileType = wrapper.application; includeInIndex = 0; path = "Course App.app"; sourceTree = BUILT_PRODUCTS_DIR; };
		A81F21F32BDC1DB700A8A301 /* Course_AppApp.swift */ = {isa = PBXFileReference; lastKnownFileType = sourcecode.swift; path = Course_AppApp.swift; sourceTree = "<group>"; };
		A81F21F52BDC1DB700A8A301 /* ContentView.swift */ = {isa = PBXFileReference; lastKnownFileType = sourcecode.swift; path = ContentView.swift; sourceTree = "<group>"; };
		A81F21F72BDC1DB900A8A301 /* Assets.xcassets */ = {isa = PBXFileReference; lastKnownFileType = folder.assetcatalog; path = Assets.xcassets; sourceTree = "<group>"; };
		A81F21FA2BDC1DB900A8A301 /* Preview Assets.xcassets */ = {isa = PBXFileReference; lastKnownFileType = folder.assetcatalog; path = "Preview Assets.xcassets"; sourceTree = "<group>"; };
		A8830C1B2BED0315005CAFEA /* Course App UnitTests.xctest */ = {isa = PBXFileReference; explicitFileType = wrapper.cfbundle; includeInIndex = 0; path = "Course App UnitTests.xctest"; sourceTree = BUILT_PRODUCTS_DIR; };
		A8830C1D2BED0315005CAFEA /* Course_App_UnitTests.swift */ = {isa = PBXFileReference; lastKnownFileType = sourcecode.swift; path = Course_App_UnitTests.swift; sourceTree = "<group>"; };
		A8830C282BED03BB005CAFEA /* Course App UITests.xctest */ = {isa = PBXFileReference; explicitFileType = wrapper.cfbundle; includeInIndex = 0; path = "Course App UITests.xctest"; sourceTree = BUILT_PRODUCTS_DIR; };
		A8830C2A2BED03BB005CAFEA /* Course_App_UITests.swift */ = {isa = PBXFileReference; lastKnownFileType = sourcecode.swift; path = Course_App_UITests.swift; sourceTree = "<group>"; };
		A8830C2C2BED03BB005CAFEA /* Course_App_UITestsLaunchTests.swift */ = {isa = PBXFileReference; lastKnownFileType = sourcecode.swift; path = Course_App_UITestsLaunchTests.swift; sourceTree = "<group>"; };
		A8830C332BED05F4005CAFEA /* Development.xcconfig */ = {isa = PBXFileReference; lastKnownFileType = text.xcconfig; path = Development.xcconfig; sourceTree = "<group>"; };
/* End PBXFileReference section */

/* Begin PBXFrameworksBuildPhase section */
		A81F21ED2BDC1DB700A8A301 /* Frameworks */ = {
			isa = PBXFrameworksBuildPhase;
			buildActionMask = 2147483647;
			files = (
			);
			runOnlyForDeploymentPostprocessing = 0;
		};
		A8830C182BED0315005CAFEA /* Frameworks */ = {
			isa = PBXFrameworksBuildPhase;
			buildActionMask = 2147483647;
			files = (
			);
			runOnlyForDeploymentPostprocessing = 0;
		};
		A8830C252BED03BB005CAFEA /* Frameworks */ = {
			isa = PBXFrameworksBuildPhase;
			buildActionMask = 2147483647;
			files = (
			);
			runOnlyForDeploymentPostprocessing = 0;
		};
/* End PBXFrameworksBuildPhase section */

/* Begin PBXGroup section */
		A81F21E72BDC1DB700A8A301 = {
			isa = PBXGroup;
			children = (
				A8830C342BED05FC005CAFEA /* Configurations */,
				A81F21F22BDC1DB700A8A301 /* Course App */,
				A8830C1C2BED0315005CAFEA /* Course App UnitTests */,
				A8830C292BED03BB005CAFEA /* Course App UITests */,
				A81F21F12BDC1DB700A8A301 /* Products */,
			);
			sourceTree = "<group>";
		};
		A81F21F12BDC1DB700A8A301 /* Products */ = {
			isa = PBXGroup;
			children = (
				A81F21F02BDC1DB700A8A301 /* Course App.app */,
				A8830C1B2BED0315005CAFEA /* Course App UnitTests.xctest */,
				A8830C282BED03BB005CAFEA /* Course App UITests.xctest */,
			);
			name = Products;
			sourceTree = "<group>";
		};
		A81F21F22BDC1DB700A8A301 /* Course App */ = {
			isa = PBXGroup;
			children = (
				A81F21F32BDC1DB700A8A301 /* Course_AppApp.swift */,
				A81F21F52BDC1DB700A8A301 /* ContentView.swift */,
				A81F21F72BDC1DB900A8A301 /* Assets.xcassets */,
				A81F21F92BDC1DB900A8A301 /* Preview Content */,
			);
			path = "Course App";
			sourceTree = "<group>";
		};
		A81F21F92BDC1DB900A8A301 /* Preview Content */ = {
			isa = PBXGroup;
			children = (
				A81F21FA2BDC1DB900A8A301 /* Preview Assets.xcassets */,
			);
			path = "Preview Content";
			sourceTree = "<group>";
		};
		A8830C1C2BED0315005CAFEA /* Course App UnitTests */ = {
			isa = PBXGroup;
			children = (
				A8830C1D2BED0315005CAFEA /* Course_App_UnitTests.swift */,
			);
			path = "Course App UnitTests";
			sourceTree = "<group>";
		};
		A8830C292BED03BB005CAFEA /* Course App UITests */ = {
			isa = PBXGroup;
			children = (
				A8830C2A2BED03BB005CAFEA /* Course_App_UITests.swift */,
				A8830C2C2BED03BB005CAFEA /* Course_App_UITestsLaunchTests.swift */,
			);
			path = "Course App UITests";
			sourceTree = "<group>";
		};
		A8830C342BED05FC005CAFEA /* Configurations */ = {
			isa = PBXGroup;
			children = (
				A8830C332BED05F4005CAFEA /* Development.xcconfig */,
			);
			path = Configurations;
			sourceTree = "<group>";
		};
/* End PBXGroup section */

/* Begin PBXNativeTarget section */
		A81F21EF2BDC1DB700A8A301 /* Course App */ = {
			isa = PBXNativeTarget;
			buildConfigurationList = A81F21FE2BDC1DB900A8A301 /* Build configuration list for PBXNativeTarget "Course App" */;
			buildPhases = (
				A81F21EC2BDC1DB700A8A301 /* Sources */,
				A81F21ED2BDC1DB700A8A301 /* Frameworks */,
				A81F21EE2BDC1DB700A8A301 /* Resources */,
			);
			buildRules = (
			);
			dependencies = (
			);
			name = "Course App";
			productName = "Course App";
			productReference = A81F21F02BDC1DB700A8A301 /* Course App.app */;
			productType = "com.apple.product-type.application";
		};
		A8830C1A2BED0315005CAFEA /* Course App UnitTests */ = {
			isa = PBXNativeTarget;
			buildConfigurationList = A8830C212BED0315005CAFEA /* Build configuration list for PBXNativeTarget "Course App UnitTests" */;
			buildPhases = (
				A8830C172BED0315005CAFEA /* Sources */,
				A8830C182BED0315005CAFEA /* Frameworks */,
				A8830C192BED0315005CAFEA /* Resources */,
			);
			buildRules = (
			);
			dependencies = (
				A8830C202BED0315005CAFEA /* PBXTargetDependency */,
			);
			name = "Course App UnitTests";
			productName = "Course App UnitTests";
			productReference = A8830C1B2BED0315005CAFEA /* Course App UnitTests.xctest */;
			productType = "com.apple.product-type.bundle.unit-test";
		};
		A8830C272BED03BB005CAFEA /* Course App UITests */ = {
			isa = PBXNativeTarget;
			buildConfigurationList = A8830C302BED03BB005CAFEA /* Build configuration list for PBXNativeTarget "Course App UITests" */;
			buildPhases = (
				A8830C242BED03BB005CAFEA /* Sources */,
				A8830C252BED03BB005CAFEA /* Frameworks */,
				A8830C262BED03BB005CAFEA /* Resources */,
			);
			buildRules = (
			);
			dependencies = (
				A8830C2F2BED03BB005CAFEA /* PBXTargetDependency */,
			);
			name = "Course App UITests";
			productName = "Course App UITests";
			productReference = A8830C282BED03BB005CAFEA /* Course App UITests.xctest */;
			productType = "com.apple.product-type.bundle.ui-testing";
		};
/* End PBXNativeTarget section */

/* Begin PBXProject section */
		A81F21E82BDC1DB700A8A301 /* Project object */ = {
			isa = PBXProject;
			attributes = {
				BuildIndependentTargetsInParallel = 1;
				LastSwiftUpdateCheck = 1530;
				LastUpgradeCheck = 1530;
				TargetAttributes = {
					A81F21EF2BDC1DB700A8A301 = {
						CreatedOnToolsVersion = 15.3;
					};
					A8830C1A2BED0315005CAFEA = {
						CreatedOnToolsVersion = 15.3;
						TestTargetID = A81F21EF2BDC1DB700A8A301;
					};
					A8830C272BED03BB005CAFEA = {
						CreatedOnToolsVersion = 15.3;
						TestTargetID = A81F21EF2BDC1DB700A8A301;
					};
				};
			};
			buildConfigurationList = A81F21EB2BDC1DB700A8A301 /* Build configuration list for PBXProject "Course App" */;
			compatibilityVersion = "Xcode 14.0";
			developmentRegion = en;
			hasScannedForEncodings = 0;
			knownRegions = (
				en,
				Base,
			);
			mainGroup = A81F21E72BDC1DB700A8A301;
			productRefGroup = A81F21F12BDC1DB700A8A301 /* Products */;
			projectDirPath = "";
			projectRoot = "";
			targets = (
				A81F21EF2BDC1DB700A8A301 /* Course App */,
				A8830C1A2BED0315005CAFEA /* Course App UnitTests */,
				A8830C272BED03BB005CAFEA /* Course App UITests */,
			);
		};
/* End PBXProject section */

/* Begin PBXResourcesBuildPhase section */
		A81F21EE2BDC1DB700A8A301 /* Resources */ = {
			isa = PBXResourcesBuildPhase;
			buildActionMask = 2147483647;
			files = (
				A81F21FB2BDC1DB900A8A301 /* Preview Assets.xcassets in Resources */,
				A81F21F82BDC1DB900A8A301 /* Assets.xcassets in Resources */,
			);
			runOnlyForDeploymentPostprocessing = 0;
		};
		A8830C192BED0315005CAFEA /* Resources */ = {
			isa = PBXResourcesBuildPhase;
			buildActionMask = 2147483647;
			files = (
			);
			runOnlyForDeploymentPostprocessing = 0;
		};
		A8830C262BED03BB005CAFEA /* Resources */ = {
			isa = PBXResourcesBuildPhase;
			buildActionMask = 2147483647;
			files = (
			);
			runOnlyForDeploymentPostprocessing = 0;
		};
/* End PBXResourcesBuildPhase section */

/* Begin PBXSourcesBuildPhase section */
		A81F21EC2BDC1DB700A8A301 /* Sources */ = {
			isa = PBXSourcesBuildPhase;
			buildActionMask = 2147483647;
			files = (
				A81F21F62BDC1DB700A8A301 /* ContentView.swift in Sources */,
				A81F21F42BDC1DB700A8A301 /* Course_AppApp.swift in Sources */,
			);
			runOnlyForDeploymentPostprocessing = 0;
		};
		A8830C172BED0315005CAFEA /* Sources */ = {
			isa = PBXSourcesBuildPhase;
			buildActionMask = 2147483647;
			files = (
				A8830C1E2BED0315005CAFEA /* Course_App_UnitTests.swift in Sources */,
			);
			runOnlyForDeploymentPostprocessing = 0;
		};
		A8830C242BED03BB005CAFEA /* Sources */ = {
			isa = PBXSourcesBuildPhase;
			buildActionMask = 2147483647;
			files = (
				A8830C2B2BED03BB005CAFEA /* Course_App_UITests.swift in Sources */,
				A8830C2D2BED03BB005CAFEA /* Course_App_UITestsLaunchTests.swift in Sources */,
			);
			runOnlyForDeploymentPostprocessing = 0;
		};
/* End PBXSourcesBuildPhase section */

/* Begin PBXTargetDependency section */
		A8830C202BED0315005CAFEA /* PBXTargetDependency */ = {
			isa = PBXTargetDependency;
			target = A81F21EF2BDC1DB700A8A301 /* Course App */;
			targetProxy = A8830C1F2BED0315005CAFEA /* PBXContainerItemProxy */;
		};
		A8830C2F2BED03BB005CAFEA /* PBXTargetDependency */ = {
			isa = PBXTargetDependency;
			target = A81F21EF2BDC1DB700A8A301 /* Course App */;
			targetProxy = A8830C2E2BED03BB005CAFEA /* PBXContainerItemProxy */;
		};
/* End PBXTargetDependency section */

/* Begin XCBuildConfiguration section */
		A81F21FC2BDC1DB900A8A301 /* Debug */ = {
			isa = XCBuildConfiguration;
			buildSettings = {
				ALWAYS_SEARCH_USER_PATHS = NO;
				ASSETCATALOG_COMPILER_GENERATE_SWIFT_ASSET_SYMBOL_EXTENSIONS = YES;
				CLANG_ANALYZER_NONNULL = YES;
				CLANG_ANALYZER_NUMBER_OBJECT_CONVERSION = YES_AGGRESSIVE;
				CLANG_CXX_LANGUAGE_STANDARD = "gnu++20";
				CLANG_ENABLE_MODULES = YES;
				CLANG_ENABLE_OBJC_ARC = YES;
				CLANG_ENABLE_OBJC_WEAK = YES;
				CLANG_WARN_BLOCK_CAPTURE_AUTORELEASING = YES;
				CLANG_WARN_BOOL_CONVERSION = YES;
				CLANG_WARN_COMMA = YES;
				CLANG_WARN_CONSTANT_CONVERSION = YES;
				CLANG_WARN_DEPRECATED_OBJC_IMPLEMENTATIONS = YES;
				CLANG_WARN_DIRECT_OBJC_ISA_USAGE = YES_ERROR;
				CLANG_WARN_DOCUMENTATION_COMMENTS = YES;
				CLANG_WARN_EMPTY_BODY = YES;
				CLANG_WARN_ENUM_CONVERSION = YES;
				CLANG_WARN_INFINITE_RECURSION = YES;
				CLANG_WARN_INT_CONVERSION = YES;
				CLANG_WARN_NON_LITERAL_NULL_CONVERSION = YES;
				CLANG_WARN_OBJC_IMPLICIT_RETAIN_SELF = YES;
				CLANG_WARN_OBJC_LITERAL_CONVERSION = YES;
				CLANG_WARN_OBJC_ROOT_CLASS = YES_ERROR;
				CLANG_WARN_QUOTED_INCLUDE_IN_FRAMEWORK_HEADER = YES;
				CLANG_WARN_RANGE_LOOP_ANALYSIS = YES;
				CLANG_WARN_STRICT_PROTOTYPES = YES;
				CLANG_WARN_SUSPICIOUS_MOVE = YES;
				CLANG_WARN_UNGUARDED_AVAILABILITY = YES_AGGRESSIVE;
				CLANG_WARN_UNREACHABLE_CODE = YES;
				CLANG_WARN__DUPLICATE_METHOD_MATCH = YES;
				COPY_PHASE_STRIP = NO;
				DEBUG_INFORMATION_FORMAT = dwarf;
				ENABLE_STRICT_OBJC_MSGSEND = YES;
				ENABLE_TESTABILITY = YES;
				ENABLE_USER_SCRIPT_SANDBOXING = YES;
				GCC_C_LANGUAGE_STANDARD = gnu17;
				GCC_DYNAMIC_NO_PIC = NO;
				GCC_NO_COMMON_BLOCKS = YES;
				GCC_OPTIMIZATION_LEVEL = 0;
				GCC_PREPROCESSOR_DEFINITIONS = (
					"DEBUG=1",
					"$(inherited)",
				);
				GCC_WARN_64_TO_32_BIT_CONVERSION = YES;
				GCC_WARN_ABOUT_RETURN_TYPE = YES_ERROR;
				GCC_WARN_UNDECLARED_SELECTOR = YES;
				GCC_WARN_UNINITIALIZED_AUTOS = YES_AGGRESSIVE;
				GCC_WARN_UNUSED_FUNCTION = YES;
				GCC_WARN_UNUSED_VARIABLE = YES;
				IPHONEOS_DEPLOYMENT_TARGET = 17.4;
				LOCALIZATION_PREFERS_STRING_CATALOGS = YES;
				MTL_ENABLE_DEBUG_INFO = INCLUDE_SOURCE;
				MTL_FAST_MATH = YES;
				ONLY_ACTIVE_ARCH = YES;
				SDKROOT = iphoneos;
				SWIFT_ACTIVE_COMPILATION_CONDITIONS = "DEBUG $(inherited)";
				SWIFT_OPTIMIZATION_LEVEL = "-Onone";
			};
			name = Debug;
		};
		A81F21FD2BDC1DB900A8A301 /* Release */ = {
			isa = XCBuildConfiguration;
			buildSettings = {
				ALWAYS_SEARCH_USER_PATHS = NO;
				ASSETCATALOG_COMPILER_GENERATE_SWIFT_ASSET_SYMBOL_EXTENSIONS = YES;
				CLANG_ANALYZER_NONNULL = YES;
				CLANG_ANALYZER_NUMBER_OBJECT_CONVERSION = YES_AGGRESSIVE;
				CLANG_CXX_LANGUAGE_STANDARD = "gnu++20";
				CLANG_ENABLE_MODULES = YES;
				CLANG_ENABLE_OBJC_ARC = YES;
				CLANG_ENABLE_OBJC_WEAK = YES;
				CLANG_WARN_BLOCK_CAPTURE_AUTORELEASING = YES;
				CLANG_WARN_BOOL_CONVERSION = YES;
				CLANG_WARN_COMMA = YES;
				CLANG_WARN_CONSTANT_CONVERSION = YES;
				CLANG_WARN_DEPRECATED_OBJC_IMPLEMENTATIONS = YES;
				CLANG_WARN_DIRECT_OBJC_ISA_USAGE = YES_ERROR;
				CLANG_WARN_DOCUMENTATION_COMMENTS = YES;
				CLANG_WARN_EMPTY_BODY = YES;
				CLANG_WARN_ENUM_CONVERSION = YES;
				CLANG_WARN_INFINITE_RECURSION = YES;
				CLANG_WARN_INT_CONVERSION = YES;
				CLANG_WARN_NON_LITERAL_NULL_CONVERSION = YES;
				CLANG_WARN_OBJC_IMPLICIT_RETAIN_SELF = YES;
				CLANG_WARN_OBJC_LITERAL_CONVERSION = YES;
				CLANG_WARN_OBJC_ROOT_CLASS = YES_ERROR;
				CLANG_WARN_QUOTED_INCLUDE_IN_FRAMEWORK_HEADER = YES;
				CLANG_WARN_RANGE_LOOP_ANALYSIS = YES;
				CLANG_WARN_STRICT_PROTOTYPES = YES;
				CLANG_WARN_SUSPICIOUS_MOVE = YES;
				CLANG_WARN_UNGUARDED_AVAILABILITY = YES_AGGRESSIVE;
				CLANG_WARN_UNREACHABLE_CODE = YES;
				CLANG_WARN__DUPLICATE_METHOD_MATCH = YES;
				COPY_PHASE_STRIP = NO;
				DEBUG_INFORMATION_FORMAT = "dwarf-with-dsym";
				ENABLE_NS_ASSERTIONS = NO;
				ENABLE_STRICT_OBJC_MSGSEND = YES;
				ENABLE_USER_SCRIPT_SANDBOXING = YES;
				GCC_C_LANGUAGE_STANDARD = gnu17;
				GCC_NO_COMMON_BLOCKS = YES;
				GCC_WARN_64_TO_32_BIT_CONVERSION = YES;
				GCC_WARN_ABOUT_RETURN_TYPE = YES_ERROR;
				GCC_WARN_UNDECLARED_SELECTOR = YES;
				GCC_WARN_UNINITIALIZED_AUTOS = YES_AGGRESSIVE;
				GCC_WARN_UNUSED_FUNCTION = YES;
				GCC_WARN_UNUSED_VARIABLE = YES;
				IPHONEOS_DEPLOYMENT_TARGET = 17.4;
				LOCALIZATION_PREFERS_STRING_CATALOGS = YES;
				MTL_ENABLE_DEBUG_INFO = NO;
				MTL_FAST_MATH = YES;
				SDKROOT = iphoneos;
				SWIFT_COMPILATION_MODE = wholemodule;
				VALIDATE_PRODUCT = YES;
			};
			name = Release;
		};
		A81F21FF2BDC1DB900A8A301 /* Debug */ = {
			isa = XCBuildConfiguration;
			buildSettings = {
				ASSETCATALOG_COMPILER_APPICON_NAME = AppIcon;
				ASSETCATALOG_COMPILER_GLOBAL_ACCENT_COLOR_NAME = AccentColor;
				CODE_SIGN_STYLE = Automatic;
				CURRENT_PROJECT_VERSION = 1;
				DEVELOPMENT_ASSET_PATHS = "\"Course App/Preview Content\"";
				DEVELOPMENT_TEAM = 6A744UV7PU;
				ENABLE_PREVIEWS = YES;
				GENERATE_INFOPLIST_FILE = YES;
				INFOPLIST_KEY_UIApplicationSceneManifest_Generation = YES;
				INFOPLIST_KEY_UIApplicationSupportsIndirectInputEvents = YES;
				INFOPLIST_KEY_UILaunchScreen_Generation = YES;
				INFOPLIST_KEY_UISupportedInterfaceOrientations = UIInterfaceOrientationPortrait;
				LD_RUNPATH_SEARCH_PATHS = (
					"$(inherited)",
					"@executable_path/Frameworks",
				);
				MARKETING_VERSION = 1.0;
				PRODUCT_BUNDLE_IDENTIFIER = "com.tomasduchoslav.Course-App";
				PRODUCT_NAME = "$(TARGET_NAME)";
				SUPPORTED_PLATFORMS = "iphoneos iphonesimulator";
				SUPPORTS_MACCATALYST = NO;
				SUPPORTS_MAC_DESIGNED_FOR_IPHONE_IPAD = NO;
				SUPPORTS_XR_DESIGNED_FOR_IPHONE_IPAD = NO;
				SWIFT_EMIT_LOC_STRINGS = YES;
				SWIFT_VERSION = 5.0;
				TARGETED_DEVICE_FAMILY = "1,2";
			};
			name = Debug;
		};
		A81F22002BDC1DB900A8A301 /* Release */ = {
			isa = XCBuildConfiguration;
			buildSettings = {
				ASSETCATALOG_COMPILER_APPICON_NAME = AppIcon;
				ASSETCATALOG_COMPILER_GLOBAL_ACCENT_COLOR_NAME = AccentColor;
				CODE_SIGN_STYLE = Automatic;
				CURRENT_PROJECT_VERSION = 1;
				DEVELOPMENT_ASSET_PATHS = "\"Course App/Preview Content\"";
				DEVELOPMENT_TEAM = 6A744UV7PU;
				ENABLE_PREVIEWS = YES;
				GENERATE_INFOPLIST_FILE = YES;
				INFOPLIST_KEY_UIApplicationSceneManifest_Generation = YES;
				INFOPLIST_KEY_UIApplicationSupportsIndirectInputEvents = YES;
				INFOPLIST_KEY_UILaunchScreen_Generation = YES;
				INFOPLIST_KEY_UISupportedInterfaceOrientations = UIInterfaceOrientationPortrait;
				LD_RUNPATH_SEARCH_PATHS = (
					"$(inherited)",
					"@executable_path/Frameworks",
				);
				MARKETING_VERSION = 1.0;
				PRODUCT_BUNDLE_IDENTIFIER = "com.tomasduchoslav.Course-App";
				PRODUCT_NAME = "$(TARGET_NAME)";
				SUPPORTED_PLATFORMS = "iphoneos iphonesimulator";
				SUPPORTS_MACCATALYST = NO;
				SUPPORTS_MAC_DESIGNED_FOR_IPHONE_IPAD = NO;
				SUPPORTS_XR_DESIGNED_FOR_IPHONE_IPAD = NO;
				SWIFT_EMIT_LOC_STRINGS = YES;
				SWIFT_VERSION = 5.0;
				TARGETED_DEVICE_FAMILY = "1,2";
			};
			name = Release;
		};
		A8830C222BED0315005CAFEA /* Debug */ = {
			isa = XCBuildConfiguration;
			buildSettings = {
				BUNDLE_LOADER = "$(TEST_HOST)";
				CODE_SIGN_STYLE = Automatic;
				CURRENT_PROJECT_VERSION = 1;
				DEVELOPMENT_TEAM = 6A744UV7PU;
				GENERATE_INFOPLIST_FILE = YES;
				MARKETING_VERSION = 1.0;
				PRODUCT_BUNDLE_IDENTIFIER = "com.tomasduchoslav.Course-App-UnitTests";
				PRODUCT_NAME = "$(TARGET_NAME)";
				SUPPORTED_PLATFORMS = "iphoneos iphonesimulator";
				SUPPORTS_MACCATALYST = NO;
				SUPPORTS_MAC_DESIGNED_FOR_IPHONE_IPAD = NO;
				SUPPORTS_XR_DESIGNED_FOR_IPHONE_IPAD = NO;
				SWIFT_EMIT_LOC_STRINGS = NO;
				SWIFT_VERSION = 5.0;
				TARGETED_DEVICE_FAMILY = "1,2";
				TEST_HOST = "$(BUILT_PRODUCTS_DIR)/Course App.app/$(BUNDLE_EXECUTABLE_FOLDER_PATH)/Course App";
			};
			name = Debug;
		};
		A8830C232BED0315005CAFEA /* Release */ = {
			isa = XCBuildConfiguration;
			buildSettings = {
				BUNDLE_LOADER = "$(TEST_HOST)";
				CODE_SIGN_STYLE = Automatic;
				CURRENT_PROJECT_VERSION = 1;
				DEVELOPMENT_TEAM = 6A744UV7PU;
				GENERATE_INFOPLIST_FILE = YES;
				MARKETING_VERSION = 1.0;
				PRODUCT_BUNDLE_IDENTIFIER = "com.tomasduchoslav.Course-App-UnitTests";
				PRODUCT_NAME = "$(TARGET_NAME)";
				SUPPORTED_PLATFORMS = "iphoneos iphonesimulator";
				SUPPORTS_MACCATALYST = NO;
				SUPPORTS_MAC_DESIGNED_FOR_IPHONE_IPAD = NO;
				SUPPORTS_XR_DESIGNED_FOR_IPHONE_IPAD = NO;
				SWIFT_EMIT_LOC_STRINGS = NO;
				SWIFT_VERSION = 5.0;
				TARGETED_DEVICE_FAMILY = "1,2";
				TEST_HOST = "$(BUILT_PRODUCTS_DIR)/Course App.app/$(BUNDLE_EXECUTABLE_FOLDER_PATH)/Course App";
			};
			name = Release;
		};
		A8830C312BED03BB005CAFEA /* Debug */ = {
			isa = XCBuildConfiguration;
			buildSettings = {
				CODE_SIGN_STYLE = Automatic;
				CURRENT_PROJECT_VERSION = 1;
				DEVELOPMENT_TEAM = 6A744UV7PU;
				GENERATE_INFOPLIST_FILE = YES;
				MARKETING_VERSION = 1.0;
				PRODUCT_BUNDLE_IDENTIFIER = "com.tomasduchoslav.Course-App-UITests";
				PRODUCT_NAME = "$(TARGET_NAME)";
				SUPPORTED_PLATFORMS = "iphoneos iphonesimulator";
				SUPPORTS_MACCATALYST = NO;
				SUPPORTS_MAC_DESIGNED_FOR_IPHONE_IPAD = NO;
				SUPPORTS_XR_DESIGNED_FOR_IPHONE_IPAD = NO;
				SWIFT_EMIT_LOC_STRINGS = NO;
				SWIFT_VERSION = 5.0;
				TARGETED_DEVICE_FAMILY = "1,2";
				TEST_TARGET_NAME = "Course App";
			};
			name = Debug;
		};
		A8830C322BED03BB005CAFEA /* Release */ = {
			isa = XCBuildConfiguration;
			buildSettings = {
				CODE_SIGN_STYLE = Automatic;
				CURRENT_PROJECT_VERSION = 1;
				DEVELOPMENT_TEAM = 6A744UV7PU;
				GENERATE_INFOPLIST_FILE = YES;
				MARKETING_VERSION = 1.0;
				PRODUCT_BUNDLE_IDENTIFIER = "com.tomasduchoslav.Course-App-UITests";
				PRODUCT_NAME = "$(TARGET_NAME)";
				SUPPORTED_PLATFORMS = "iphoneos iphonesimulator";
				SUPPORTS_MACCATALYST = NO;
				SUPPORTS_MAC_DESIGNED_FOR_IPHONE_IPAD = NO;
				SUPPORTS_XR_DESIGNED_FOR_IPHONE_IPAD = NO;
				SWIFT_EMIT_LOC_STRINGS = NO;
				SWIFT_VERSION = 5.0;
				TARGETED_DEVICE_FAMILY = "1,2";
				TEST_TARGET_NAME = "Course App";
			};
			name = Release;
		};
/* End XCBuildConfiguration section */

/* Begin XCConfigurationList section */
		A81F21EB2BDC1DB700A8A301 /* Build configuration list for PBXProject "Course App" */ = {
			isa = XCConfigurationList;
			buildConfigurations = (
				A81F21FC2BDC1DB900A8A301 /* Debug */,
				A81F21FD2BDC1DB900A8A301 /* Release */,
			);
			defaultConfigurationIsVisible = 0;
			defaultConfigurationName = Release;
		};
		A81F21FE2BDC1DB900A8A301 /* Build configuration list for PBXNativeTarget "Course App" */ = {
			isa = XCConfigurationList;
			buildConfigurations = (
				A81F21FF2BDC1DB900A8A301 /* Debug */,
				A81F22002BDC1DB900A8A301 /* Release */,
			);
			defaultConfigurationIsVisible = 0;
			defaultConfigurationName = Release;
		};
		A8830C212BED0315005CAFEA /* Build configuration list for PBXNativeTarget "Course App UnitTests" */ = {
			isa = XCConfigurationList;
			buildConfigurations = (
				A8830C222BED0315005CAFEA /* Debug */,
				A8830C232BED0315005CAFEA /* Release */,
			);
			defaultConfigurationIsVisible = 0;
			defaultConfigurationName = Release;
		};
		A8830C302BED03BB005CAFEA /* Build configuration list for PBXNativeTarget "Course App UITests" */ = {
			isa = XCConfigurationList;
			buildConfigurations = (
				A8830C312BED03BB005CAFEA /* Debug */,
				A8830C322BED03BB005CAFEA /* Release */,
			);
			defaultConfigurationIsVisible = 0;
			defaultConfigurationName = Release;
		};
/* End XCConfigurationList section */
	};
	rootObject = A81F21E82BDC1DB700A8A301 /* Project object */;
}
