// !$*UTF8*$!
{
	archiveVersion = 1;
	classes = {
	};
	objectVersion = 56;
	objects = {

/* Begin PBXBuildFile section */
		A81F21F42BDC1DB700A8A301 /* Course_AppApp.swift in Sources */ = {isa = PBXBuildFile; fileRef = A81F21F32BDC1DB700A8A301 /* Course_AppApp.swift */; };
		A81F21F82BDC1DB900A8A301 /* Images.xcassets in Resources */ = {isa = PBXBuildFile; fileRef = A81F21F72BDC1DB900A8A301 /* Images.xcassets */; };
		A81F21FB2BDC1DB900A8A301 /* Preview Assets.xcassets in Resources */ = {isa = PBXBuildFile; fileRef = A81F21FA2BDC1DB900A8A301 /* Preview Assets.xcassets */; };
		A845D9462BF365A60039AA1D /* HomeViewController.swift in Sources */ = {isa = PBXBuildFile; fileRef = A845D9442BF365A60039AA1D /* HomeViewController.swift */; };
		A845D94A2BF36F780039AA1D /* Colors.xcassets in Resources */ = {isa = PBXBuildFile; fileRef = A845D9492BF36F780039AA1D /* Colors.xcassets */; };
		A845D94C2BF3711D0039AA1D /* DataProvider.swift in Sources */ = {isa = PBXBuildFile; fileRef = A845D94B2BF3711D0039AA1D /* DataProvider.swift */; };
		A845D9532BF377250039AA1D /* ReusableIdentifier.swift in Sources */ = {isa = PBXBuildFile; fileRef = A845D9522BF377250039AA1D /* ReusableIdentifier.swift */; };
		A845D9552BF377A70039AA1D /* UICollectionView+ReusableIdentifier.swift in Sources */ = {isa = PBXBuildFile; fileRef = A845D9542BF377A70039AA1D /* UICollectionView+ReusableIdentifier.swift */; };
		A8830C1E2BED0315005CAFEA /* Course_App_UnitTests.swift in Sources */ = {isa = PBXBuildFile; fileRef = A8830C1D2BED0315005CAFEA /* Course_App_UnitTests.swift */; };
		A8830C2B2BED03BB005CAFEA /* Course_App_UITests.swift in Sources */ = {isa = PBXBuildFile; fileRef = A8830C2A2BED03BB005CAFEA /* Course_App_UITests.swift */; };
		A8830C2D2BED03BB005CAFEA /* Course_App_UITestsLaunchTests.swift in Sources */ = {isa = PBXBuildFile; fileRef = A8830C2C2BED03BB005CAFEA /* Course_App_UITestsLaunchTests.swift */; };
		A8830C402BED0EE0005CAFEA /* BuildConfiguration.swift in Sources */ = {isa = PBXBuildFile; fileRef = A8830C3F2BED0EE0005CAFEA /* BuildConfiguration.swift */; };
		A8830C482BEF80FA005CAFEA /* Poppins-Regular.ttf in Resources */ = {isa = PBXBuildFile; fileRef = A8830C452BEF80FA005CAFEA /* Poppins-Regular.ttf */; };
		A8830C492BEF80FA005CAFEA /* Poppins-Bold.ttf in Resources */ = {isa = PBXBuildFile; fileRef = A8830C462BEF80FA005CAFEA /* Poppins-Bold.ttf */; };
		A8830C4A2BEF80FA005CAFEA /* Poppins-MediumItalic.ttf in Resources */ = {isa = PBXBuildFile; fileRef = A8830C472BEF80FA005CAFEA /* Poppins-MediumItalic.ttf */; };
		A8830C4C2BEF84BC005CAFEA /* GoogleService-Info.plist in Resources */ = {isa = PBXBuildFile; fileRef = A8830C4B2BEF84BC005CAFEA /* GoogleService-Info.plist */; };
		A8830C4F2BEF8565005CAFEA /* FirebaseAuth in Frameworks */ = {isa = PBXBuildFile; productRef = A8830C4E2BEF8565005CAFEA /* FirebaseAuth */; };
		A8830C512BEF8565005CAFEA /* FirebaseFirestore in Frameworks */ = {isa = PBXBuildFile; productRef = A8830C502BEF8565005CAFEA /* FirebaseFirestore */; };
		F1076B532C00FE1000653A6E /* TextStyle.swift in Sources */ = {isa = PBXBuildFile; fileRef = F1076B522C00FE1000653A6E /* TextStyle.swift */; };
		F1076B652C01016B00653A6E /* UINavigationController+NavBarUI.swift in Sources */ = {isa = PBXBuildFile; fileRef = F1076B642C01016B00653A6E /* UINavigationController+NavBarUI.swift */; };
		F1076B672C0101A700653A6E /* CustomNavigationController.swift in Sources */ = {isa = PBXBuildFile; fileRef = F1076B662C0101A700653A6E /* CustomNavigationController.swift */; };
		F1076BB02C08FB5500653A6E /* Coordinator.swift in Sources */ = {isa = PBXBuildFile; fileRef = F1076BAF2C08FB5500653A6E /* Coordinator.swift */; };
		F1076BB22C08FC4700653A6E /* ViewControllerCoordinator.swift in Sources */ = {isa = PBXBuildFile; fileRef = F1076BB12C08FC4700653A6E /* ViewControllerCoordinator.swift */; };
		F1076BB42C08FC9800653A6E /* TabBarControllerCoordinator.swift in Sources */ = {isa = PBXBuildFile; fileRef = F1076BB32C08FC9800653A6E /* TabBarControllerCoordinator.swift */; };
		F1076BB62C08FCFE00653A6E /* NavigationControllerCoordinator.swift in Sources */ = {isa = PBXBuildFile; fileRef = F1076BB52C08FCFE00653A6E /* NavigationControllerCoordinator.swift */; };
		F1076BB92C08FDA500653A6E /* MainTabBarCoordinator.swift in Sources */ = {isa = PBXBuildFile; fileRef = F1076BB82C08FDA500653A6E /* MainTabBarCoordinator.swift */; };
		F1076BBD2C09027100653A6E /* CoordinatorView.swift in Sources */ = {isa = PBXBuildFile; fileRef = F1076BBC2C09027100653A6E /* CoordinatorView.swift */; };
		F1076BBF2C09052900653A6E /* AppCoordinator.swift in Sources */ = {isa = PBXBuildFile; fileRef = F1076BBE2C09052900653A6E /* AppCoordinator.swift */; };
		F1076BC22C0908A400653A6E /* SwipingViewNavigationCoordinator.swift in Sources */ = {isa = PBXBuildFile; fileRef = F1076BC12C0908A400653A6E /* SwipingViewNavigationCoordinator.swift */; };
		F1076BC52C090C0600653A6E /* HomeNavigationCoordinator.swift in Sources */ = {isa = PBXBuildFile; fileRef = F1076BC42C090C0600653A6E /* HomeNavigationCoordinator.swift */; };
		F1076BCA2C0B474200653A6E /* OnboardingView.swift in Sources */ = {isa = PBXBuildFile; fileRef = F1076BC92C0B474200653A6E /* OnboardingView.swift */; };
		F1076BCD2C0B475A00653A6E /* OnboardingNavigationCoordinator.swift in Sources */ = {isa = PBXBuildFile; fileRef = F1076BCC2C0B475A00653A6E /* OnboardingNavigationCoordinator.swift */; };
		F1076BCF2C0B552B00653A6E /* NavigationButtonStyle.swift in Sources */ = {isa = PBXBuildFile; fileRef = F1076BCE2C0B552B00653A6E /* NavigationButtonStyle.swift */; };
		F1076BD12C0B560E00653A6E /* ButtonStyle+CustomButtonStyle.swift in Sources */ = {isa = PBXBuildFile; fileRef = F1076BD02C0B560E00653A6E /* ButtonStyle+CustomButtonStyle.swift */; };
		F1076BD32C0B5CAA00653A6E /* OnboardingPage.swift in Sources */ = {isa = PBXBuildFile; fileRef = F1076BD22C0B5CAA00653A6E /* OnboardingPage.swift */; };
		F1076BD72C0D9F2200653A6E /* DeeplinkHandling.swift in Sources */ = {isa = PBXBuildFile; fileRef = F1076BD62C0D9F2200653A6E /* DeeplinkHandling.swift */; };
		F1076BD92C0D9F5400653A6E /* Deeplink.swift in Sources */ = {isa = PBXBuildFile; fileRef = F1076BD82C0D9F5400653A6E /* Deeplink.swift */; };
		F1076BDB2C0DA2EA00653A6E /* EventEmitting.swift in Sources */ = {isa = PBXBuildFile; fileRef = F1076BDA2C0DA2EA00653A6E /* EventEmitting.swift */; };
		F1076BDD2C0DA40000653A6E /* OnboardingViewEvent.swift in Sources */ = {isa = PBXBuildFile; fileRef = F1076BDC2C0DA40000653A6E /* OnboardingViewEvent.swift */; };
		F1076BDF2C0DA48A00653A6E /* OnboardingNavigationCoordinatorEvent.swift in Sources */ = {isa = PBXBuildFile; fileRef = F1076BDE2C0DA48A00653A6E /* OnboardingNavigationCoordinatorEvent.swift */; };
		F1076BE12C0DAB1C00653A6E /* CustomNavigationControllerEvent.swift in Sources */ = {isa = PBXBuildFile; fileRef = F1076BE02C0DAB1C00653A6E /* CustomNavigationControllerEvent.swift */; };
		F1076BE52C0DB83300653A6E /* ProfileNavigationCoordinator.swift in Sources */ = {isa = PBXBuildFile; fileRef = F1076BE42C0DB83300653A6E /* ProfileNavigationCoordinator.swift */; };
		F1076BE92C0DB91700653A6E /* ProfileView.swift in Sources */ = {isa = PBXBuildFile; fileRef = F1076BE82C0DB91700653A6E /* ProfileView.swift */; };
		F1076BED2C0DBF9000653A6E /* SignInNavigationCoordinator.swift in Sources */ = {isa = PBXBuildFile; fileRef = F1076BEC2C0DBF9000653A6E /* SignInNavigationCoordinator.swift */; };
		F1076BEF2C0DBF9A00653A6E /* SignInView.swift in Sources */ = {isa = PBXBuildFile; fileRef = F1076BEE2C0DBF9A00653A6E /* SignInView.swift */; };
		F1076BF12C0DC1DA00653A6E /* SignInViewEvent.swift in Sources */ = {isa = PBXBuildFile; fileRef = F1076BF02C0DC1DA00653A6E /* SignInViewEvent.swift */; };
		F1076BF32C0DC55200653A6E /* SignInNavigationCoordinatorEvent.swift in Sources */ = {isa = PBXBuildFile; fileRef = F1076BF22C0DC55200653A6E /* SignInNavigationCoordinatorEvent.swift */; };
		F1076BF72C0DDA9400653A6E /* ProfileViewEvent.swift in Sources */ = {isa = PBXBuildFile; fileRef = F1076BF62C0DDA9400653A6E /* ProfileViewEvent.swift */; };
		F1076BF92C0DDB2800653A6E /* ProfileNavigationCoordinatorEvent.swift in Sources */ = {isa = PBXBuildFile; fileRef = F1076BF82C0DDB2800653A6E /* ProfileNavigationCoordinatorEvent.swift */; };
		F1076BFB2C0DDCBD00653A6E /* MainTabBarCoordinatorEvent.swift in Sources */ = {isa = PBXBuildFile; fileRef = F1076BFA2C0DDCBD00653A6E /* MainTabBarCoordinatorEvent.swift */; };
		F1076BFD2C0F0B8500653A6E /* CustomError.swift in Sources */ = {isa = PBXBuildFile; fileRef = F1076BFC2C0F0B8500653A6E /* CustomError.swift */; };
		F13088E22C11F05300FA83EC /* APIManaging.swift in Sources */ = {isa = PBXBuildFile; fileRef = F13088E12C11F05300FA83EC /* APIManaging.swift */; };
		F13088E42C11F08000FA83EC /* APIManager.swift in Sources */ = {isa = PBXBuildFile; fileRef = F13088E32C11F08000FA83EC /* APIManager.swift */; };
		F13088E72C11F32900FA83EC /* JokeResponse.swift in Sources */ = {isa = PBXBuildFile; fileRef = F13088E62C11F32900FA83EC /* JokeResponse.swift */; };
		F13088E92C11F58900FA83EC /* JokesRouter.swift in Sources */ = {isa = PBXBuildFile; fileRef = F13088E82C11F58900FA83EC /* JokesRouter.swift */; };
		F13088EB2C130A1500FA83EC /* HTTPResponseStatusCode.swift in Sources */ = {isa = PBXBuildFile; fileRef = F13088EA2C130A1500FA83EC /* HTTPResponseStatusCode.swift */; };
		F13088F02C14A6F600FA83EC /* JokeServicing.swift in Sources */ = {isa = PBXBuildFile; fileRef = F13088EF2C14A6F600FA83EC /* JokeServicing.swift */; };
		F13088F22C14A79600FA83EC /* JokeService.swift in Sources */ = {isa = PBXBuildFile; fileRef = F13088F12C14A79600FA83EC /* JokeService.swift */; };
		F13088F62C16EBD400FA83EC /* OnFirstAppear.swift in Sources */ = {isa = PBXBuildFile; fileRef = F13088F52C16EBD400FA83EC /* OnFirstAppear.swift */; };
		F13088F82C16EC0F00FA83EC /* Action.swift in Sources */ = {isa = PBXBuildFile; fileRef = F13088F72C16EC0F00FA83EC /* Action.swift */; };
		F13088FA2C17081000FA83EC /* Credentials.swift in Sources */ = {isa = PBXBuildFile; fileRef = F13088F92C17081000FA83EC /* Credentials.swift */; };
		F13088FD2C1708AB00FA83EC /* FirebaseAuthManaging.swift in Sources */ = {isa = PBXBuildFile; fileRef = F13088FC2C1708AB00FA83EC /* FirebaseAuthManaging.swift */; };
		F13088FF2C1708FC00FA83EC /* FirebaseAuthManager.swift in Sources */ = {isa = PBXBuildFile; fileRef = F13088FE2C1708FC00FA83EC /* FirebaseAuthManager.swift */; };
		F13089022C17146600FA83EC /* StorageManaging.swift in Sources */ = {isa = PBXBuildFile; fileRef = F13089012C17146600FA83EC /* StorageManaging.swift */; };
		F13089042C1714AF00FA83EC /* StorageManager.swift in Sources */ = {isa = PBXBuildFile; fileRef = F13089032C1714AF00FA83EC /* StorageManager.swift */; };
		F130890C2C19B69E00FA83EC /* HomeViewEvent.swift in Sources */ = {isa = PBXBuildFile; fileRef = F130890B2C19B69E00FA83EC /* HomeViewEvent.swift */; };
		F130890E2C19B78700FA83EC /* SwipingViewCoordinating.swift in Sources */ = {isa = PBXBuildFile; fileRef = F130890D2C19B78700FA83EC /* SwipingViewCoordinating.swift */; };
		F13089102C19B81F00FA83EC /* HomeNavigationCoordinatorEvent.swift in Sources */ = {isa = PBXBuildFile; fileRef = F130890F2C19B81F00FA83EC /* HomeNavigationCoordinatorEvent.swift */; };
		F13089132C1C55AF00FA83EC /* DependencyInjection in Frameworks */ = {isa = PBXBuildFile; productRef = F13089122C1C55AF00FA83EC /* DependencyInjection */; };
		F13089162C1C5A1300FA83EC /* ManagerRegistration.swift in Sources */ = {isa = PBXBuildFile; fileRef = F13089152C1C5A1300FA83EC /* ManagerRegistration.swift */; };
		F13089182C1C5E0300FA83EC /* ServiceRegistration.swift in Sources */ = {isa = PBXBuildFile; fileRef = F13089172C1C5E0300FA83EC /* ServiceRegistration.swift */; };
		F130891A2C1C64FF00FA83EC /* Store.swift in Sources */ = {isa = PBXBuildFile; fileRef = F13089192C1C64FF00FA83EC /* Store.swift */; };
		F130891D2C1C659100FA83EC /* SwipingViewStore.swift in Sources */ = {isa = PBXBuildFile; fileRef = F130891C2C1C659100FA83EC /* SwipingViewStore.swift */; };
		F130891F2C1DA84A00FA83EC /* SwipingViewState.swift in Sources */ = {isa = PBXBuildFile; fileRef = F130891E2C1DA84A00FA83EC /* SwipingViewState.swift */; };
		F13089212C1DA85900FA83EC /* SwipingViewAction.swift in Sources */ = {isa = PBXBuildFile; fileRef = F13089202C1DA85900FA83EC /* SwipingViewAction.swift */; };
		F13089232C1DCB0C00FA83EC /* SwipingViewEvent.swift in Sources */ = {isa = PBXBuildFile; fileRef = F13089222C1DCB0C00FA83EC /* SwipingViewEvent.swift */; };
		F13089252C1DE6E000FA83EC /* StoreRegistration.swift in Sources */ = {isa = PBXBuildFile; fileRef = F13089242C1DE6E000FA83EC /* StoreRegistration.swift */; };
		F13089282C202D2B00FA83EC /* SignInViewStore.swift in Sources */ = {isa = PBXBuildFile; fileRef = F13089272C202D2B00FA83EC /* SignInViewStore.swift */; };
		F130892B2C202D3E00FA83EC /* SignInViewAction.swift in Sources */ = {isa = PBXBuildFile; fileRef = F130892A2C202D3E00FA83EC /* SignInViewAction.swift */; };
		F130892D2C202D4500FA83EC /* SignInViewState.swift in Sources */ = {isa = PBXBuildFile; fileRef = F130892C2C202D4500FA83EC /* SignInViewState.swift */; };
		F13089342C205C3300FA83EC /* DesignSystem in Frameworks */ = {isa = PBXBuildFile; productRef = F13089332C205C3300FA83EC /* DesignSystem */; };
		F18F1A792C107591005364B7 /* KeychainAccess in Frameworks */ = {isa = PBXBuildFile; productRef = F18F1A782C107591005364B7 /* KeychainAccess */; };
		F18F1A7B2C1075C7005364B7 /* FirebaseFirestoreCombine-Community in Frameworks */ = {isa = PBXBuildFile; productRef = F18F1A7A2C1075C7005364B7 /* FirebaseFirestoreCombine-Community */; };
		F18F1A7D2C1075C7005364B7 /* FirebaseFirestoreSwift in Frameworks */ = {isa = PBXBuildFile; productRef = F18F1A7C2C1075C7005364B7 /* FirebaseFirestoreSwift */; };
		F18F1A812C107656005364B7 /* KeychainManaging.swift in Sources */ = {isa = PBXBuildFile; fileRef = F18F1A802C107656005364B7 /* KeychainManaging.swift */; };
		F18F1A852C1076A8005364B7 /* KeychainManagerError.swift in Sources */ = {isa = PBXBuildFile; fileRef = F18F1A842C1076A8005364B7 /* KeychainManagerError.swift */; };
		F18F1A872C1076EA005364B7 /* KeychainManager.swift in Sources */ = {isa = PBXBuildFile; fileRef = F18F1A862C1076EA005364B7 /* KeychainManager.swift */; };
		F18F1A892C107725005364B7 /* KeychainServicing.swift in Sources */ = {isa = PBXBuildFile; fileRef = F18F1A882C107725005364B7 /* KeychainServicing.swift */; };
		F18F1A8B2C10774C005364B7 /* KeychainService.swift in Sources */ = {isa = PBXBuildFile; fileRef = F18F1A8A2C10774C005364B7 /* KeychainService.swift */; };
		F18F1A8D2C107AFE005364B7 /* OnboardingCoordinatorPresenting.swift in Sources */ = {isa = PBXBuildFile; fileRef = F18F1A8C2C107AFE005364B7 /* OnboardingCoordinatorPresenting.swift */; };
		F18F1A8F2C107C70005364B7 /* CancellablesContaining.swift in Sources */ = {isa = PBXBuildFile; fileRef = F18F1A8E2C107C70005364B7 /* CancellablesContaining.swift */; };
		F18F1A922C108CCB005364B7 /* Endpoint.swift in Sources */ = {isa = PBXBuildFile; fileRef = F18F1A912C108CCB005364B7 /* Endpoint.swift */; };
		F18F1A952C11B3DB005364B7 /* NetworkingError.swift in Sources */ = {isa = PBXBuildFile; fileRef = F18F1A942C11B3DB005364B7 /* NetworkingError.swift */; };
		F18F1A972C11B3EB005364B7 /* HTTPHeader.swift in Sources */ = {isa = PBXBuildFile; fileRef = F18F1A962C11B3EB005364B7 /* HTTPHeader.swift */; };
		F18F1A992C11B400005364B7 /* HTTPMethod.swift in Sources */ = {isa = PBXBuildFile; fileRef = F18F1A982C11B400005364B7 /* HTTPMethod.swift */; };
		F18F1A9B2C11B413005364B7 /* Endpoint+Convenience.swift in Sources */ = {isa = PBXBuildFile; fileRef = F18F1A9A2C11B413005364B7 /* Endpoint+Convenience.swift */; };
		F18F1A9E2C11B502005364B7 /* ImagesRouter.swift in Sources */ = {isa = PBXBuildFile; fileRef = F18F1A9D2C11B502005364B7 /* ImagesRouter.swift */; };
		F190AB292BFDDBA5001AF32D /* SelectableButtonStyle.swift in Sources */ = {isa = PBXBuildFile; fileRef = F190AB282BFDDBA5001AF32D /* SelectableButtonStyle.swift */; };
		F190AB2E2BFDDDA1001AF32D /* BorderedModifier.swift in Sources */ = {isa = PBXBuildFile; fileRef = F190AB2D2BFDDDA1001AF32D /* BorderedModifier.swift */; };
		F190AB302BFDDEB7001AF32D /* Image+ResizableBordered.swift in Sources */ = {isa = PBXBuildFile; fileRef = F190AB2F2BFDDEB7001AF32D /* Image+ResizableBordered.swift */; };
		F190AB342BFDE2D0001AF32D /* SwipingView.swift in Sources */ = {isa = PBXBuildFile; fileRef = F190AB332BFDE2D0001AF32D /* SwipingView.swift */; };
		F190AB362BFDE300001AF32D /* SwipingCard.swift in Sources */ = {isa = PBXBuildFile; fileRef = F190AB352BFDE300001AF32D /* SwipingCard.swift */; };
		F190AB382BFDE372001AF32D /* ScratchView.swift in Sources */ = {isa = PBXBuildFile; fileRef = F190AB372BFDE372001AF32D /* ScratchView.swift */; };
/* End PBXBuildFile section */

/* Begin PBXContainerItemProxy section */
		A8830C1F2BED0315005CAFEA /* PBXContainerItemProxy */ = {
			isa = PBXContainerItemProxy;
			containerPortal = A81F21E82BDC1DB700A8A301 /* Project object */;
			proxyType = 1;
			remoteGlobalIDString = A81F21EF2BDC1DB700A8A301;
			remoteInfo = "Course App";
		};
		A8830C2E2BED03BB005CAFEA /* PBXContainerItemProxy */ = {
			isa = PBXContainerItemProxy;
			containerPortal = A81F21E82BDC1DB700A8A301 /* Project object */;
			proxyType = 1;
			remoteGlobalIDString = A81F21EF2BDC1DB700A8A301;
			remoteInfo = "Course App";
		};
/* End PBXContainerItemProxy section */

/* Begin PBXFileReference section */
		A81F21F02BDC1DB700A8A301 /* App Course Dev.app */ = {isa = PBXFileReference; explicitFileType = wrapper.application; includeInIndex = 0; path = "App Course Dev.app"; sourceTree = BUILT_PRODUCTS_DIR; };
		A81F21F32BDC1DB700A8A301 /* Course_AppApp.swift */ = {isa = PBXFileReference; lastKnownFileType = sourcecode.swift; path = Course_AppApp.swift; sourceTree = "<group>"; };
		A81F21F72BDC1DB900A8A301 /* Images.xcassets */ = {isa = PBXFileReference; lastKnownFileType = folder.assetcatalog; path = Images.xcassets; sourceTree = "<group>"; };
		A81F21FA2BDC1DB900A8A301 /* Preview Assets.xcassets */ = {isa = PBXFileReference; lastKnownFileType = folder.assetcatalog; path = "Preview Assets.xcassets"; sourceTree = "<group>"; };
		A845D9442BF365A60039AA1D /* HomeViewController.swift */ = {isa = PBXFileReference; lastKnownFileType = sourcecode.swift; path = HomeViewController.swift; sourceTree = "<group>"; };
		A845D9492BF36F780039AA1D /* Colors.xcassets */ = {isa = PBXFileReference; lastKnownFileType = folder.assetcatalog; path = Colors.xcassets; sourceTree = "<group>"; };
		A845D94B2BF3711D0039AA1D /* DataProvider.swift */ = {isa = PBXFileReference; lastKnownFileType = sourcecode.swift; path = DataProvider.swift; sourceTree = "<group>"; };
		A845D9522BF377250039AA1D /* ReusableIdentifier.swift */ = {isa = PBXFileReference; lastKnownFileType = sourcecode.swift; path = ReusableIdentifier.swift; sourceTree = "<group>"; };
		A845D9542BF377A70039AA1D /* UICollectionView+ReusableIdentifier.swift */ = {isa = PBXFileReference; lastKnownFileType = sourcecode.swift; path = "UICollectionView+ReusableIdentifier.swift"; sourceTree = "<group>"; };
		A8830C1B2BED0315005CAFEA /* Course App UnitTests.xctest */ = {isa = PBXFileReference; explicitFileType = wrapper.cfbundle; includeInIndex = 0; path = "Course App UnitTests.xctest"; sourceTree = BUILT_PRODUCTS_DIR; };
		A8830C1D2BED0315005CAFEA /* Course_App_UnitTests.swift */ = {isa = PBXFileReference; lastKnownFileType = sourcecode.swift; path = Course_App_UnitTests.swift; sourceTree = "<group>"; };
		A8830C282BED03BB005CAFEA /* Course App UITests.xctest */ = {isa = PBXFileReference; explicitFileType = wrapper.cfbundle; includeInIndex = 0; path = "Course App UITests.xctest"; sourceTree = BUILT_PRODUCTS_DIR; };
		A8830C2A2BED03BB005CAFEA /* Course_App_UITests.swift */ = {isa = PBXFileReference; lastKnownFileType = sourcecode.swift; path = Course_App_UITests.swift; sourceTree = "<group>"; };
		A8830C2C2BED03BB005CAFEA /* Course_App_UITestsLaunchTests.swift */ = {isa = PBXFileReference; lastKnownFileType = sourcecode.swift; path = Course_App_UITestsLaunchTests.swift; sourceTree = "<group>"; };
		A8830C332BED05F4005CAFEA /* Development.xcconfig */ = {isa = PBXFileReference; lastKnownFileType = text.xcconfig; path = Development.xcconfig; sourceTree = "<group>"; };
		A8830C352BED07EF005CAFEA /* Production.xcconfig */ = {isa = PBXFileReference; lastKnownFileType = text.xcconfig; path = Production.xcconfig; sourceTree = "<group>"; };
		A8830C3E2BED0E80005CAFEA /* Course-App-Info.plist */ = {isa = PBXFileReference; lastKnownFileType = text.plist; path = "Course-App-Info.plist"; sourceTree = SOURCE_ROOT; };
		A8830C3F2BED0EE0005CAFEA /* BuildConfiguration.swift */ = {isa = PBXFileReference; lastKnownFileType = sourcecode.swift; path = BuildConfiguration.swift; sourceTree = "<group>"; };
		A8830C452BEF80FA005CAFEA /* Poppins-Regular.ttf */ = {isa = PBXFileReference; lastKnownFileType = file; path = "Poppins-Regular.ttf"; sourceTree = "<group>"; };
		A8830C462BEF80FA005CAFEA /* Poppins-Bold.ttf */ = {isa = PBXFileReference; lastKnownFileType = file; path = "Poppins-Bold.ttf"; sourceTree = "<group>"; };
		A8830C472BEF80FA005CAFEA /* Poppins-MediumItalic.ttf */ = {isa = PBXFileReference; lastKnownFileType = file; path = "Poppins-MediumItalic.ttf"; sourceTree = "<group>"; };
		A8830C4B2BEF84BC005CAFEA /* GoogleService-Info.plist */ = {isa = PBXFileReference; fileEncoding = 4; lastKnownFileType = text.plist.xml; path = "GoogleService-Info.plist"; sourceTree = "<group>"; };
		F1076B522C00FE1000653A6E /* TextStyle.swift */ = {isa = PBXFileReference; lastKnownFileType = sourcecode.swift; path = TextStyle.swift; sourceTree = "<group>"; };
		F1076B642C01016B00653A6E /* UINavigationController+NavBarUI.swift */ = {isa = PBXFileReference; lastKnownFileType = sourcecode.swift; path = "UINavigationController+NavBarUI.swift"; sourceTree = "<group>"; };
		F1076B662C0101A700653A6E /* CustomNavigationController.swift */ = {isa = PBXFileReference; lastKnownFileType = sourcecode.swift; path = CustomNavigationController.swift; sourceTree = "<group>"; };
		F1076BAF2C08FB5500653A6E /* Coordinator.swift */ = {isa = PBXFileReference; lastKnownFileType = sourcecode.swift; path = Coordinator.swift; sourceTree = "<group>"; };
		F1076BB12C08FC4700653A6E /* ViewControllerCoordinator.swift */ = {isa = PBXFileReference; lastKnownFileType = sourcecode.swift; path = ViewControllerCoordinator.swift; sourceTree = "<group>"; };
		F1076BB32C08FC9800653A6E /* TabBarControllerCoordinator.swift */ = {isa = PBXFileReference; lastKnownFileType = sourcecode.swift; path = TabBarControllerCoordinator.swift; sourceTree = "<group>"; };
		F1076BB52C08FCFE00653A6E /* NavigationControllerCoordinator.swift */ = {isa = PBXFileReference; lastKnownFileType = sourcecode.swift; path = NavigationControllerCoordinator.swift; sourceTree = "<group>"; };
		F1076BB82C08FDA500653A6E /* MainTabBarCoordinator.swift */ = {isa = PBXFileReference; lastKnownFileType = sourcecode.swift; path = MainTabBarCoordinator.swift; sourceTree = "<group>"; };
		F1076BBC2C09027100653A6E /* CoordinatorView.swift */ = {isa = PBXFileReference; lastKnownFileType = sourcecode.swift; path = CoordinatorView.swift; sourceTree = "<group>"; };
		F1076BBE2C09052900653A6E /* AppCoordinator.swift */ = {isa = PBXFileReference; lastKnownFileType = sourcecode.swift; path = AppCoordinator.swift; sourceTree = "<group>"; };
		F1076BC12C0908A400653A6E /* SwipingViewNavigationCoordinator.swift */ = {isa = PBXFileReference; lastKnownFileType = sourcecode.swift; path = SwipingViewNavigationCoordinator.swift; sourceTree = "<group>"; };
		F1076BC42C090C0600653A6E /* HomeNavigationCoordinator.swift */ = {isa = PBXFileReference; lastKnownFileType = sourcecode.swift; path = HomeNavigationCoordinator.swift; sourceTree = "<group>"; };
		F1076BC92C0B474200653A6E /* OnboardingView.swift */ = {isa = PBXFileReference; lastKnownFileType = sourcecode.swift; path = OnboardingView.swift; sourceTree = "<group>"; };
		F1076BCC2C0B475A00653A6E /* OnboardingNavigationCoordinator.swift */ = {isa = PBXFileReference; lastKnownFileType = sourcecode.swift; path = OnboardingNavigationCoordinator.swift; sourceTree = "<group>"; };
		F1076BCE2C0B552B00653A6E /* NavigationButtonStyle.swift */ = {isa = PBXFileReference; lastKnownFileType = sourcecode.swift; path = NavigationButtonStyle.swift; sourceTree = "<group>"; };
		F1076BD02C0B560E00653A6E /* ButtonStyle+CustomButtonStyle.swift */ = {isa = PBXFileReference; lastKnownFileType = sourcecode.swift; path = "ButtonStyle+CustomButtonStyle.swift"; sourceTree = "<group>"; };
		F1076BD22C0B5CAA00653A6E /* OnboardingPage.swift */ = {isa = PBXFileReference; lastKnownFileType = sourcecode.swift; path = OnboardingPage.swift; sourceTree = "<group>"; };
		F1076BD62C0D9F2200653A6E /* DeeplinkHandling.swift */ = {isa = PBXFileReference; lastKnownFileType = sourcecode.swift; path = DeeplinkHandling.swift; sourceTree = "<group>"; };
		F1076BD82C0D9F5400653A6E /* Deeplink.swift */ = {isa = PBXFileReference; lastKnownFileType = sourcecode.swift; path = Deeplink.swift; sourceTree = "<group>"; };
		F1076BDA2C0DA2EA00653A6E /* EventEmitting.swift */ = {isa = PBXFileReference; lastKnownFileType = sourcecode.swift; path = EventEmitting.swift; sourceTree = "<group>"; };
		F1076BDC2C0DA40000653A6E /* OnboardingViewEvent.swift */ = {isa = PBXFileReference; lastKnownFileType = sourcecode.swift; path = OnboardingViewEvent.swift; sourceTree = "<group>"; };
		F1076BDE2C0DA48A00653A6E /* OnboardingNavigationCoordinatorEvent.swift */ = {isa = PBXFileReference; lastKnownFileType = sourcecode.swift; path = OnboardingNavigationCoordinatorEvent.swift; sourceTree = "<group>"; };
		F1076BE02C0DAB1C00653A6E /* CustomNavigationControllerEvent.swift */ = {isa = PBXFileReference; lastKnownFileType = sourcecode.swift; path = CustomNavigationControllerEvent.swift; sourceTree = "<group>"; };
		F1076BE42C0DB83300653A6E /* ProfileNavigationCoordinator.swift */ = {isa = PBXFileReference; lastKnownFileType = sourcecode.swift; path = ProfileNavigationCoordinator.swift; sourceTree = "<group>"; };
		F1076BE82C0DB91700653A6E /* ProfileView.swift */ = {isa = PBXFileReference; lastKnownFileType = sourcecode.swift; path = ProfileView.swift; sourceTree = "<group>"; };
		F1076BEC2C0DBF9000653A6E /* SignInNavigationCoordinator.swift */ = {isa = PBXFileReference; lastKnownFileType = sourcecode.swift; path = SignInNavigationCoordinator.swift; sourceTree = "<group>"; };
		F1076BEE2C0DBF9A00653A6E /* SignInView.swift */ = {isa = PBXFileReference; lastKnownFileType = sourcecode.swift; path = SignInView.swift; sourceTree = "<group>"; };
		F1076BF02C0DC1DA00653A6E /* SignInViewEvent.swift */ = {isa = PBXFileReference; lastKnownFileType = sourcecode.swift; path = SignInViewEvent.swift; sourceTree = "<group>"; };
		F1076BF22C0DC55200653A6E /* SignInNavigationCoordinatorEvent.swift */ = {isa = PBXFileReference; lastKnownFileType = sourcecode.swift; path = SignInNavigationCoordinatorEvent.swift; sourceTree = "<group>"; };
		F1076BF62C0DDA9400653A6E /* ProfileViewEvent.swift */ = {isa = PBXFileReference; lastKnownFileType = sourcecode.swift; path = ProfileViewEvent.swift; sourceTree = "<group>"; };
		F1076BF82C0DDB2800653A6E /* ProfileNavigationCoordinatorEvent.swift */ = {isa = PBXFileReference; lastKnownFileType = sourcecode.swift; path = ProfileNavigationCoordinatorEvent.swift; sourceTree = "<group>"; };
		F1076BFA2C0DDCBD00653A6E /* MainTabBarCoordinatorEvent.swift */ = {isa = PBXFileReference; lastKnownFileType = sourcecode.swift; path = MainTabBarCoordinatorEvent.swift; sourceTree = "<group>"; };
		F1076BFC2C0F0B8500653A6E /* CustomError.swift */ = {isa = PBXFileReference; lastKnownFileType = sourcecode.swift; path = CustomError.swift; sourceTree = "<group>"; };
		F13088E12C11F05300FA83EC /* APIManaging.swift */ = {isa = PBXFileReference; lastKnownFileType = sourcecode.swift; path = APIManaging.swift; sourceTree = "<group>"; };
		F13088E32C11F08000FA83EC /* APIManager.swift */ = {isa = PBXFileReference; lastKnownFileType = sourcecode.swift; path = APIManager.swift; sourceTree = "<group>"; };
		F13088E62C11F32900FA83EC /* JokeResponse.swift */ = {isa = PBXFileReference; lastKnownFileType = sourcecode.swift; path = JokeResponse.swift; sourceTree = "<group>"; };
		F13088E82C11F58900FA83EC /* JokesRouter.swift */ = {isa = PBXFileReference; lastKnownFileType = sourcecode.swift; path = JokesRouter.swift; sourceTree = "<group>"; };
		F13088EA2C130A1500FA83EC /* HTTPResponseStatusCode.swift */ = {isa = PBXFileReference; lastKnownFileType = sourcecode.swift; path = HTTPResponseStatusCode.swift; sourceTree = "<group>"; };
		F13088EF2C14A6F600FA83EC /* JokeServicing.swift */ = {isa = PBXFileReference; lastKnownFileType = sourcecode.swift; path = JokeServicing.swift; sourceTree = "<group>"; };
		F13088F12C14A79600FA83EC /* JokeService.swift */ = {isa = PBXFileReference; lastKnownFileType = sourcecode.swift; path = JokeService.swift; sourceTree = "<group>"; };
		F13088F52C16EBD400FA83EC /* OnFirstAppear.swift */ = {isa = PBXFileReference; lastKnownFileType = sourcecode.swift; path = OnFirstAppear.swift; sourceTree = "<group>"; };
		F13088F72C16EC0F00FA83EC /* Action.swift */ = {isa = PBXFileReference; lastKnownFileType = sourcecode.swift; path = Action.swift; sourceTree = "<group>"; };
		F13088F92C17081000FA83EC /* Credentials.swift */ = {isa = PBXFileReference; lastKnownFileType = sourcecode.swift; path = Credentials.swift; sourceTree = "<group>"; };
		F13088FC2C1708AB00FA83EC /* FirebaseAuthManaging.swift */ = {isa = PBXFileReference; lastKnownFileType = sourcecode.swift; path = FirebaseAuthManaging.swift; sourceTree = "<group>"; };
		F13088FE2C1708FC00FA83EC /* FirebaseAuthManager.swift */ = {isa = PBXFileReference; lastKnownFileType = sourcecode.swift; path = FirebaseAuthManager.swift; sourceTree = "<group>"; };
		F13089012C17146600FA83EC /* StorageManaging.swift */ = {isa = PBXFileReference; lastKnownFileType = sourcecode.swift; path = StorageManaging.swift; sourceTree = "<group>"; };
		F13089032C1714AF00FA83EC /* StorageManager.swift */ = {isa = PBXFileReference; lastKnownFileType = sourcecode.swift; path = StorageManager.swift; sourceTree = "<group>"; };
		F130890B2C19B69E00FA83EC /* HomeViewEvent.swift */ = {isa = PBXFileReference; lastKnownFileType = sourcecode.swift; path = HomeViewEvent.swift; sourceTree = "<group>"; };
		F130890D2C19B78700FA83EC /* SwipingViewCoordinating.swift */ = {isa = PBXFileReference; lastKnownFileType = sourcecode.swift; path = SwipingViewCoordinating.swift; sourceTree = "<group>"; };
		F130890F2C19B81F00FA83EC /* HomeNavigationCoordinatorEvent.swift */ = {isa = PBXFileReference; lastKnownFileType = sourcecode.swift; path = HomeNavigationCoordinatorEvent.swift; sourceTree = "<group>"; };
		F13089152C1C5A1300FA83EC /* ManagerRegistration.swift */ = {isa = PBXFileReference; lastKnownFileType = sourcecode.swift; path = ManagerRegistration.swift; sourceTree = "<group>"; };
		F13089172C1C5E0300FA83EC /* ServiceRegistration.swift */ = {isa = PBXFileReference; lastKnownFileType = sourcecode.swift; path = ServiceRegistration.swift; sourceTree = "<group>"; };
		F13089192C1C64FF00FA83EC /* Store.swift */ = {isa = PBXFileReference; lastKnownFileType = sourcecode.swift; path = Store.swift; sourceTree = "<group>"; };
		F130891C2C1C659100FA83EC /* SwipingViewStore.swift */ = {isa = PBXFileReference; lastKnownFileType = sourcecode.swift; path = SwipingViewStore.swift; sourceTree = "<group>"; };
		F130891E2C1DA84A00FA83EC /* SwipingViewState.swift */ = {isa = PBXFileReference; lastKnownFileType = sourcecode.swift; path = SwipingViewState.swift; sourceTree = "<group>"; };
		F13089202C1DA85900FA83EC /* SwipingViewAction.swift */ = {isa = PBXFileReference; lastKnownFileType = sourcecode.swift; path = SwipingViewAction.swift; sourceTree = "<group>"; };
		F13089222C1DCB0C00FA83EC /* SwipingViewEvent.swift */ = {isa = PBXFileReference; lastKnownFileType = sourcecode.swift; path = SwipingViewEvent.swift; sourceTree = "<group>"; };
		F13089242C1DE6E000FA83EC /* StoreRegistration.swift */ = {isa = PBXFileReference; lastKnownFileType = sourcecode.swift; path = StoreRegistration.swift; sourceTree = "<group>"; };
		F13089272C202D2B00FA83EC /* SignInViewStore.swift */ = {isa = PBXFileReference; lastKnownFileType = sourcecode.swift; path = SignInViewStore.swift; sourceTree = "<group>"; };
		F130892A2C202D3E00FA83EC /* SignInViewAction.swift */ = {isa = PBXFileReference; lastKnownFileType = sourcecode.swift; path = SignInViewAction.swift; sourceTree = "<group>"; };
		F130892C2C202D4500FA83EC /* SignInViewState.swift */ = {isa = PBXFileReference; lastKnownFileType = sourcecode.swift; path = SignInViewState.swift; sourceTree = "<group>"; };
		F13089312C204FB900FA83EC /* DesignSystem */ = {isa = PBXFileReference; lastKnownFileType = wrapper; path = DesignSystem; sourceTree = "<group>"; };
		F18F1A802C107656005364B7 /* KeychainManaging.swift */ = {isa = PBXFileReference; lastKnownFileType = sourcecode.swift; path = KeychainManaging.swift; sourceTree = "<group>"; };
		F18F1A842C1076A8005364B7 /* KeychainManagerError.swift */ = {isa = PBXFileReference; lastKnownFileType = sourcecode.swift; path = KeychainManagerError.swift; sourceTree = "<group>"; };
		F18F1A862C1076EA005364B7 /* KeychainManager.swift */ = {isa = PBXFileReference; lastKnownFileType = sourcecode.swift; path = KeychainManager.swift; sourceTree = "<group>"; };
		F18F1A882C107725005364B7 /* KeychainServicing.swift */ = {isa = PBXFileReference; lastKnownFileType = sourcecode.swift; path = KeychainServicing.swift; sourceTree = "<group>"; };
		F18F1A8A2C10774C005364B7 /* KeychainService.swift */ = {isa = PBXFileReference; lastKnownFileType = sourcecode.swift; path = KeychainService.swift; sourceTree = "<group>"; };
		F18F1A8C2C107AFE005364B7 /* OnboardingCoordinatorPresenting.swift */ = {isa = PBXFileReference; lastKnownFileType = sourcecode.swift; path = OnboardingCoordinatorPresenting.swift; sourceTree = "<group>"; };
		F18F1A8E2C107C70005364B7 /* CancellablesContaining.swift */ = {isa = PBXFileReference; lastKnownFileType = sourcecode.swift; path = CancellablesContaining.swift; sourceTree = "<group>"; };
		F18F1A912C108CCB005364B7 /* Endpoint.swift */ = {isa = PBXFileReference; lastKnownFileType = sourcecode.swift; path = Endpoint.swift; sourceTree = "<group>"; };
		F18F1A942C11B3DB005364B7 /* NetworkingError.swift */ = {isa = PBXFileReference; lastKnownFileType = sourcecode.swift; path = NetworkingError.swift; sourceTree = "<group>"; };
		F18F1A962C11B3EB005364B7 /* HTTPHeader.swift */ = {isa = PBXFileReference; lastKnownFileType = sourcecode.swift; path = HTTPHeader.swift; sourceTree = "<group>"; };
		F18F1A982C11B400005364B7 /* HTTPMethod.swift */ = {isa = PBXFileReference; lastKnownFileType = sourcecode.swift; path = HTTPMethod.swift; sourceTree = "<group>"; };
		F18F1A9A2C11B413005364B7 /* Endpoint+Convenience.swift */ = {isa = PBXFileReference; lastKnownFileType = sourcecode.swift; path = "Endpoint+Convenience.swift"; sourceTree = "<group>"; };
		F18F1A9D2C11B502005364B7 /* ImagesRouter.swift */ = {isa = PBXFileReference; lastKnownFileType = sourcecode.swift; path = ImagesRouter.swift; sourceTree = "<group>"; };
		F190AB282BFDDBA5001AF32D /* SelectableButtonStyle.swift */ = {isa = PBXFileReference; lastKnownFileType = sourcecode.swift; path = SelectableButtonStyle.swift; sourceTree = "<group>"; };
		F190AB2D2BFDDDA1001AF32D /* BorderedModifier.swift */ = {isa = PBXFileReference; lastKnownFileType = sourcecode.swift; path = BorderedModifier.swift; sourceTree = "<group>"; };
		F190AB2F2BFDDEB7001AF32D /* Image+ResizableBordered.swift */ = {isa = PBXFileReference; lastKnownFileType = sourcecode.swift; path = "Image+ResizableBordered.swift"; sourceTree = "<group>"; };
		F190AB332BFDE2D0001AF32D /* SwipingView.swift */ = {isa = PBXFileReference; lastKnownFileType = sourcecode.swift; path = SwipingView.swift; sourceTree = "<group>"; };
		F190AB352BFDE300001AF32D /* SwipingCard.swift */ = {isa = PBXFileReference; lastKnownFileType = sourcecode.swift; path = SwipingCard.swift; sourceTree = "<group>"; };
		F190AB372BFDE372001AF32D /* ScratchView.swift */ = {isa = PBXFileReference; lastKnownFileType = sourcecode.swift; path = ScratchView.swift; sourceTree = "<group>"; };
/* End PBXFileReference section */

/* Begin PBXFrameworksBuildPhase section */
		A81F21ED2BDC1DB700A8A301 /* Frameworks */ = {
			isa = PBXFrameworksBuildPhase;
			buildActionMask = 2147483647;
			files = (
				F18F1A7D2C1075C7005364B7 /* FirebaseFirestoreSwift in Frameworks */,
				A8830C4F2BEF8565005CAFEA /* FirebaseAuth in Frameworks */,
				F13089342C205C3300FA83EC /* DesignSystem in Frameworks */,
				F18F1A7B2C1075C7005364B7 /* FirebaseFirestoreCombine-Community in Frameworks */,
				F13089132C1C55AF00FA83EC /* DependencyInjection in Frameworks */,
				A8830C512BEF8565005CAFEA /* FirebaseFirestore in Frameworks */,
				F18F1A792C107591005364B7 /* KeychainAccess in Frameworks */,
			);
			runOnlyForDeploymentPostprocessing = 0;
		};
		A8830C182BED0315005CAFEA /* Frameworks */ = {
			isa = PBXFrameworksBuildPhase;
			buildActionMask = 2147483647;
			files = (
			);
			runOnlyForDeploymentPostprocessing = 0;
		};
		A8830C252BED03BB005CAFEA /* Frameworks */ = {
			isa = PBXFrameworksBuildPhase;
			buildActionMask = 2147483647;
			files = (
			);
			runOnlyForDeploymentPostprocessing = 0;
		};
/* End PBXFrameworksBuildPhase section */

/* Begin PBXGroup section */
		A81F21E72BDC1DB700A8A301 = {
			isa = PBXGroup;
			children = (
				F13089312C204FB900FA83EC /* DesignSystem */,
				A8830C342BED05FC005CAFEA /* Configurations */,
				A81F21F22BDC1DB700A8A301 /* Course App */,
				A8830C1C2BED0315005CAFEA /* Course App UnitTests */,
				A8830C292BED03BB005CAFEA /* Course App UITests */,
				A81F21F12BDC1DB700A8A301 /* Products */,
				F13089322C205C3300FA83EC /* Frameworks */,
			);
			sourceTree = "<group>";
		};
		A81F21F12BDC1DB700A8A301 /* Products */ = {
			isa = PBXGroup;
			children = (
				A81F21F02BDC1DB700A8A301 /* App Course Dev.app */,
				A8830C1B2BED0315005CAFEA /* Course App UnitTests.xctest */,
				A8830C282BED03BB005CAFEA /* Course App UITests.xctest */,
			);
			name = Products;
			sourceTree = "<group>";
		};
		A81F21F22BDC1DB700A8A301 /* Course App */ = {
			isa = PBXGroup;
			children = (
				F1076B682C0101C300653A6E /* App */,
				A845D9502BF376860039AA1D /* Common */,
				A8830C3E2BED0E80005CAFEA /* Course-App-Info.plist */,
				A845D9482BF36F070039AA1D /* DataAPI */,
				F18F1A902C108C62005364B7 /* Networking */,
				A81F21F92BDC1DB900A8A301 /* Preview Content */,
				F1076B692C01023700653A6E /* Scenes */,
				F190AB262BFDDB68001AF32D /* SharedUI */,
			);
			path = "Course App";
			sourceTree = "<group>";
		};
		A81F21F92BDC1DB900A8A301 /* Preview Content */ = {
			isa = PBXGroup;
			children = (
				A81F21FA2BDC1DB900A8A301 /* Preview Assets.xcassets */,
			);
			path = "Preview Content";
			sourceTree = "<group>";
		};
		A845D9402BF364410039AA1D /* Resources */ = {
			isa = PBXGroup;
			children = (
				A845D9492BF36F780039AA1D /* Colors.xcassets */,
				A81F21F72BDC1DB900A8A301 /* Images.xcassets */,
				A8830C592BEF8AF2005CAFEA /* Fonts */,
			);
			path = Resources;
			sourceTree = "<group>";
		};
		A845D9412BF364450039AA1D /* Views */ = {
			isa = PBXGroup;
			children = (
				A845D9432BF3644B0039AA1D /* SwiftUI */,
				A845D9422BF364480039AA1D /* UIKit */,
			);
			path = Views;
			sourceTree = "<group>";
		};
		A845D9422BF364480039AA1D /* UIKit */ = {
			isa = PBXGroup;
			children = (
				F1076B662C0101A700653A6E /* CustomNavigationController.swift */,
				F1076BE02C0DAB1C00653A6E /* CustomNavigationControllerEvent.swift */,
			);
			path = UIKit;
			sourceTree = "<group>";
		};
		A845D9432BF3644B0039AA1D /* SwiftUI */ = {
			isa = PBXGroup;
			children = (
				F190AB352BFDE300001AF32D /* SwipingCard.swift */,
				F190AB372BFDE372001AF32D /* ScratchView.swift */,
			);
			path = SwiftUI;
			sourceTree = "<group>";
		};
		A845D9482BF36F070039AA1D /* DataAPI */ = {
			isa = PBXGroup;
			children = (
				A845D94B2BF3711D0039AA1D /* DataProvider.swift */,
			);
			path = DataAPI;
			sourceTree = "<group>";
		};
		A845D9502BF376860039AA1D /* Common */ = {
			isa = PBXGroup;
			children = (
				F1076B6E2C0102B000653A6E /* Extensions */,
				F18F1A7E2C107639005364B7 /* Managers */,
				F1076BAE2C08FB4B00653A6E /* Navigation */,
				F1076B6D2C0102A700653A6E /* Protocols */,
				F18F1A7F2C10763C005364B7 /* Services */,
				F1076BBA2C09025600653A6E /* Types */,
			);
			path = Common;
			sourceTree = "<group>";
		};
		A8830C1C2BED0315005CAFEA /* Course App UnitTests */ = {
			isa = PBXGroup;
			children = (
				A8830C1D2BED0315005CAFEA /* Course_App_UnitTests.swift */,
			);
			path = "Course App UnitTests";
			sourceTree = "<group>";
		};
		A8830C292BED03BB005CAFEA /* Course App UITests */ = {
			isa = PBXGroup;
			children = (
				A8830C2A2BED03BB005CAFEA /* Course_App_UITests.swift */,
				A8830C2C2BED03BB005CAFEA /* Course_App_UITestsLaunchTests.swift */,
			);
			path = "Course App UITests";
			sourceTree = "<group>";
		};
		A8830C342BED05FC005CAFEA /* Configurations */ = {
			isa = PBXGroup;
			children = (
				A8830C332BED05F4005CAFEA /* Development.xcconfig */,
				A8830C352BED07EF005CAFEA /* Production.xcconfig */,
			);
			path = Configurations;
			sourceTree = "<group>";
		};
		A8830C592BEF8AF2005CAFEA /* Fonts */ = {
			isa = PBXGroup;
			children = (
				A8830C462BEF80FA005CAFEA /* Poppins-Bold.ttf */,
				A8830C472BEF80FA005CAFEA /* Poppins-MediumItalic.ttf */,
				A8830C452BEF80FA005CAFEA /* Poppins-Regular.ttf */,
			);
			path = Fonts;
			sourceTree = "<group>";
		};
		F1076B5F2C00FF6600653A6E /* Extensions */ = {
			isa = PBXGroup;
			children = (
				F1076B642C01016B00653A6E /* UINavigationController+NavBarUI.swift */,
				F1076BD02C0B560E00653A6E /* ButtonStyle+CustomButtonStyle.swift */,
			);
			path = Extensions;
			sourceTree = "<group>";
		};
		F1076B682C0101C300653A6E /* App */ = {
			isa = PBXGroup;
			children = (
				F1076BBE2C09052900653A6E /* AppCoordinator.swift */,
				A8830C3F2BED0EE0005CAFEA /* BuildConfiguration.swift */,
				A81F21F32BDC1DB700A8A301 /* Course_AppApp.swift */,
				F13089142C1C59EB00FA83EC /* DIRegistration */,
				A8830C4B2BEF84BC005CAFEA /* GoogleService-Info.plist */,
				A845D9402BF364410039AA1D /* Resources */,
			);
			path = App;
			sourceTree = "<group>";
		};
		F1076B692C01023700653A6E /* Scenes */ = {
			isa = PBXGroup;
			children = (
				F1076B6A2C01023D00653A6E /* Home */,
				F1076BB72C08FD8A00653A6E /* Navigation */,
				F1076BC62C0B472400653A6E /* Onboarding */,
				F1076BE22C0DB81A00653A6E /* Profile */,
				F1076BEA2C0DBF7A00653A6E /* SignIn */,
				F1076B6B2C01024200653A6E /* SwipingView */,
			);
			path = Scenes;
			sourceTree = "<group>";
		};
		F1076B6A2C01023D00653A6E /* Home */ = {
			isa = PBXGroup;
			children = (
				F1076BC32C090BF000653A6E /* Navigation */,
				A845D9442BF365A60039AA1D /* HomeViewController.swift */,
				F130890B2C19B69E00FA83EC /* HomeViewEvent.swift */,
			);
			path = Home;
			sourceTree = "<group>";
		};
		F1076B6B2C01024200653A6E /* SwipingView */ = {
			isa = PBXGroup;
			children = (
				F1076BC02C09088900653A6E /* Navigation */,
				F130891B2C1C657800FA83EC /* Store */,
				F190AB332BFDE2D0001AF32D /* SwipingView.swift */,
				F13089222C1DCB0C00FA83EC /* SwipingViewEvent.swift */,
			);
			path = SwipingView;
			sourceTree = "<group>";
		};
		F1076B6D2C0102A700653A6E /* Protocols */ = {
			isa = PBXGroup;
			children = (
				A845D9522BF377250039AA1D /* ReusableIdentifier.swift */,
				F1076BDA2C0DA2EA00653A6E /* EventEmitting.swift */,
				F18F1A8E2C107C70005364B7 /* CancellablesContaining.swift */,
				F13089192C1C64FF00FA83EC /* Store.swift */,
			);
			path = Protocols;
			sourceTree = "<group>";
		};
		F1076B6E2C0102B000653A6E /* Extensions */ = {
			isa = PBXGroup;
			children = (
				A845D9542BF377A70039AA1D /* UICollectionView+ReusableIdentifier.swift */,
			);
			path = Extensions;
			sourceTree = "<group>";
		};
		F1076BAE2C08FB4B00653A6E /* Navigation */ = {
			isa = PBXGroup;
			children = (
				F1076BAF2C08FB5500653A6E /* Coordinator.swift */,
				F1076BB52C08FCFE00653A6E /* NavigationControllerCoordinator.swift */,
				F1076BB32C08FC9800653A6E /* TabBarControllerCoordinator.swift */,
				F1076BB12C08FC4700653A6E /* ViewControllerCoordinator.swift */,
				F1076BD62C0D9F2200653A6E /* DeeplinkHandling.swift */,
			);
			path = Navigation;
			sourceTree = "<group>";
		};
		F1076BB72C08FD8A00653A6E /* Navigation */ = {
			isa = PBXGroup;
			children = (
				F1076BB82C08FDA500653A6E /* MainTabBarCoordinator.swift */,
				F1076BFA2C0DDCBD00653A6E /* MainTabBarCoordinatorEvent.swift */,
			);
			path = Navigation;
			sourceTree = "<group>";
		};
		F1076BBA2C09025600653A6E /* Types */ = {
			isa = PBXGroup;
			children = (
				F1076BBC2C09027100653A6E /* CoordinatorView.swift */,
				F1076BD82C0D9F5400653A6E /* Deeplink.swift */,
				F1076BFC2C0F0B8500653A6E /* CustomError.swift */,
				F13088F72C16EC0F00FA83EC /* Action.swift */,
			);
			path = Types;
			sourceTree = "<group>";
		};
		F1076BC02C09088900653A6E /* Navigation */ = {
			isa = PBXGroup;
			children = (
				F1076BC12C0908A400653A6E /* SwipingViewNavigationCoordinator.swift */,
				F130890D2C19B78700FA83EC /* SwipingViewCoordinating.swift */,
			);
			path = Navigation;
			sourceTree = "<group>";
		};
		F1076BC32C090BF000653A6E /* Navigation */ = {
			isa = PBXGroup;
			children = (
				F1076BC42C090C0600653A6E /* HomeNavigationCoordinator.swift */,
				F130890F2C19B81F00FA83EC /* HomeNavigationCoordinatorEvent.swift */,
			);
			path = Navigation;
			sourceTree = "<group>";
		};
		F1076BC62C0B472400653A6E /* Onboarding */ = {
			isa = PBXGroup;
			children = (
				F1076BC72C0B472C00653A6E /* Navigation */,
				F1076BC92C0B474200653A6E /* OnboardingView.swift */,
				F1076BDC2C0DA40000653A6E /* OnboardingViewEvent.swift */,
				F1076BD22C0B5CAA00653A6E /* OnboardingPage.swift */,
			);
			path = Onboarding;
			sourceTree = "<group>";
		};
		F1076BC72C0B472C00653A6E /* Navigation */ = {
			isa = PBXGroup;
			children = (
				F18F1A8C2C107AFE005364B7 /* OnboardingCoordinatorPresenting.swift */,
				F1076BCC2C0B475A00653A6E /* OnboardingNavigationCoordinator.swift */,
				F1076BDE2C0DA48A00653A6E /* OnboardingNavigationCoordinatorEvent.swift */,
			);
			path = Navigation;
			sourceTree = "<group>";
		};
		F1076BE22C0DB81A00653A6E /* Profile */ = {
			isa = PBXGroup;
			children = (
				F1076BE32C0DB82600653A6E /* Navigation */,
				F1076BE82C0DB91700653A6E /* ProfileView.swift */,
				F1076BF62C0DDA9400653A6E /* ProfileViewEvent.swift */,
			);
			path = Profile;
			sourceTree = "<group>";
		};
		F1076BE32C0DB82600653A6E /* Navigation */ = {
			isa = PBXGroup;
			children = (
				F1076BE42C0DB83300653A6E /* ProfileNavigationCoordinator.swift */,
				F1076BF82C0DDB2800653A6E /* ProfileNavigationCoordinatorEvent.swift */,
			);
			path = Navigation;
			sourceTree = "<group>";
		};
		F1076BEA2C0DBF7A00653A6E /* SignIn */ = {
			isa = PBXGroup;
			children = (
				F1076BEB2C0DBF8600653A6E /* Navigation */,
				F1076BEE2C0DBF9A00653A6E /* SignInView.swift */,
				F1076BF02C0DC1DA00653A6E /* SignInViewEvent.swift */,
				F13089262C202D1800FA83EC /* Store */,
			);
			path = SignIn;
			sourceTree = "<group>";
		};
		F1076BEB2C0DBF8600653A6E /* Navigation */ = {
			isa = PBXGroup;
			children = (
				F1076BEC2C0DBF9000653A6E /* SignInNavigationCoordinator.swift */,
				F1076BF22C0DC55200653A6E /* SignInNavigationCoordinatorEvent.swift */,
			);
			path = Navigation;
			sourceTree = "<group>";
		};
		F13088E52C11F31800FA83EC /* Models */ = {
			isa = PBXGroup;
			children = (
				F13088E62C11F32900FA83EC /* JokeResponse.swift */,
				F13088F92C17081000FA83EC /* Credentials.swift */,
			);
			path = Models;
			sourceTree = "<group>";
		};
		F13088EC2C14A6C700FA83EC /* Managers */ = {
			isa = PBXGroup;
			children = (
				F13088E32C11F08000FA83EC /* APIManager.swift */,
				F13088E12C11F05300FA83EC /* APIManaging.swift */,
			);
			path = Managers;
			sourceTree = "<group>";
		};
		F13088ED2C14A6CC00FA83EC /* Services */ = {
			isa = PBXGroup;
			children = (
				F13088EF2C14A6F600FA83EC /* JokeServicing.swift */,
				F13088F12C14A79600FA83EC /* JokeService.swift */,
			);
			path = Services;
			sourceTree = "<group>";
		};
		F13088FB2C17084E00FA83EC /* Authentication */ = {
			isa = PBXGroup;
			children = (
				F13088FC2C1708AB00FA83EC /* FirebaseAuthManaging.swift */,
				F13088FE2C1708FC00FA83EC /* FirebaseAuthManager.swift */,
			);
			path = Authentication;
			sourceTree = "<group>";
		};
		F13089002C17145100FA83EC /* Storage */ = {
			isa = PBXGroup;
			children = (
				F13089012C17146600FA83EC /* StorageManaging.swift */,
				F13089032C1714AF00FA83EC /* StorageManager.swift */,
			);
			path = Storage;
			sourceTree = "<group>";
		};
		F13089142C1C59EB00FA83EC /* DIRegistration */ = {
			isa = PBXGroup;
			children = (
				F13089152C1C5A1300FA83EC /* ManagerRegistration.swift */,
				F13089172C1C5E0300FA83EC /* ServiceRegistration.swift */,
				F13089242C1DE6E000FA83EC /* StoreRegistration.swift */,
			);
			path = DIRegistration;
			sourceTree = "<group>";
		};
		F130891B2C1C657800FA83EC /* Store */ = {
			isa = PBXGroup;
			children = (
				F13089202C1DA85900FA83EC /* SwipingViewAction.swift */,
				F130891E2C1DA84A00FA83EC /* SwipingViewState.swift */,
				F130891C2C1C659100FA83EC /* SwipingViewStore.swift */,
			);
			path = Store;
			sourceTree = "<group>";
		};
		F13089262C202D1800FA83EC /* Store */ = {
			isa = PBXGroup;
			children = (
				F130892A2C202D3E00FA83EC /* SignInViewAction.swift */,
				F130892C2C202D4500FA83EC /* SignInViewState.swift */,
				F13089272C202D2B00FA83EC /* SignInViewStore.swift */,
			);
			path = Store;
			sourceTree = "<group>";
		};
		F13089322C205C3300FA83EC /* Frameworks */ = {
			isa = PBXGroup;
			children = (
			);
			name = Frameworks;
			sourceTree = "<group>";
		};
		F18F1A7E2C107639005364B7 /* Managers */ = {
			isa = PBXGroup;
			children = (
				F18F1A802C107656005364B7 /* KeychainManaging.swift */,
				F18F1A842C1076A8005364B7 /* KeychainManagerError.swift */,
				F18F1A862C1076EA005364B7 /* KeychainManager.swift */,
			);
			path = Managers;
			sourceTree = "<group>";
		};
		F18F1A7F2C10763C005364B7 /* Services */ = {
			isa = PBXGroup;
			children = (
				F18F1A882C107725005364B7 /* KeychainServicing.swift */,
				F18F1A8A2C10774C005364B7 /* KeychainService.swift */,
			);
			path = Services;
			sourceTree = "<group>";
		};
		F18F1A902C108C62005364B7 /* Networking */ = {
			isa = PBXGroup;
			children = (
				F13089002C17145100FA83EC /* Storage */,
				F13088FB2C17084E00FA83EC /* Authentication */,
				F18F1A912C108CCB005364B7 /* Endpoint.swift */,
				F18F1A9A2C11B413005364B7 /* Endpoint+Convenience.swift */,
				F18F1A9C2C11B4F1005364B7 /* Endpoints */,
				F13088EC2C14A6C700FA83EC /* Managers */,
				F18F1A932C11B3BC005364B7 /* Misc */,
				F13088E52C11F31800FA83EC /* Models */,
				F13088ED2C14A6CC00FA83EC /* Services */,
			);
			path = Networking;
			sourceTree = "<group>";
		};
		F18F1A932C11B3BC005364B7 /* Misc */ = {
			isa = PBXGroup;
			children = (
				F18F1A942C11B3DB005364B7 /* NetworkingError.swift */,
				F18F1A962C11B3EB005364B7 /* HTTPHeader.swift */,
				F18F1A982C11B400005364B7 /* HTTPMethod.swift */,
				F13088EA2C130A1500FA83EC /* HTTPResponseStatusCode.swift */,
			);
			path = Misc;
			sourceTree = "<group>";
		};
		F18F1A9C2C11B4F1005364B7 /* Endpoints */ = {
			isa = PBXGroup;
			children = (
				F18F1A9D2C11B502005364B7 /* ImagesRouter.swift */,
				F13088E82C11F58900FA83EC /* JokesRouter.swift */,
			);
			path = Endpoints;
			sourceTree = "<group>";
		};
		F190AB262BFDDB68001AF32D /* SharedUI */ = {
			isa = PBXGroup;
			children = (
				F1076B5F2C00FF6600653A6E /* Extensions */,
				F190AB272BFDDB89001AF32D /* Styles */,
				F190AB2C2BFDDD87001AF32D /* ViewModifiers */,
				A845D9412BF364450039AA1D /* Views */,
			);
			path = SharedUI;
			sourceTree = "<group>";
		};
		F190AB272BFDDB89001AF32D /* Styles */ = {
			isa = PBXGroup;
			children = (
				F190AB282BFDDBA5001AF32D /* SelectableButtonStyle.swift */,
				F1076BCE2C0B552B00653A6E /* NavigationButtonStyle.swift */,
			);
			path = Styles;
			sourceTree = "<group>";
		};
		F190AB2C2BFDDD87001AF32D /* ViewModifiers */ = {
			isa = PBXGroup;
			children = (
				F190AB2D2BFDDDA1001AF32D /* BorderedModifier.swift */,
				F190AB2F2BFDDEB7001AF32D /* Image+ResizableBordered.swift */,
				F1076B522C00FE1000653A6E /* TextStyle.swift */,
				F13088F52C16EBD400FA83EC /* OnFirstAppear.swift */,
			);
			path = ViewModifiers;
			sourceTree = "<group>";
		};
/* End PBXGroup section */

/* Begin PBXNativeTarget section */
		A81F21EF2BDC1DB700A8A301 /* Course App */ = {
			isa = PBXNativeTarget;
			buildConfigurationList = A81F21FE2BDC1DB900A8A301 /* Build configuration list for PBXNativeTarget "Course App" */;
			buildPhases = (
				A81F21EC2BDC1DB700A8A301 /* Sources */,
				A81F21ED2BDC1DB700A8A301 /* Frameworks */,
				A81F21EE2BDC1DB700A8A301 /* Resources */,
			);
			buildRules = (
			);
			dependencies = (
				A8830C442BEF7B7E005CAFEA /* PBXTargetDependency */,
			);
			name = "Course App";
			packageProductDependencies = (
				A8830C4E2BEF8565005CAFEA /* FirebaseAuth */,
				A8830C502BEF8565005CAFEA /* FirebaseFirestore */,
				F18F1A782C107591005364B7 /* KeychainAccess */,
				F18F1A7A2C1075C7005364B7 /* FirebaseFirestoreCombine-Community */,
				F18F1A7C2C1075C7005364B7 /* FirebaseFirestoreSwift */,
				F13089122C1C55AF00FA83EC /* DependencyInjection */,
				F13089332C205C3300FA83EC /* DesignSystem */,
			);
			productName = "Course App";
			productReference = A81F21F02BDC1DB700A8A301 /* App Course Dev.app */;
			productType = "com.apple.product-type.application";
		};
		A8830C1A2BED0315005CAFEA /* Course App UnitTests */ = {
			isa = PBXNativeTarget;
			buildConfigurationList = A8830C212BED0315005CAFEA /* Build configuration list for PBXNativeTarget "Course App UnitTests" */;
			buildPhases = (
				A8830C172BED0315005CAFEA /* Sources */,
				A8830C182BED0315005CAFEA /* Frameworks */,
				A8830C192BED0315005CAFEA /* Resources */,
			);
			buildRules = (
			);
			dependencies = (
				A8830C202BED0315005CAFEA /* PBXTargetDependency */,
			);
			name = "Course App UnitTests";
			productName = "Course App UnitTests";
			productReference = A8830C1B2BED0315005CAFEA /* Course App UnitTests.xctest */;
			productType = "com.apple.product-type.bundle.unit-test";
		};
		A8830C272BED03BB005CAFEA /* Course App UITests */ = {
			isa = PBXNativeTarget;
			buildConfigurationList = A8830C302BED03BB005CAFEA /* Build configuration list for PBXNativeTarget "Course App UITests" */;
			buildPhases = (
				A8830C242BED03BB005CAFEA /* Sources */,
				A8830C252BED03BB005CAFEA /* Frameworks */,
				A8830C262BED03BB005CAFEA /* Resources */,
			);
			buildRules = (
			);
			dependencies = (
				A8830C2F2BED03BB005CAFEA /* PBXTargetDependency */,
			);
			name = "Course App UITests";
			productName = "Course App UITests";
			productReference = A8830C282BED03BB005CAFEA /* Course App UITests.xctest */;
			productType = "com.apple.product-type.bundle.ui-testing";
		};
/* End PBXNativeTarget section */

/* Begin PBXProject section */
		A81F21E82BDC1DB700A8A301 /* Project object */ = {
			isa = PBXProject;
			attributes = {
				BuildIndependentTargetsInParallel = 1;
				LastSwiftUpdateCheck = 1530;
				LastUpgradeCheck = 1540;
				TargetAttributes = {
					A81F21EF2BDC1DB700A8A301 = {
						CreatedOnToolsVersion = 15.3;
					};
					A8830C1A2BED0315005CAFEA = {
						CreatedOnToolsVersion = 15.3;
						TestTargetID = A81F21EF2BDC1DB700A8A301;
					};
					A8830C272BED03BB005CAFEA = {
						CreatedOnToolsVersion = 15.3;
						TestTargetID = A81F21EF2BDC1DB700A8A301;
					};
				};
			};
			buildConfigurationList = A81F21EB2BDC1DB700A8A301 /* Build configuration list for PBXProject "Course App" */;
			compatibilityVersion = "Xcode 14.0";
			developmentRegion = en;
			hasScannedForEncodings = 0;
			knownRegions = (
				en,
				Base,
			);
			mainGroup = A81F21E72BDC1DB700A8A301;
			packageReferences = (
				A8830C422BEF7B17005CAFEA /* XCRemoteSwiftPackageReference "SwiftLint" */,
				A8830C4D2BEF8565005CAFEA /* XCRemoteSwiftPackageReference "firebase-ios-sdk" */,
				F18F1A772C107591005364B7 /* XCRemoteSwiftPackageReference "KeychainAccess" */,
				F13089112C1C55AF00FA83EC /* XCRemoteSwiftPackageReference "ios-dependency-injection" */,
			);
			productRefGroup = A81F21F12BDC1DB700A8A301 /* Products */;
			projectDirPath = "";
			projectRoot = "";
			targets = (
				A81F21EF2BDC1DB700A8A301 /* Course App */,
				A8830C1A2BED0315005CAFEA /* Course App UnitTests */,
				A8830C272BED03BB005CAFEA /* Course App UITests */,
			);
		};
/* End PBXProject section */

/* Begin PBXResourcesBuildPhase section */
		A81F21EE2BDC1DB700A8A301 /* Resources */ = {
			isa = PBXResourcesBuildPhase;
			buildActionMask = 2147483647;
			files = (
				A8830C482BEF80FA005CAFEA /* Poppins-Regular.ttf in Resources */,
				A81F21FB2BDC1DB900A8A301 /* Preview Assets.xcassets in Resources */,
				A81F21F82BDC1DB900A8A301 /* Images.xcassets in Resources */,
				A8830C492BEF80FA005CAFEA /* Poppins-Bold.ttf in Resources */,
				A8830C4A2BEF80FA005CAFEA /* Poppins-MediumItalic.ttf in Resources */,
				A845D94A2BF36F780039AA1D /* Colors.xcassets in Resources */,
				A8830C4C2BEF84BC005CAFEA /* GoogleService-Info.plist in Resources */,
			);
			runOnlyForDeploymentPostprocessing = 0;
		};
		A8830C192BED0315005CAFEA /* Resources */ = {
			isa = PBXResourcesBuildPhase;
			buildActionMask = 2147483647;
			files = (
			);
			runOnlyForDeploymentPostprocessing = 0;
		};
		A8830C262BED03BB005CAFEA /* Resources */ = {
			isa = PBXResourcesBuildPhase;
			buildActionMask = 2147483647;
			files = (
			);
			runOnlyForDeploymentPostprocessing = 0;
		};
/* End PBXResourcesBuildPhase section */

/* Begin PBXSourcesBuildPhase section */
		A81F21EC2BDC1DB700A8A301 /* Sources */ = {
			isa = PBXSourcesBuildPhase;
			buildActionMask = 2147483647;
			files = (
				F1076BF12C0DC1DA00653A6E /* SignInViewEvent.swift in Sources */,
				F13088F02C14A6F600FA83EC /* JokeServicing.swift in Sources */,
				F1076BB42C08FC9800653A6E /* TabBarControllerCoordinator.swift in Sources */,
				F1076BEF2C0DBF9A00653A6E /* SignInView.swift in Sources */,
				F1076BC22C0908A400653A6E /* SwipingViewNavigationCoordinator.swift in Sources */,
				F1076BED2C0DBF9000653A6E /* SignInNavigationCoordinator.swift in Sources */,
				F190AB362BFDE300001AF32D /* SwipingCard.swift in Sources */,
				F13089212C1DA85900FA83EC /* SwipingViewAction.swift in Sources */,
				F13089282C202D2B00FA83EC /* SignInViewStore.swift in Sources */,
				F1076BDD2C0DA40000653A6E /* OnboardingViewEvent.swift in Sources */,
				F1076BF92C0DDB2800653A6E /* ProfileNavigationCoordinatorEvent.swift in Sources */,
				F13088F22C14A79600FA83EC /* JokeService.swift in Sources */,
				F1076B532C00FE1000653A6E /* TextStyle.swift in Sources */,
				F13088EB2C130A1500FA83EC /* HTTPResponseStatusCode.swift in Sources */,
				F18F1A922C108CCB005364B7 /* Endpoint.swift in Sources */,
				F13088E42C11F08000FA83EC /* APIManager.swift in Sources */,
				F18F1A992C11B400005364B7 /* HTTPMethod.swift in Sources */,
				A845D9532BF377250039AA1D /* ReusableIdentifier.swift in Sources */,
				F13089232C1DCB0C00FA83EC /* SwipingViewEvent.swift in Sources */,
				F18F1A892C107725005364B7 /* KeychainServicing.swift in Sources */,
				F1076BCF2C0B552B00653A6E /* NavigationButtonStyle.swift in Sources */,
				F1076BB22C08FC4700653A6E /* ViewControllerCoordinator.swift in Sources */,
				F1076BE12C0DAB1C00653A6E /* CustomNavigationControllerEvent.swift in Sources */,
				F13089022C17146600FA83EC /* StorageManaging.swift in Sources */,
				F1076BD32C0B5CAA00653A6E /* OnboardingPage.swift in Sources */,
				F1076BB02C08FB5500653A6E /* Coordinator.swift in Sources */,
				F1076BF32C0DC55200653A6E /* SignInNavigationCoordinatorEvent.swift in Sources */,
				F13088E22C11F05300FA83EC /* APIManaging.swift in Sources */,
				F18F1A9B2C11B413005364B7 /* Endpoint+Convenience.swift in Sources */,
				F1076BCD2C0B475A00653A6E /* OnboardingNavigationCoordinator.swift in Sources */,
				F18F1A8D2C107AFE005364B7 /* OnboardingCoordinatorPresenting.swift in Sources */,
				F18F1A872C1076EA005364B7 /* KeychainManager.swift in Sources */,
				F1076BBF2C09052900653A6E /* AppCoordinator.swift in Sources */,
				F18F1A9E2C11B502005364B7 /* ImagesRouter.swift in Sources */,
				F130891A2C1C64FF00FA83EC /* Store.swift in Sources */,
				F13088FF2C1708FC00FA83EC /* FirebaseAuthManager.swift in Sources */,
				F1076BCA2C0B474200653A6E /* OnboardingView.swift in Sources */,
				A8830C402BED0EE0005CAFEA /* BuildConfiguration.swift in Sources */,
				A845D9552BF377A70039AA1D /* UICollectionView+ReusableIdentifier.swift in Sources */,
				F18F1A8F2C107C70005364B7 /* CancellablesContaining.swift in Sources */,
				F1076BE52C0DB83300653A6E /* ProfileNavigationCoordinator.swift in Sources */,
				F13089252C1DE6E000FA83EC /* StoreRegistration.swift in Sources */,
				F13089102C19B81F00FA83EC /* HomeNavigationCoordinatorEvent.swift in Sources */,
				F13088E72C11F32900FA83EC /* JokeResponse.swift in Sources */,
				F190AB292BFDDBA5001AF32D /* SelectableButtonStyle.swift in Sources */,
				F1076BDF2C0DA48A00653A6E /* OnboardingNavigationCoordinatorEvent.swift in Sources */,
				F1076BF72C0DDA9400653A6E /* ProfileViewEvent.swift in Sources */,
				F13089182C1C5E0300FA83EC /* ServiceRegistration.swift in Sources */,
				F13089042C1714AF00FA83EC /* StorageManager.swift in Sources */,
				F1076BBD2C09027100653A6E /* CoordinatorView.swift in Sources */,
				A845D94C2BF3711D0039AA1D /* DataProvider.swift in Sources */,
				F190AB342BFDE2D0001AF32D /* SwipingView.swift in Sources */,
				F18F1A8B2C10774C005364B7 /* KeychainService.swift in Sources */,
				F1076BDB2C0DA2EA00653A6E /* EventEmitting.swift in Sources */,
				F1076BFB2C0DDCBD00653A6E /* MainTabBarCoordinatorEvent.swift in Sources */,
				F1076BB62C08FCFE00653A6E /* NavigationControllerCoordinator.swift in Sources */,
				F13088FD2C1708AB00FA83EC /* FirebaseAuthManaging.swift in Sources */,
				F13089162C1C5A1300FA83EC /* ManagerRegistration.swift in Sources */,
				F130890C2C19B69E00FA83EC /* HomeViewEvent.swift in Sources */,
				F13088E92C11F58900FA83EC /* JokesRouter.swift in Sources */,
				F13088F82C16EC0F00FA83EC /* Action.swift in Sources */,
				F1076BC52C090C0600653A6E /* HomeNavigationCoordinator.swift in Sources */,
				F1076B672C0101A700653A6E /* CustomNavigationController.swift in Sources */,
				F130892D2C202D4500FA83EC /* SignInViewState.swift in Sources */,
				F1076BFD2C0F0B8500653A6E /* CustomError.swift in Sources */,
				F1076BD72C0D9F2200653A6E /* DeeplinkHandling.swift in Sources */,
				F190AB2E2BFDDDA1001AF32D /* BorderedModifier.swift in Sources */,
				F18F1A812C107656005364B7 /* KeychainManaging.swift in Sources */,
				F130891F2C1DA84A00FA83EC /* SwipingViewState.swift in Sources */,
				F130890E2C19B78700FA83EC /* SwipingViewCoordinating.swift in Sources */,
				F18F1A852C1076A8005364B7 /* KeychainManagerError.swift in Sources */,
				F18F1A952C11B3DB005364B7 /* NetworkingError.swift in Sources */,
				F130892B2C202D3E00FA83EC /* SignInViewAction.swift in Sources */,
				F190AB382BFDE372001AF32D /* ScratchView.swift in Sources */,
				F130891D2C1C659100FA83EC /* SwipingViewStore.swift in Sources */,
				F18F1A972C11B3EB005364B7 /* HTTPHeader.swift in Sources */,
				F1076BE92C0DB91700653A6E /* ProfileView.swift in Sources */,
				F1076BB92C08FDA500653A6E /* MainTabBarCoordinator.swift in Sources */,
				F190AB302BFDDEB7001AF32D /* Image+ResizableBordered.swift in Sources */,
				F13088F62C16EBD400FA83EC /* OnFirstAppear.swift in Sources */,
				F13088FA2C17081000FA83EC /* Credentials.swift in Sources */,
				F1076B652C01016B00653A6E /* UINavigationController+NavBarUI.swift in Sources */,
				A81F21F42BDC1DB700A8A301 /* Course_AppApp.swift in Sources */,
				F1076BD12C0B560E00653A6E /* ButtonStyle+CustomButtonStyle.swift in Sources */,
				A845D9462BF365A60039AA1D /* HomeViewController.swift in Sources */,
				F1076BD92C0D9F5400653A6E /* Deeplink.swift in Sources */,
			);
			runOnlyForDeploymentPostprocessing = 0;
		};
		A8830C172BED0315005CAFEA /* Sources */ = {
			isa = PBXSourcesBuildPhase;
			buildActionMask = 2147483647;
			files = (
				A8830C1E2BED0315005CAFEA /* Course_App_UnitTests.swift in Sources */,
			);
			runOnlyForDeploymentPostprocessing = 0;
		};
		A8830C242BED03BB005CAFEA /* Sources */ = {
			isa = PBXSourcesBuildPhase;
			buildActionMask = 2147483647;
			files = (
				A8830C2B2BED03BB005CAFEA /* Course_App_UITests.swift in Sources */,
				A8830C2D2BED03BB005CAFEA /* Course_App_UITestsLaunchTests.swift in Sources */,
			);
			runOnlyForDeploymentPostprocessing = 0;
		};
/* End PBXSourcesBuildPhase section */

/* Begin PBXTargetDependency section */
		A8830C202BED0315005CAFEA /* PBXTargetDependency */ = {
			isa = PBXTargetDependency;
			target = A81F21EF2BDC1DB700A8A301 /* Course App */;
			targetProxy = A8830C1F2BED0315005CAFEA /* PBXContainerItemProxy */;
		};
		A8830C2F2BED03BB005CAFEA /* PBXTargetDependency */ = {
			isa = PBXTargetDependency;
			target = A81F21EF2BDC1DB700A8A301 /* Course App */;
			targetProxy = A8830C2E2BED03BB005CAFEA /* PBXContainerItemProxy */;
		};
		A8830C442BEF7B7E005CAFEA /* PBXTargetDependency */ = {
			isa = PBXTargetDependency;
			productRef = A8830C432BEF7B7E005CAFEA /* SwiftLintPlugin */;
		};
/* End PBXTargetDependency section */

/* Begin XCBuildConfiguration section */
		A81F21FC2BDC1DB900A8A301 /* Development - Debug */ = {
			isa = XCBuildConfiguration;
			baseConfigurationReference = A8830C332BED05F4005CAFEA /* Development.xcconfig */;
			buildSettings = {
				ALWAYS_SEARCH_USER_PATHS = NO;
				ASSETCATALOG_COMPILER_GENERATE_SWIFT_ASSET_SYMBOL_EXTENSIONS = YES;
				CLANG_ANALYZER_NONNULL = YES;
				CLANG_ANALYZER_NUMBER_OBJECT_CONVERSION = YES_AGGRESSIVE;
				CLANG_CXX_LANGUAGE_STANDARD = "gnu++20";
				CLANG_ENABLE_MODULES = YES;
				CLANG_ENABLE_OBJC_ARC = YES;
				CLANG_ENABLE_OBJC_WEAK = YES;
				CLANG_WARN_BLOCK_CAPTURE_AUTORELEASING = YES;
				CLANG_WARN_BOOL_CONVERSION = YES;
				CLANG_WARN_COMMA = YES;
				CLANG_WARN_CONSTANT_CONVERSION = YES;
				CLANG_WARN_DEPRECATED_OBJC_IMPLEMENTATIONS = YES;
				CLANG_WARN_DIRECT_OBJC_ISA_USAGE = YES_ERROR;
				CLANG_WARN_DOCUMENTATION_COMMENTS = YES;
				CLANG_WARN_EMPTY_BODY = YES;
				CLANG_WARN_ENUM_CONVERSION = YES;
				CLANG_WARN_INFINITE_RECURSION = YES;
				CLANG_WARN_INT_CONVERSION = YES;
				CLANG_WARN_NON_LITERAL_NULL_CONVERSION = YES;
				CLANG_WARN_OBJC_IMPLICIT_RETAIN_SELF = YES;
				CLANG_WARN_OBJC_LITERAL_CONVERSION = YES;
				CLANG_WARN_OBJC_ROOT_CLASS = YES_ERROR;
				CLANG_WARN_QUOTED_INCLUDE_IN_FRAMEWORK_HEADER = YES;
				CLANG_WARN_RANGE_LOOP_ANALYSIS = YES;
				CLANG_WARN_STRICT_PROTOTYPES = YES;
				CLANG_WARN_SUSPICIOUS_MOVE = YES;
				CLANG_WARN_UNGUARDED_AVAILABILITY = YES_AGGRESSIVE;
				CLANG_WARN_UNREACHABLE_CODE = YES;
				CLANG_WARN__DUPLICATE_METHOD_MATCH = YES;
				COPY_PHASE_STRIP = NO;
				DEBUG_INFORMATION_FORMAT = dwarf;
				ENABLE_STRICT_OBJC_MSGSEND = YES;
				ENABLE_TESTABILITY = YES;
				ENABLE_USER_SCRIPT_SANDBOXING = YES;
				GCC_C_LANGUAGE_STANDARD = gnu17;
				GCC_DYNAMIC_NO_PIC = NO;
				GCC_NO_COMMON_BLOCKS = YES;
				GCC_OPTIMIZATION_LEVEL = 0;
				GCC_PREPROCESSOR_DEFINITIONS = (
					"DEBUG=1",
					"$(inherited)",
				);
				GCC_WARN_64_TO_32_BIT_CONVERSION = YES;
				GCC_WARN_ABOUT_RETURN_TYPE = YES_ERROR;
				GCC_WARN_UNDECLARED_SELECTOR = YES;
				GCC_WARN_UNINITIALIZED_AUTOS = YES_AGGRESSIVE;
				GCC_WARN_UNUSED_FUNCTION = YES;
				GCC_WARN_UNUSED_VARIABLE = YES;
				IPHONEOS_DEPLOYMENT_TARGET = 17.4;
				LOCALIZATION_PREFERS_STRING_CATALOGS = YES;
				MTL_ENABLE_DEBUG_INFO = INCLUDE_SOURCE;
				MTL_FAST_MATH = YES;
				ONLY_ACTIVE_ARCH = YES;
				SDKROOT = iphoneos;
				SWIFT_ACTIVE_COMPILATION_CONDITIONS = "DEBUG $(inherited)";
				SWIFT_OPTIMIZATION_LEVEL = "-Onone";
			};
			name = "Development - Debug";
		};
		A81F21FD2BDC1DB900A8A301 /* Development - Release */ = {
			isa = XCBuildConfiguration;
			baseConfigurationReference = A8830C332BED05F4005CAFEA /* Development.xcconfig */;
			buildSettings = {
				ALWAYS_SEARCH_USER_PATHS = NO;
				ASSETCATALOG_COMPILER_GENERATE_SWIFT_ASSET_SYMBOL_EXTENSIONS = YES;
				CLANG_ANALYZER_NONNULL = YES;
				CLANG_ANALYZER_NUMBER_OBJECT_CONVERSION = YES_AGGRESSIVE;
				CLANG_CXX_LANGUAGE_STANDARD = "gnu++20";
				CLANG_ENABLE_MODULES = YES;
				CLANG_ENABLE_OBJC_ARC = YES;
				CLANG_ENABLE_OBJC_WEAK = YES;
				CLANG_WARN_BLOCK_CAPTURE_AUTORELEASING = YES;
				CLANG_WARN_BOOL_CONVERSION = YES;
				CLANG_WARN_COMMA = YES;
				CLANG_WARN_CONSTANT_CONVERSION = YES;
				CLANG_WARN_DEPRECATED_OBJC_IMPLEMENTATIONS = YES;
				CLANG_WARN_DIRECT_OBJC_ISA_USAGE = YES_ERROR;
				CLANG_WARN_DOCUMENTATION_COMMENTS = YES;
				CLANG_WARN_EMPTY_BODY = YES;
				CLANG_WARN_ENUM_CONVERSION = YES;
				CLANG_WARN_INFINITE_RECURSION = YES;
				CLANG_WARN_INT_CONVERSION = YES;
				CLANG_WARN_NON_LITERAL_NULL_CONVERSION = YES;
				CLANG_WARN_OBJC_IMPLICIT_RETAIN_SELF = YES;
				CLANG_WARN_OBJC_LITERAL_CONVERSION = YES;
				CLANG_WARN_OBJC_ROOT_CLASS = YES_ERROR;
				CLANG_WARN_QUOTED_INCLUDE_IN_FRAMEWORK_HEADER = YES;
				CLANG_WARN_RANGE_LOOP_ANALYSIS = YES;
				CLANG_WARN_STRICT_PROTOTYPES = YES;
				CLANG_WARN_SUSPICIOUS_MOVE = YES;
				CLANG_WARN_UNGUARDED_AVAILABILITY = YES_AGGRESSIVE;
				CLANG_WARN_UNREACHABLE_CODE = YES;
				CLANG_WARN__DUPLICATE_METHOD_MATCH = YES;
				COPY_PHASE_STRIP = NO;
				DEBUG_INFORMATION_FORMAT = "dwarf-with-dsym";
				ENABLE_NS_ASSERTIONS = NO;
				ENABLE_STRICT_OBJC_MSGSEND = YES;
				ENABLE_TESTABILITY = YES;
				ENABLE_USER_SCRIPT_SANDBOXING = YES;
				GCC_C_LANGUAGE_STANDARD = gnu17;
				GCC_NO_COMMON_BLOCKS = YES;
				GCC_WARN_64_TO_32_BIT_CONVERSION = YES;
				GCC_WARN_ABOUT_RETURN_TYPE = YES_ERROR;
				GCC_WARN_UNDECLARED_SELECTOR = YES;
				GCC_WARN_UNINITIALIZED_AUTOS = YES_AGGRESSIVE;
				GCC_WARN_UNUSED_FUNCTION = YES;
				GCC_WARN_UNUSED_VARIABLE = YES;
				IPHONEOS_DEPLOYMENT_TARGET = 17.4;
				LOCALIZATION_PREFERS_STRING_CATALOGS = YES;
				MTL_ENABLE_DEBUG_INFO = NO;
				MTL_FAST_MATH = YES;
				ONLY_ACTIVE_ARCH = YES;
				SDKROOT = iphoneos;
				SWIFT_COMPILATION_MODE = wholemodule;
				VALIDATE_PRODUCT = YES;
			};
			name = "Development - Release";
		};
		A81F21FF2BDC1DB900A8A301 /* Development - Debug */ = {
			isa = XCBuildConfiguration;
			buildSettings = {
				ASSETCATALOG_COMPILER_APPICON_NAME = AppIcon;
				ASSETCATALOG_COMPILER_GLOBAL_ACCENT_COLOR_NAME = AccentColor;
				CODE_SIGN_STYLE = Automatic;
				CURRENT_PROJECT_VERSION = 1;
				DEVELOPMENT_ASSET_PATHS = "\"Course App/Preview Content\"";
				DEVELOPMENT_TEAM = 6A744UV7PU;
				ENABLE_PREVIEWS = YES;
				GENERATE_INFOPLIST_FILE = YES;
				INFOPLIST_FILE = "Course-App-Info.plist";
				INFOPLIST_KEY_UIApplicationSceneManifest_Generation = YES;
				INFOPLIST_KEY_UIApplicationSupportsIndirectInputEvents = YES;
				INFOPLIST_KEY_UILaunchScreen_Generation = YES;
				INFOPLIST_KEY_UISupportedInterfaceOrientations = UIInterfaceOrientationPortrait;
				LD_RUNPATH_SEARCH_PATHS = (
					"$(inherited)",
					"@executable_path/Frameworks",
				);
				MARKETING_VERSION = 1.0;
				PRODUCT_BUNDLE_IDENTIFIER = "$(APP_BUNDLE_IDENTIFIER)";
				PRODUCT_NAME = "$(APP_BUNDLE_NAME)";
				SUPPORTED_PLATFORMS = "iphoneos iphonesimulator";
				SUPPORTS_MACCATALYST = NO;
				SUPPORTS_MAC_DESIGNED_FOR_IPHONE_IPAD = NO;
				SUPPORTS_XR_DESIGNED_FOR_IPHONE_IPAD = NO;
				SWIFT_EMIT_LOC_STRINGS = YES;
				SWIFT_VERSION = 5.0;
				TARGETED_DEVICE_FAMILY = "1,2";
			};
			name = "Development - Debug";
		};
		A81F22002BDC1DB900A8A301 /* Development - Release */ = {
			isa = XCBuildConfiguration;
			buildSettings = {
				ASSETCATALOG_COMPILER_APPICON_NAME = AppIcon;
				ASSETCATALOG_COMPILER_GLOBAL_ACCENT_COLOR_NAME = AccentColor;
				CODE_SIGN_STYLE = Automatic;
				CURRENT_PROJECT_VERSION = 1;
				DEVELOPMENT_ASSET_PATHS = "\"Course App/Preview Content\"";
				DEVELOPMENT_TEAM = 6A744UV7PU;
				ENABLE_PREVIEWS = YES;
				GENERATE_INFOPLIST_FILE = YES;
				INFOPLIST_FILE = "Course-App-Info.plist";
				INFOPLIST_KEY_UIApplicationSceneManifest_Generation = YES;
				INFOPLIST_KEY_UIApplicationSupportsIndirectInputEvents = YES;
				INFOPLIST_KEY_UILaunchScreen_Generation = YES;
				INFOPLIST_KEY_UISupportedInterfaceOrientations = UIInterfaceOrientationPortrait;
				LD_RUNPATH_SEARCH_PATHS = (
					"$(inherited)",
					"@executable_path/Frameworks",
				);
				MARKETING_VERSION = 1.0;
				PRODUCT_BUNDLE_IDENTIFIER = "$(APP_BUNDLE_IDENTIFIER)";
				PRODUCT_NAME = "$(APP_BUNDLE_NAME)";
				SUPPORTED_PLATFORMS = "iphoneos iphonesimulator";
				SUPPORTS_MACCATALYST = NO;
				SUPPORTS_MAC_DESIGNED_FOR_IPHONE_IPAD = NO;
				SUPPORTS_XR_DESIGNED_FOR_IPHONE_IPAD = NO;
				SWIFT_EMIT_LOC_STRINGS = YES;
				SWIFT_VERSION = 5.0;
				TARGETED_DEVICE_FAMILY = "1,2";
			};
			name = "Development - Release";
		};
		A8830C222BED0315005CAFEA /* Development - Debug */ = {
			isa = XCBuildConfiguration;
			buildSettings = {
				BUNDLE_LOADER = "$(TEST_HOST)";
				CODE_SIGN_STYLE = Automatic;
				CURRENT_PROJECT_VERSION = 1;
				DEVELOPMENT_TEAM = 6A744UV7PU;
				GENERATE_INFOPLIST_FILE = YES;
				MARKETING_VERSION = 1.0;
				PRODUCT_BUNDLE_IDENTIFIER = "com.tomasduchoslav.Course-App-UnitTests";
				PRODUCT_NAME = "$(TARGET_NAME)";
				SUPPORTED_PLATFORMS = "iphoneos iphonesimulator";
				SUPPORTS_MACCATALYST = NO;
				SUPPORTS_MAC_DESIGNED_FOR_IPHONE_IPAD = NO;
				SUPPORTS_XR_DESIGNED_FOR_IPHONE_IPAD = NO;
				SWIFT_EMIT_LOC_STRINGS = NO;
				SWIFT_VERSION = 5.0;
				TARGETED_DEVICE_FAMILY = "1,2";
				TEST_HOST = "$(BUILT_PRODUCTS_DIR)/App Course Dev.app/$(BUNDLE_EXECUTABLE_FOLDER_PATH)/App Course Dev";
			};
			name = "Development - Debug";
		};
		A8830C232BED0315005CAFEA /* Development - Release */ = {
			isa = XCBuildConfiguration;
			buildSettings = {
				BUNDLE_LOADER = "$(TEST_HOST)";
				CODE_SIGN_STYLE = Automatic;
				CURRENT_PROJECT_VERSION = 1;
				DEVELOPMENT_TEAM = 6A744UV7PU;
				GENERATE_INFOPLIST_FILE = YES;
				MARKETING_VERSION = 1.0;
				PRODUCT_BUNDLE_IDENTIFIER = "com.tomasduchoslav.Course-App-UnitTests";
				PRODUCT_NAME = "$(TARGET_NAME)";
				SUPPORTED_PLATFORMS = "iphoneos iphonesimulator";
				SUPPORTS_MACCATALYST = NO;
				SUPPORTS_MAC_DESIGNED_FOR_IPHONE_IPAD = NO;
				SUPPORTS_XR_DESIGNED_FOR_IPHONE_IPAD = NO;
				SWIFT_EMIT_LOC_STRINGS = NO;
				SWIFT_VERSION = 5.0;
				TARGETED_DEVICE_FAMILY = "1,2";
				TEST_HOST = "$(BUILT_PRODUCTS_DIR)/App Course Dev.app/$(BUNDLE_EXECUTABLE_FOLDER_PATH)/App Course Dev";
			};
			name = "Development - Release";
		};
		A8830C312BED03BB005CAFEA /* Development - Debug */ = {
			isa = XCBuildConfiguration;
			buildSettings = {
				CODE_SIGN_STYLE = Automatic;
				CURRENT_PROJECT_VERSION = 1;
				DEVELOPMENT_TEAM = 6A744UV7PU;
				GENERATE_INFOPLIST_FILE = YES;
				MARKETING_VERSION = 1.0;
				PRODUCT_BUNDLE_IDENTIFIER = "com.tomasduchoslav.Course-App-UITests";
				PRODUCT_NAME = "$(TARGET_NAME)";
				SUPPORTED_PLATFORMS = "iphoneos iphonesimulator";
				SUPPORTS_MACCATALYST = NO;
				SUPPORTS_MAC_DESIGNED_FOR_IPHONE_IPAD = NO;
				SUPPORTS_XR_DESIGNED_FOR_IPHONE_IPAD = NO;
				SWIFT_EMIT_LOC_STRINGS = NO;
				SWIFT_VERSION = 5.0;
				TARGETED_DEVICE_FAMILY = "1,2";
				TEST_TARGET_NAME = "Course App";
			};
			name = "Development - Debug";
		};
		A8830C322BED03BB005CAFEA /* Development - Release */ = {
			isa = XCBuildConfiguration;
			buildSettings = {
				CODE_SIGN_STYLE = Automatic;
				CURRENT_PROJECT_VERSION = 1;
				DEVELOPMENT_TEAM = 6A744UV7PU;
				GENERATE_INFOPLIST_FILE = YES;
				MARKETING_VERSION = 1.0;
				PRODUCT_BUNDLE_IDENTIFIER = "com.tomasduchoslav.Course-App-UITests";
				PRODUCT_NAME = "$(TARGET_NAME)";
				SUPPORTED_PLATFORMS = "iphoneos iphonesimulator";
				SUPPORTS_MACCATALYST = NO;
				SUPPORTS_MAC_DESIGNED_FOR_IPHONE_IPAD = NO;
				SUPPORTS_XR_DESIGNED_FOR_IPHONE_IPAD = NO;
				SWIFT_EMIT_LOC_STRINGS = NO;
				SWIFT_VERSION = 5.0;
				TARGETED_DEVICE_FAMILY = "1,2";
				TEST_TARGET_NAME = "Course App";
			};
			name = "Development - Release";
		};
		A8830C362BED0933005CAFEA /* Production - Debug */ = {
			isa = XCBuildConfiguration;
			baseConfigurationReference = A8830C352BED07EF005CAFEA /* Production.xcconfig */;
			buildSettings = {
				ALWAYS_SEARCH_USER_PATHS = NO;
				ASSETCATALOG_COMPILER_GENERATE_SWIFT_ASSET_SYMBOL_EXTENSIONS = YES;
				CLANG_ANALYZER_NONNULL = YES;
				CLANG_ANALYZER_NUMBER_OBJECT_CONVERSION = YES_AGGRESSIVE;
				CLANG_CXX_LANGUAGE_STANDARD = "gnu++20";
				CLANG_ENABLE_MODULES = YES;
				CLANG_ENABLE_OBJC_ARC = YES;
				CLANG_ENABLE_OBJC_WEAK = YES;
				CLANG_WARN_BLOCK_CAPTURE_AUTORELEASING = YES;
				CLANG_WARN_BOOL_CONVERSION = YES;
				CLANG_WARN_COMMA = YES;
				CLANG_WARN_CONSTANT_CONVERSION = YES;
				CLANG_WARN_DEPRECATED_OBJC_IMPLEMENTATIONS = YES;
				CLANG_WARN_DIRECT_OBJC_ISA_USAGE = YES_ERROR;
				CLANG_WARN_DOCUMENTATION_COMMENTS = YES;
				CLANG_WARN_EMPTY_BODY = YES;
				CLANG_WARN_ENUM_CONVERSION = YES;
				CLANG_WARN_INFINITE_RECURSION = YES;
				CLANG_WARN_INT_CONVERSION = YES;
				CLANG_WARN_NON_LITERAL_NULL_CONVERSION = YES;
				CLANG_WARN_OBJC_IMPLICIT_RETAIN_SELF = YES;
				CLANG_WARN_OBJC_LITERAL_CONVERSION = YES;
				CLANG_WARN_OBJC_ROOT_CLASS = YES_ERROR;
				CLANG_WARN_QUOTED_INCLUDE_IN_FRAMEWORK_HEADER = YES;
				CLANG_WARN_RANGE_LOOP_ANALYSIS = YES;
				CLANG_WARN_STRICT_PROTOTYPES = YES;
				CLANG_WARN_SUSPICIOUS_MOVE = YES;
				CLANG_WARN_UNGUARDED_AVAILABILITY = YES_AGGRESSIVE;
				CLANG_WARN_UNREACHABLE_CODE = YES;
				CLANG_WARN__DUPLICATE_METHOD_MATCH = YES;
				COPY_PHASE_STRIP = NO;
				DEBUG_INFORMATION_FORMAT = dwarf;
				ENABLE_STRICT_OBJC_MSGSEND = YES;
				ENABLE_TESTABILITY = YES;
				ENABLE_USER_SCRIPT_SANDBOXING = YES;
				GCC_C_LANGUAGE_STANDARD = gnu17;
				GCC_DYNAMIC_NO_PIC = NO;
				GCC_NO_COMMON_BLOCKS = YES;
				GCC_OPTIMIZATION_LEVEL = 0;
				GCC_PREPROCESSOR_DEFINITIONS = (
					"DEBUG=1",
					"$(inherited)",
				);
				GCC_WARN_64_TO_32_BIT_CONVERSION = YES;
				GCC_WARN_ABOUT_RETURN_TYPE = YES_ERROR;
				GCC_WARN_UNDECLARED_SELECTOR = YES;
				GCC_WARN_UNINITIALIZED_AUTOS = YES_AGGRESSIVE;
				GCC_WARN_UNUSED_FUNCTION = YES;
				GCC_WARN_UNUSED_VARIABLE = YES;
				IPHONEOS_DEPLOYMENT_TARGET = 17.4;
				LOCALIZATION_PREFERS_STRING_CATALOGS = YES;
				MTL_ENABLE_DEBUG_INFO = INCLUDE_SOURCE;
				MTL_FAST_MATH = YES;
				ONLY_ACTIVE_ARCH = YES;
				SDKROOT = iphoneos;
				SWIFT_ACTIVE_COMPILATION_CONDITIONS = "DEBUG $(inherited)";
				SWIFT_OPTIMIZATION_LEVEL = "-Onone";
			};
			name = "Production - Debug";
		};
		A8830C372BED0933005CAFEA /* Production - Debug */ = {
			isa = XCBuildConfiguration;
			buildSettings = {
				ASSETCATALOG_COMPILER_APPICON_NAME = AppIcon;
				ASSETCATALOG_COMPILER_GLOBAL_ACCENT_COLOR_NAME = AccentColor;
				CODE_SIGN_STYLE = Automatic;
				CURRENT_PROJECT_VERSION = 1;
				DEVELOPMENT_ASSET_PATHS = "\"Course App/Preview Content\"";
				DEVELOPMENT_TEAM = 6A744UV7PU;
				ENABLE_PREVIEWS = YES;
				GENERATE_INFOPLIST_FILE = YES;
				INFOPLIST_FILE = "Course-App-Info.plist";
				INFOPLIST_KEY_UIApplicationSceneManifest_Generation = YES;
				INFOPLIST_KEY_UIApplicationSupportsIndirectInputEvents = YES;
				INFOPLIST_KEY_UILaunchScreen_Generation = YES;
				INFOPLIST_KEY_UISupportedInterfaceOrientations = UIInterfaceOrientationPortrait;
				LD_RUNPATH_SEARCH_PATHS = (
					"$(inherited)",
					"@executable_path/Frameworks",
				);
				MARKETING_VERSION = 1.0;
				PRODUCT_BUNDLE_IDENTIFIER = "$(APP_BUNDLE_IDENTIFIER)";
				PRODUCT_NAME = "$(APP_BUNDLE_NAME)";
				SUPPORTED_PLATFORMS = "iphoneos iphonesimulator";
				SUPPORTS_MACCATALYST = NO;
				SUPPORTS_MAC_DESIGNED_FOR_IPHONE_IPAD = NO;
				SUPPORTS_XR_DESIGNED_FOR_IPHONE_IPAD = NO;
				SWIFT_EMIT_LOC_STRINGS = YES;
				SWIFT_VERSION = 5.0;
				TARGETED_DEVICE_FAMILY = "1,2";
			};
			name = "Production - Debug";
		};
		A8830C382BED0933005CAFEA /* Production - Debug */ = {
			isa = XCBuildConfiguration;
			buildSettings = {
				BUNDLE_LOADER = "$(TEST_HOST)";
				CODE_SIGN_STYLE = Automatic;
				CURRENT_PROJECT_VERSION = 1;
				DEVELOPMENT_TEAM = 6A744UV7PU;
				GENERATE_INFOPLIST_FILE = YES;
				MARKETING_VERSION = 1.0;
				PRODUCT_BUNDLE_IDENTIFIER = "com.tomasduchoslav.Course-App-UnitTests";
				PRODUCT_NAME = "$(TARGET_NAME)";
				SUPPORTED_PLATFORMS = "iphoneos iphonesimulator";
				SUPPORTS_MACCATALYST = NO;
				SUPPORTS_MAC_DESIGNED_FOR_IPHONE_IPAD = NO;
				SUPPORTS_XR_DESIGNED_FOR_IPHONE_IPAD = NO;
				SWIFT_EMIT_LOC_STRINGS = NO;
				SWIFT_VERSION = 5.0;
				TARGETED_DEVICE_FAMILY = "1,2";
				TEST_HOST = "$(BUILT_PRODUCTS_DIR)/App Course Dev.app/$(BUNDLE_EXECUTABLE_FOLDER_PATH)/App Course Dev";
			};
			name = "Production - Debug";
		};
		A8830C392BED0933005CAFEA /* Production - Debug */ = {
			isa = XCBuildConfiguration;
			buildSettings = {
				CODE_SIGN_STYLE = Automatic;
				CURRENT_PROJECT_VERSION = 1;
				DEVELOPMENT_TEAM = 6A744UV7PU;
				GENERATE_INFOPLIST_FILE = YES;
				MARKETING_VERSION = 1.0;
				PRODUCT_BUNDLE_IDENTIFIER = "com.tomasduchoslav.Course-App-UITests";
				PRODUCT_NAME = "$(TARGET_NAME)";
				SUPPORTED_PLATFORMS = "iphoneos iphonesimulator";
				SUPPORTS_MACCATALYST = NO;
				SUPPORTS_MAC_DESIGNED_FOR_IPHONE_IPAD = NO;
				SUPPORTS_XR_DESIGNED_FOR_IPHONE_IPAD = NO;
				SWIFT_EMIT_LOC_STRINGS = NO;
				SWIFT_VERSION = 5.0;
				TARGETED_DEVICE_FAMILY = "1,2";
				TEST_TARGET_NAME = "Course App";
			};
			name = "Production - Debug";
		};
		A8830C3A2BED094A005CAFEA /* Production - Release */ = {
			isa = XCBuildConfiguration;
			baseConfigurationReference = A8830C352BED07EF005CAFEA /* Production.xcconfig */;
			buildSettings = {
				ALWAYS_SEARCH_USER_PATHS = NO;
				ASSETCATALOG_COMPILER_GENERATE_SWIFT_ASSET_SYMBOL_EXTENSIONS = YES;
				CLANG_ANALYZER_NONNULL = YES;
				CLANG_ANALYZER_NUMBER_OBJECT_CONVERSION = YES_AGGRESSIVE;
				CLANG_CXX_LANGUAGE_STANDARD = "gnu++20";
				CLANG_ENABLE_MODULES = YES;
				CLANG_ENABLE_OBJC_ARC = YES;
				CLANG_ENABLE_OBJC_WEAK = YES;
				CLANG_WARN_BLOCK_CAPTURE_AUTORELEASING = YES;
				CLANG_WARN_BOOL_CONVERSION = YES;
				CLANG_WARN_COMMA = YES;
				CLANG_WARN_CONSTANT_CONVERSION = YES;
				CLANG_WARN_DEPRECATED_OBJC_IMPLEMENTATIONS = YES;
				CLANG_WARN_DIRECT_OBJC_ISA_USAGE = YES_ERROR;
				CLANG_WARN_DOCUMENTATION_COMMENTS = YES;
				CLANG_WARN_EMPTY_BODY = YES;
				CLANG_WARN_ENUM_CONVERSION = YES;
				CLANG_WARN_INFINITE_RECURSION = YES;
				CLANG_WARN_INT_CONVERSION = YES;
				CLANG_WARN_NON_LITERAL_NULL_CONVERSION = YES;
				CLANG_WARN_OBJC_IMPLICIT_RETAIN_SELF = YES;
				CLANG_WARN_OBJC_LITERAL_CONVERSION = YES;
				CLANG_WARN_OBJC_ROOT_CLASS = YES_ERROR;
				CLANG_WARN_QUOTED_INCLUDE_IN_FRAMEWORK_HEADER = YES;
				CLANG_WARN_RANGE_LOOP_ANALYSIS = YES;
				CLANG_WARN_STRICT_PROTOTYPES = YES;
				CLANG_WARN_SUSPICIOUS_MOVE = YES;
				CLANG_WARN_UNGUARDED_AVAILABILITY = YES_AGGRESSIVE;
				CLANG_WARN_UNREACHABLE_CODE = YES;
				CLANG_WARN__DUPLICATE_METHOD_MATCH = YES;
				COPY_PHASE_STRIP = NO;
				DEBUG_INFORMATION_FORMAT = "dwarf-with-dsym";
				ENABLE_NS_ASSERTIONS = NO;
				ENABLE_STRICT_OBJC_MSGSEND = YES;
				ENABLE_USER_SCRIPT_SANDBOXING = YES;
				GCC_C_LANGUAGE_STANDARD = gnu17;
				GCC_NO_COMMON_BLOCKS = YES;
				GCC_WARN_64_TO_32_BIT_CONVERSION = YES;
				GCC_WARN_ABOUT_RETURN_TYPE = YES_ERROR;
				GCC_WARN_UNDECLARED_SELECTOR = YES;
				GCC_WARN_UNINITIALIZED_AUTOS = YES_AGGRESSIVE;
				GCC_WARN_UNUSED_FUNCTION = YES;
				GCC_WARN_UNUSED_VARIABLE = YES;
				IPHONEOS_DEPLOYMENT_TARGET = 17.4;
				LOCALIZATION_PREFERS_STRING_CATALOGS = YES;
				MTL_ENABLE_DEBUG_INFO = NO;
				MTL_FAST_MATH = YES;
				SDKROOT = iphoneos;
				SWIFT_COMPILATION_MODE = wholemodule;
				VALIDATE_PRODUCT = YES;
			};
			name = "Production - Release";
		};
		A8830C3B2BED094A005CAFEA /* Production - Release */ = {
			isa = XCBuildConfiguration;
			buildSettings = {
				ASSETCATALOG_COMPILER_APPICON_NAME = AppIcon;
				ASSETCATALOG_COMPILER_GLOBAL_ACCENT_COLOR_NAME = AccentColor;
				CODE_SIGN_STYLE = Automatic;
				CURRENT_PROJECT_VERSION = 1;
				DEVELOPMENT_ASSET_PATHS = "\"Course App/Preview Content\"";
				DEVELOPMENT_TEAM = 6A744UV7PU;
				ENABLE_PREVIEWS = YES;
				GENERATE_INFOPLIST_FILE = YES;
				INFOPLIST_FILE = "Course-App-Info.plist";
				INFOPLIST_KEY_UIApplicationSceneManifest_Generation = YES;
				INFOPLIST_KEY_UIApplicationSupportsIndirectInputEvents = YES;
				INFOPLIST_KEY_UILaunchScreen_Generation = YES;
				INFOPLIST_KEY_UISupportedInterfaceOrientations = UIInterfaceOrientationPortrait;
				LD_RUNPATH_SEARCH_PATHS = (
					"$(inherited)",
					"@executable_path/Frameworks",
				);
				MARKETING_VERSION = 1.0;
				PRODUCT_BUNDLE_IDENTIFIER = "$(APP_BUNDLE_IDENTIFIER)";
				PRODUCT_NAME = "$(APP_BUNDLE_NAME)";
				SUPPORTED_PLATFORMS = "iphoneos iphonesimulator";
				SUPPORTS_MACCATALYST = NO;
				SUPPORTS_MAC_DESIGNED_FOR_IPHONE_IPAD = NO;
				SUPPORTS_XR_DESIGNED_FOR_IPHONE_IPAD = NO;
				SWIFT_EMIT_LOC_STRINGS = YES;
				SWIFT_VERSION = 5.0;
				TARGETED_DEVICE_FAMILY = "1,2";
			};
			name = "Production - Release";
		};
		A8830C3C2BED094A005CAFEA /* Production - Release */ = {
			isa = XCBuildConfiguration;
			buildSettings = {
				BUNDLE_LOADER = "$(TEST_HOST)";
				CODE_SIGN_STYLE = Automatic;
				CURRENT_PROJECT_VERSION = 1;
				DEVELOPMENT_TEAM = 6A744UV7PU;
				GENERATE_INFOPLIST_FILE = YES;
				MARKETING_VERSION = 1.0;
				PRODUCT_BUNDLE_IDENTIFIER = "com.tomasduchoslav.Course-App-UnitTests";
				PRODUCT_NAME = "$(TARGET_NAME)";
				SUPPORTED_PLATFORMS = "iphoneos iphonesimulator";
				SUPPORTS_MACCATALYST = NO;
				SUPPORTS_MAC_DESIGNED_FOR_IPHONE_IPAD = NO;
				SUPPORTS_XR_DESIGNED_FOR_IPHONE_IPAD = NO;
				SWIFT_EMIT_LOC_STRINGS = NO;
				SWIFT_VERSION = 5.0;
				TARGETED_DEVICE_FAMILY = "1,2";
				TEST_HOST = "$(BUILT_PRODUCTS_DIR)/App Course Dev.app/$(BUNDLE_EXECUTABLE_FOLDER_PATH)/App Course Dev";
			};
			name = "Production - Release";
		};
		A8830C3D2BED094A005CAFEA /* Production - Release */ = {
			isa = XCBuildConfiguration;
			buildSettings = {
				CODE_SIGN_STYLE = Automatic;
				CURRENT_PROJECT_VERSION = 1;
				DEVELOPMENT_TEAM = 6A744UV7PU;
				GENERATE_INFOPLIST_FILE = YES;
				MARKETING_VERSION = 1.0;
				PRODUCT_BUNDLE_IDENTIFIER = "com.tomasduchoslav.Course-App-UITests";
				PRODUCT_NAME = "$(TARGET_NAME)";
				SUPPORTED_PLATFORMS = "iphoneos iphonesimulator";
				SUPPORTS_MACCATALYST = NO;
				SUPPORTS_MAC_DESIGNED_FOR_IPHONE_IPAD = NO;
				SUPPORTS_XR_DESIGNED_FOR_IPHONE_IPAD = NO;
				SWIFT_EMIT_LOC_STRINGS = NO;
				SWIFT_VERSION = 5.0;
				TARGETED_DEVICE_FAMILY = "1,2";
				TEST_TARGET_NAME = "Course App";
			};
			name = "Production - Release";
		};
/* End XCBuildConfiguration section */

/* Begin XCConfigurationList section */
		A81F21EB2BDC1DB700A8A301 /* Build configuration list for PBXProject "Course App" */ = {
			isa = XCConfigurationList;
			buildConfigurations = (
				A81F21FC2BDC1DB900A8A301 /* Development - Debug */,
				A8830C362BED0933005CAFEA /* Production - Debug */,
				A81F21FD2BDC1DB900A8A301 /* Development - Release */,
				A8830C3A2BED094A005CAFEA /* Production - Release */,
			);
			defaultConfigurationIsVisible = 0;
			defaultConfigurationName = "Development - Release";
		};
		A81F21FE2BDC1DB900A8A301 /* Build configuration list for PBXNativeTarget "Course App" */ = {
			isa = XCConfigurationList;
			buildConfigurations = (
				A81F21FF2BDC1DB900A8A301 /* Development - Debug */,
				A8830C372BED0933005CAFEA /* Production - Debug */,
				A81F22002BDC1DB900A8A301 /* Development - Release */,
				A8830C3B2BED094A005CAFEA /* Production - Release */,
			);
			defaultConfigurationIsVisible = 0;
			defaultConfigurationName = "Development - Release";
		};
		A8830C212BED0315005CAFEA /* Build configuration list for PBXNativeTarget "Course App UnitTests" */ = {
			isa = XCConfigurationList;
			buildConfigurations = (
				A8830C222BED0315005CAFEA /* Development - Debug */,
				A8830C382BED0933005CAFEA /* Production - Debug */,
				A8830C232BED0315005CAFEA /* Development - Release */,
				A8830C3C2BED094A005CAFEA /* Production - Release */,
			);
			defaultConfigurationIsVisible = 0;
			defaultConfigurationName = "Development - Release";
		};
		A8830C302BED03BB005CAFEA /* Build configuration list for PBXNativeTarget "Course App UITests" */ = {
			isa = XCConfigurationList;
			buildConfigurations = (
				A8830C312BED03BB005CAFEA /* Development - Debug */,
				A8830C392BED0933005CAFEA /* Production - Debug */,
				A8830C322BED03BB005CAFEA /* Development - Release */,
				A8830C3D2BED094A005CAFEA /* Production - Release */,
			);
			defaultConfigurationIsVisible = 0;
			defaultConfigurationName = "Development - Release";
		};
/* End XCConfigurationList section */

/* Begin XCRemoteSwiftPackageReference section */
		A8830C422BEF7B17005CAFEA /* XCRemoteSwiftPackageReference "SwiftLint" */ = {
			isa = XCRemoteSwiftPackageReference;
			repositoryURL = "https://github.com/realm/SwiftLint.git";
			requirement = {
				kind = upToNextMajorVersion;
				minimumVersion = 0.54.0;
			};
		};
		A8830C4D2BEF8565005CAFEA /* XCRemoteSwiftPackageReference "firebase-ios-sdk" */ = {
			isa = XCRemoteSwiftPackageReference;
			repositoryURL = "https://github.com/firebase/firebase-ios-sdk";
			requirement = {
				kind = upToNextMajorVersion;
				minimumVersion = 10.25.0;
			};
		};
		F13089112C1C55AF00FA83EC /* XCRemoteSwiftPackageReference "ios-dependency-injection" */ = {
			isa = XCRemoteSwiftPackageReference;
			repositoryURL = "https://github.com/strvcom/ios-dependency-injection.git";
			requirement = {
				kind = upToNextMajorVersion;
				minimumVersion = 1.0.3;
			};
		};
		F18F1A772C107591005364B7 /* XCRemoteSwiftPackageReference "KeychainAccess" */ = {
			isa = XCRemoteSwiftPackageReference;
			repositoryURL = "https://github.com/kishikawakatsumi/KeychainAccess.git";
			requirement = {
				branch = master;
				kind = branch;
			};
		};
/* End XCRemoteSwiftPackageReference section */

/* Begin XCSwiftPackageProductDependency section */
		A8830C432BEF7B7E005CAFEA /* SwiftLintPlugin */ = {
			isa = XCSwiftPackageProductDependency;
			package = A8830C422BEF7B17005CAFEA /* XCRemoteSwiftPackageReference "SwiftLint" */;
			productName = "plugin:SwiftLintPlugin";
		};
		A8830C4E2BEF8565005CAFEA /* FirebaseAuth */ = {
			isa = XCSwiftPackageProductDependency;
			package = A8830C4D2BEF8565005CAFEA /* XCRemoteSwiftPackageReference "firebase-ios-sdk" */;
			productName = FirebaseAuth;
		};
		A8830C502BEF8565005CAFEA /* FirebaseFirestore */ = {
			isa = XCSwiftPackageProductDependency;
			package = A8830C4D2BEF8565005CAFEA /* XCRemoteSwiftPackageReference "firebase-ios-sdk" */;
			productName = FirebaseFirestore;
		};
		F13089122C1C55AF00FA83EC /* DependencyInjection */ = {
			isa = XCSwiftPackageProductDependency;
			package = F13089112C1C55AF00FA83EC /* XCRemoteSwiftPackageReference "ios-dependency-injection" */;
			productName = DependencyInjection;
		};
		F13089332C205C3300FA83EC /* DesignSystem */ = {
			isa = XCSwiftPackageProductDependency;
			productName = DesignSystem;
		};
		F18F1A782C107591005364B7 /* KeychainAccess */ = {
			isa = XCSwiftPackageProductDependency;
			package = F18F1A772C107591005364B7 /* XCRemoteSwiftPackageReference "KeychainAccess" */;
			productName = KeychainAccess;
		};
		F18F1A7A2C1075C7005364B7 /* FirebaseFirestoreCombine-Community */ = {
			isa = XCSwiftPackageProductDependency;
			productName = "FirebaseFirestoreCombine-Community";
		};
		F18F1A7C2C1075C7005364B7 /* FirebaseFirestoreSwift */ = {
			isa = XCSwiftPackageProductDependency;
			productName = FirebaseFirestoreSwift;
		};
/* End XCSwiftPackageProductDependency section */
	};
	rootObject = A81F21E82BDC1DB700A8A301 /* Project object */;
}
